
Microsoft Visual Studio Solution File, Format Version 12.00
# Visual Studio 14
VisualStudioVersion = 14.0.25123.0
MinimumVisualStudioVersion = 10.0.40219.1
Project("{FAE04EC0-301F-11D3-BF4B-00C04F79EFBC}") = "Havit", "Havit\Havit.csproj", "{9ACC94B9-B8FD-47C1-ABF8-0658C7673905}"
EndProject
Project("{FAE04EC0-301F-11D3-BF4B-00C04F79EFBC}") = "BusinessLayerTest", "BusinessLayerTest\BusinessLayerTest.csproj", "{5A35A57F-7D3D-4858-BC69-B91025CDE667}"
EndProject
Project("{FAE04EC0-301F-11D3-BF4B-00C04F79EFBC}") = "Havit.Business", "Havit.Business\Havit.Business.csproj", "{81995BC1-9F25-4F46-8258-8ED1F965CABB}"
EndProject
Project("{FAE04EC0-301F-11D3-BF4B-00C04F79EFBC}") = "Havit.BusinessTest", "Havit.BusinessTest\Havit.BusinessTest.csproj", "{F71BDA61-8039-4E17-B4B8-0B8B553B89DC}"
EndProject
Project("{FAE04EC0-301F-11D3-BF4B-00C04F79EFBC}") = "Havit.CastleWindsor.WebForms", "Havit.CastleWindsor.WebForms\Havit.CastleWindsor.WebForms.csproj", "{D0FA41AE-B54A-4888-8478-35C4D0E0B60B}"
EndProject
Project("{FAE04EC0-301F-11D3-BF4B-00C04F79EFBC}") = "Havit.Data", "Havit.Data\Havit.Data.csproj", "{703235E0-86C0-44F3-95BB-3D9F39886966}"
EndProject
Project("{FAE04EC0-301F-11D3-BF4B-00C04F79EFBC}") = "Havit.Data.Entity6", "Havit.Data.Entity6\Havit.Data.Entity6.csproj", "{D7232F24-9DCC-466F-B8AB-E3248E8EDCC6}"
EndProject
Project("{FAE04EC0-301F-11D3-BF4B-00C04F79EFBC}") = "Havit.Data.Entity6.Glimpse", "Havit.Data.Entity6.Glimpse\Havit.Data.Entity6.Glimpse.csproj", "{B847560E-3FEA-419D-BFAC-D7E3544C1F70}"
EndProject
Project("{FAE04EC0-301F-11D3-BF4B-00C04F79EFBC}") = "Havit.Data.Glimpse", "Havit.Data.Glimpse\Havit.Data.Glimpse.csproj", "{C5C6607E-644A-468F-A6C2-CDCF8A1D23DC}"
EndProject
Project("{FAE04EC0-301F-11D3-BF4B-00C04F79EFBC}") = "Havit.DataTest", "Havit.DataTest\Havit.DataTest.csproj", "{51ED0131-D9F9-4AF4-A8E6-ADB52D43B360}"
EndProject
Project("{FAE04EC0-301F-11D3-BF4B-00C04F79EFBC}") = "Havit.Documentation.Homepage", "Havit.Documentation.Homepage\Havit.Documentation.Homepage.csproj", "{3BDA4E00-6F3D-4181-BA7A-3FDE62EB367F}"
EndProject
Project("{FAE04EC0-301F-11D3-BF4B-00C04F79EFBC}") = "Havit.Drawing", "Havit.Drawing\Havit.Drawing.csproj", "{0A4C075E-E474-4AD5-8377-5F7C7E3488D8}"
EndProject
Project("{FAE04EC0-301F-11D3-BF4B-00C04F79EFBC}") = "Havit.Enterprise.Web", "Havit.Enterprise.Web\Havit.Enterprise.Web.csproj", "{7478BEA8-791F-47E9-ADD9-18F2D34619EA}"
EndProject
Project("{FAE04EC0-301F-11D3-BF4B-00C04F79EFBC}") = "Havit.Model", "Havit.Model\Havit.Model.csproj", "{72A78976-6B9F-4D96-A4C9-441066E44DE4}"
EndProject
Project("{FAE04EC0-301F-11D3-BF4B-00C04F79EFBC}") = "Havit.PayMuzo", "Havit.PayMuzo\Havit.PayMuzo.csproj", "{23DD2985-0805-4A85-AE9F-DCF95416CF20}"
EndProject
Project("{FAE04EC0-301F-11D3-BF4B-00C04F79EFBC}") = "Havit.PayPal", "Havit.PayPal\Havit.PayPal.csproj", "{A05AEFC5-6A86-43B8-B9D2-58E557A225DB}"
EndProject
Project("{FAE04EC0-301F-11D3-BF4B-00C04F79EFBC}") = "Havit.Services", "Havit.Services\Havit.Services.csproj", "{2E4AE0CF-FA21-4FBC-9274-E56BC5D9494E}"
EndProject
Project("{FAE04EC0-301F-11D3-BF4B-00C04F79EFBC}") = "Havit.Services.Azure", "Havit.Services.Azure\Havit.Services.Azure.csproj", "{7846CA68-E6B0-4943-9285-DE1D48248B84}"
EndProject
Project("{FAE04EC0-301F-11D3-BF4B-00C04F79EFBC}") = "Havit.ServicesTest", "Havit.ServicesTest\Havit.ServicesTest.csproj", "{FB68DA0B-02DA-4E05-84A7-0B6C26272EE6}"
EndProject
Project("{FAE04EC0-301F-11D3-BF4B-00C04F79EFBC}") = "Havit.Web", "Havit.Web\Havit.Web.csproj", "{52891FB3-CA20-403B-AC25-7D9CA5738B6B}"
EndProject
Project("{FAE04EC0-301F-11D3-BF4B-00C04F79EFBC}") = "Havit.Web.Bootstrap.Tutorial", "Havit.Web.Bootstrap.Tutorial\Havit.Web.Bootstrap.Tutorial.csproj", "{ABA477E6-DEF8-4215-B5DE-612B546AD1FB}"
EndProject
Project("{FAE04EC0-301F-11D3-BF4B-00C04F79EFBC}") = "Havit.WebTest", "Havit.WebTest\Havit.WebTest.csproj", "{B234340F-59D8-4BAC-9929-7BE7A7FA70C9}"
EndProject
Project("{FAE04EC0-301F-11D3-BF4B-00C04F79EFBC}") = "HavitTest", "HavitTest\HavitTest.csproj", "{9F79CB68-4B61-48E2-A9E5-B545A65BAC89}"
EndProject
Project("{FAE04EC0-301F-11D3-BF4B-00C04F79EFBC}") = "HavitTestConsoleApplication", "HavitTestConsoleApplication\HavitTestConsoleApplication.csproj", "{9D368EE4-AE81-4B73-B617-DDA5A94410FF}"
EndProject
Project("{FAE04EC0-301F-11D3-BF4B-00C04F79EFBC}") = "TracingTest", "TracingTest\TracingTest.csproj", "{8205CE30-EB5C-42FD-927D-723500F1028B}"
EndProject
Project("{FAE04EC0-301F-11D3-BF4B-00C04F79EFBC}") = "WebApplicationTest", "WebApplicationTest\WebApplicationTest.csproj", "{28BB8E7F-089E-494E-9F11-6088C36DD4D0}"
EndProject
Project("{2150E333-8FDC-42A3-9474-1A3956D46DE8}") = "Core Libraries", "Core Libraries", "{DB76A91F-9059-4EB3-9389-C86486BB0DFC}"
EndProject
Project("{2150E333-8FDC-42A3-9474-1A3956D46DE8}") = "EF Libraries", "EF Libraries", "{74DCB1E0-6052-4299-8CEE-42F947F338FA}"
EndProject
Project("{2150E333-8FDC-42A3-9474-1A3956D46DE8}") = "Tests", "Tests", "{9D3050E0-20E0-4CE6-BCBE-CF095A71C394}"
EndProject
Project("{2150E333-8FDC-42A3-9474-1A3956D46DE8}") = "Extension Libraries", "Extension Libraries", "{3D976DB4-23C7-4B7B-8646-C53DAFB813EE}"
EndProject
Project("{2150E333-8FDC-42A3-9474-1A3956D46DE8}") = "Documentation", "Documentation", "{379CD99B-7063-4455-BF39-ECECA819A14E}"
EndProject
Project("{2150E333-8FDC-42A3-9474-1A3956D46DE8}") = "EF6", "EF6", "{2C3C8291-8C00-49AC-A914-BC4B74D3DACE}"
EndProject
Project("{2150E333-8FDC-42A3-9474-1A3956D46DE8}") = "NuGet Packages", "NuGet Packages", "{F0ACC2CB-2866-4760-9A29-958C8E30552D}"
EndProject
Project("{7CF6DF6D-3B04-46F8-A40B-537D21BCA0B4}") = "Sandcastle", "Sandcastle\Sandcastle.shfbproj", "{C1BD4BBA-35DB-43B6-B4E9-072AFAC6EBD5}"
	ProjectSection(ProjectDependencies) = postProject
		{D7232F24-9DCC-466F-B8AB-E3248E8EDCC6} = {D7232F24-9DCC-466F-B8AB-E3248E8EDCC6}
		{F8682E3B-C697-4E27-BF95-D9C48FE2D693} = {F8682E3B-C697-4E27-BF95-D9C48FE2D693}
		{DCF67A43-0EED-4B20-85E3-F8A7AA1C22B5} = {DCF67A43-0EED-4B20-85E3-F8A7AA1C22B5}
		{0A4C075E-E474-4AD5-8377-5F7C7E3488D8} = {0A4C075E-E474-4AD5-8377-5F7C7E3488D8}
		{7846CA68-E6B0-4943-9285-DE1D48248B84} = {7846CA68-E6B0-4943-9285-DE1D48248B84}
		{72A78976-6B9F-4D96-A4C9-441066E44DE4} = {72A78976-6B9F-4D96-A4C9-441066E44DE4}
		{23DD2985-0805-4A85-AE9F-DCF95416CF20} = {23DD2985-0805-4A85-AE9F-DCF95416CF20}
		{7478BEA8-791F-47E9-ADD9-18F2D34619EA} = {7478BEA8-791F-47E9-ADD9-18F2D34619EA}
		{D0FA41AE-B54A-4888-8478-35C4D0E0B60B} = {D0FA41AE-B54A-4888-8478-35C4D0E0B60B}
		{52891FB3-CA20-403B-AC25-7D9CA5738B6B} = {52891FB3-CA20-403B-AC25-7D9CA5738B6B}
		{9ACC94B9-B8FD-47C1-ABF8-0658C7673905} = {9ACC94B9-B8FD-47C1-ABF8-0658C7673905}
		{81995BC1-9F25-4F46-8258-8ED1F965CABB} = {81995BC1-9F25-4F46-8258-8ED1F965CABB}
		{A05AEFC5-6A86-43B8-B9D2-58E557A225DB} = {A05AEFC5-6A86-43B8-B9D2-58E557A225DB}
		{2E4AE0CF-FA21-4FBC-9274-E56BC5D9494E} = {2E4AE0CF-FA21-4FBC-9274-E56BC5D9494E}
		{8632B9DA-ECB6-4007-AB3F-9C9AECE63D67} = {8632B9DA-ECB6-4007-AB3F-9C9AECE63D67}
		{703235E0-86C0-44F3-95BB-3D9F39886966} = {703235E0-86C0-44F3-95BB-3D9F39886966}
	EndProjectSection
EndProject
Project("{2150E333-8FDC-42A3-9474-1A3956D46DE8}") = "_Solution Items", "_Solution Items", "{2E02AA74-2EA7-454D-9D09-FF4254BD0395}"
	ProjectSection(SolutionItems) = preProject
		CommonAssemblyInfo.cs = CommonAssemblyInfo.cs
	EndProjectSection
EndProject
Project("{2150E333-8FDC-42A3-9474-1A3956D46DE8}") = "Tests", "Tests", "{345552D1-56B8-41F1-9513-AD2F31D2F985}"
EndProject
Project("{FAE04EC0-301F-11D3-BF4B-00C04F79EFBC}") = "Havit.Data.Entity6.Tests", "Havit.Data.Entity6.Tests\Havit.Data.Entity6.Tests.csproj", "{09DB04EC-99A1-4341-A137-EB724D2B6B37}"
EndProject
Project("{FAE04EC0-301F-11D3-BF4B-00C04F79EFBC}") = "Havit.Data.Patterns", "Havit.Data.Patterns\Havit.Data.Patterns.csproj", "{8632B9DA-ECB6-4007-AB3F-9C9AECE63D67}"
EndProject
Project("{FAE04EC0-301F-11D3-BF4B-00C04F79EFBC}") = "Havit.Data.Patterns.Tests", "Havit.Data.Patterns.Tests\Havit.Data.Patterns.Tests.csproj", "{49396189-B298-4F32-8CF5-C0DE92FB4619}"
EndProject
Project("{FAE04EC0-301F-11D3-BF4B-00C04F79EFBC}") = "Havit.Data.Entity6.Patterns", "Havit.Data.Entity6.Patterns\Havit.Data.Entity6.Patterns.csproj", "{F8682E3B-C697-4E27-BF95-D9C48FE2D693}"
EndProject
Project("{FAE04EC0-301F-11D3-BF4B-00C04F79EFBC}") = "Havit.Data.Entity6.Patterns.Tests", "Havit.Data.Entity6.Patterns.Tests\Havit.Data.Entity6.Patterns.Tests.csproj", "{B8B21A21-51AC-4E0D-8978-6D6DCC15F7D3}"
EndProject
Project("{FAE04EC0-301F-11D3-BF4B-00C04F79EFBC}") = "Havit.Data.Entity6.Patterns.Windsor", "Havit.Data.Entity6.Patterns.Windsor\Havit.Data.Entity6.Patterns.Windsor.csproj", "{DCF67A43-0EED-4B20-85E3-F8A7AA1C22B5}"
EndProject
Project("{FAE04EC0-301F-11D3-BF4B-00C04F79EFBC}") = "NuGetPackages", "NuGetPackages\NuGetPackages.csproj", "{8A7118FD-C70E-4F30-9604-08EE11771E46}"
	ProjectSection(ProjectDependencies) = postProject
		{B847560E-3FEA-419D-BFAC-D7E3544C1F70} = {B847560E-3FEA-419D-BFAC-D7E3544C1F70}
		{D7232F24-9DCC-466F-B8AB-E3248E8EDCC6} = {D7232F24-9DCC-466F-B8AB-E3248E8EDCC6}
		{F8682E3B-C697-4E27-BF95-D9C48FE2D693} = {F8682E3B-C697-4E27-BF95-D9C48FE2D693}
		{DCF67A43-0EED-4B20-85E3-F8A7AA1C22B5} = {DCF67A43-0EED-4B20-85E3-F8A7AA1C22B5}
		{0A4C075E-E474-4AD5-8377-5F7C7E3488D8} = {0A4C075E-E474-4AD5-8377-5F7C7E3488D8}
		{7846CA68-E6B0-4943-9285-DE1D48248B84} = {7846CA68-E6B0-4943-9285-DE1D48248B84}
		{CB302A69-BA6C-4FED-AF21-63FCBEA5A0C3} = {CB302A69-BA6C-4FED-AF21-63FCBEA5A0C3}
		{72A78976-6B9F-4D96-A4C9-441066E44DE4} = {72A78976-6B9F-4D96-A4C9-441066E44DE4}
		{1DAACB7D-93B2-41D2-9B97-37DA3D38A89B} = {1DAACB7D-93B2-41D2-9B97-37DA3D38A89B}
		{C5C6607E-644A-468F-A6C2-CDCF8A1D23DC} = {C5C6607E-644A-468F-A6C2-CDCF8A1D23DC}
		{23DD2985-0805-4A85-AE9F-DCF95416CF20} = {23DD2985-0805-4A85-AE9F-DCF95416CF20}
		{7478BEA8-791F-47E9-ADD9-18F2D34619EA} = {7478BEA8-791F-47E9-ADD9-18F2D34619EA}
		{D0FA41AE-B54A-4888-8478-35C4D0E0B60B} = {D0FA41AE-B54A-4888-8478-35C4D0E0B60B}
		{52891FB3-CA20-403B-AC25-7D9CA5738B6B} = {52891FB3-CA20-403B-AC25-7D9CA5738B6B}
		{9ACC94B9-B8FD-47C1-ABF8-0658C7673905} = {9ACC94B9-B8FD-47C1-ABF8-0658C7673905}
		{81995BC1-9F25-4F46-8258-8ED1F965CABB} = {81995BC1-9F25-4F46-8258-8ED1F965CABB}
		{A05AEFC5-6A86-43B8-B9D2-58E557A225DB} = {A05AEFC5-6A86-43B8-B9D2-58E557A225DB}
		{2E4AE0CF-FA21-4FBC-9274-E56BC5D9494E} = {2E4AE0CF-FA21-4FBC-9274-E56BC5D9494E}
		{8632B9DA-ECB6-4007-AB3F-9C9AECE63D67} = {8632B9DA-ECB6-4007-AB3F-9C9AECE63D67}
		{703235E0-86C0-44F3-95BB-3D9F39886966} = {703235E0-86C0-44F3-95BB-3D9F39886966}
	EndProjectSection
EndProject
Project("{FAE04EC0-301F-11D3-BF4B-00C04F79EFBC}") = "Havit.Data.Entity6.CodeGenerator", "Havit.Data.Entity6.CodeGenerator\Havit.Data.Entity6.CodeGenerator.csproj", "{1DAACB7D-93B2-41D2-9B97-37DA3D38A89B}"
EndProject
Project("{2150E333-8FDC-42A3-9474-1A3956D46DE8}") = "MVC Libraries", "MVC Libraries", "{AFA902A5-BD34-46C8-BE50-5A32299B5DFB}"
EndProject
Project("{FAE04EC0-301F-11D3-BF4B-00C04F79EFBC}") = "Havit.AspNet.Mvc", "Havit.AspNet.Mvc\Havit.AspNet.Mvc.csproj", "{CB302A69-BA6C-4FED-AF21-63FCBEA5A0C3}"
EndProject
Project("{2150E333-8FDC-42A3-9474-1A3956D46DE8}") = "Tests", "Tests", "{333BDF5B-A87C-47B2-A418-BF0F0C9313D1}"
EndProject
Project("{FAE04EC0-301F-11D3-BF4B-00C04F79EFBC}") = "Havit.AspNet.Mvc.Tests", "Havit.AspNet.Mvc.Tests\Havit.AspNet.Mvc.Tests.csproj", "{6C670A85-4AAB-44CE-8F45-BF9495020C56}"
EndProject
Global
	GlobalSection(SolutionConfigurationPlatforms) = preSolution
		CodeGenerator|Any CPU = CodeGenerator|Any CPU
		Debug|Any CPU = Debug|Any CPU
		Release|Any CPU = Release|Any CPU
	EndGlobalSection
	GlobalSection(ProjectConfigurationPlatforms) = postSolution
		{9ACC94B9-B8FD-47C1-ABF8-0658C7673905}.CodeGenerator|Any CPU.ActiveCfg = Release|Any CPU
		{9ACC94B9-B8FD-47C1-ABF8-0658C7673905}.CodeGenerator|Any CPU.Build.0 = Release|Any CPU
		{9ACC94B9-B8FD-47C1-ABF8-0658C7673905}.Debug|Any CPU.ActiveCfg = Debug|Any CPU
		{9ACC94B9-B8FD-47C1-ABF8-0658C7673905}.Debug|Any CPU.Build.0 = Debug|Any CPU
		{9ACC94B9-B8FD-47C1-ABF8-0658C7673905}.Release|Any CPU.ActiveCfg = Release|Any CPU
		{9ACC94B9-B8FD-47C1-ABF8-0658C7673905}.Release|Any CPU.Build.0 = Release|Any CPU
		{5A35A57F-7D3D-4858-BC69-B91025CDE667}.CodeGenerator|Any CPU.ActiveCfg = Release|Any CPU
		{5A35A57F-7D3D-4858-BC69-B91025CDE667}.CodeGenerator|Any CPU.Build.0 = Release|Any CPU
		{5A35A57F-7D3D-4858-BC69-B91025CDE667}.Debug|Any CPU.ActiveCfg = Debug|Any CPU
		{5A35A57F-7D3D-4858-BC69-B91025CDE667}.Debug|Any CPU.Build.0 = Debug|Any CPU
		{5A35A57F-7D3D-4858-BC69-B91025CDE667}.Release|Any CPU.ActiveCfg = Release|Any CPU
		{5A35A57F-7D3D-4858-BC69-B91025CDE667}.Release|Any CPU.Build.0 = Release|Any CPU
		{81995BC1-9F25-4F46-8258-8ED1F965CABB}.CodeGenerator|Any CPU.ActiveCfg = Release|Any CPU
		{81995BC1-9F25-4F46-8258-8ED1F965CABB}.CodeGenerator|Any CPU.Build.0 = Release|Any CPU
		{81995BC1-9F25-4F46-8258-8ED1F965CABB}.Debug|Any CPU.ActiveCfg = Debug|Any CPU
		{81995BC1-9F25-4F46-8258-8ED1F965CABB}.Debug|Any CPU.Build.0 = Debug|Any CPU
		{81995BC1-9F25-4F46-8258-8ED1F965CABB}.Release|Any CPU.ActiveCfg = Release|Any CPU
		{81995BC1-9F25-4F46-8258-8ED1F965CABB}.Release|Any CPU.Build.0 = Release|Any CPU
		{F71BDA61-8039-4E17-B4B8-0B8B553B89DC}.CodeGenerator|Any CPU.ActiveCfg = Release|Any CPU
		{F71BDA61-8039-4E17-B4B8-0B8B553B89DC}.CodeGenerator|Any CPU.Build.0 = Release|Any CPU
		{F71BDA61-8039-4E17-B4B8-0B8B553B89DC}.Debug|Any CPU.ActiveCfg = Debug|Any CPU
		{F71BDA61-8039-4E17-B4B8-0B8B553B89DC}.Debug|Any CPU.Build.0 = Debug|Any CPU
		{F71BDA61-8039-4E17-B4B8-0B8B553B89DC}.Release|Any CPU.ActiveCfg = Release|Any CPU
		{F71BDA61-8039-4E17-B4B8-0B8B553B89DC}.Release|Any CPU.Build.0 = Release|Any CPU
		{D0FA41AE-B54A-4888-8478-35C4D0E0B60B}.CodeGenerator|Any CPU.ActiveCfg = Release|Any CPU
		{D0FA41AE-B54A-4888-8478-35C4D0E0B60B}.CodeGenerator|Any CPU.Build.0 = Release|Any CPU
		{D0FA41AE-B54A-4888-8478-35C4D0E0B60B}.Debug|Any CPU.ActiveCfg = Debug|Any CPU
		{D0FA41AE-B54A-4888-8478-35C4D0E0B60B}.Debug|Any CPU.Build.0 = Debug|Any CPU
		{D0FA41AE-B54A-4888-8478-35C4D0E0B60B}.Release|Any CPU.ActiveCfg = Release|Any CPU
		{D0FA41AE-B54A-4888-8478-35C4D0E0B60B}.Release|Any CPU.Build.0 = Release|Any CPU
		{703235E0-86C0-44F3-95BB-3D9F39886966}.CodeGenerator|Any CPU.ActiveCfg = Release|Any CPU
		{703235E0-86C0-44F3-95BB-3D9F39886966}.CodeGenerator|Any CPU.Build.0 = Release|Any CPU
		{703235E0-86C0-44F3-95BB-3D9F39886966}.Debug|Any CPU.ActiveCfg = Debug|Any CPU
		{703235E0-86C0-44F3-95BB-3D9F39886966}.Debug|Any CPU.Build.0 = Debug|Any CPU
		{703235E0-86C0-44F3-95BB-3D9F39886966}.Release|Any CPU.ActiveCfg = Release|Any CPU
		{703235E0-86C0-44F3-95BB-3D9F39886966}.Release|Any CPU.Build.0 = Release|Any CPU
		{D7232F24-9DCC-466F-B8AB-E3248E8EDCC6}.CodeGenerator|Any CPU.ActiveCfg = CodeGenerator|Any CPU
		{D7232F24-9DCC-466F-B8AB-E3248E8EDCC6}.CodeGenerator|Any CPU.Build.0 = CodeGenerator|Any CPU
		{D7232F24-9DCC-466F-B8AB-E3248E8EDCC6}.Debug|Any CPU.ActiveCfg = Debug|Any CPU
		{D7232F24-9DCC-466F-B8AB-E3248E8EDCC6}.Debug|Any CPU.Build.0 = Debug|Any CPU
		{D7232F24-9DCC-466F-B8AB-E3248E8EDCC6}.Release|Any CPU.ActiveCfg = Release|Any CPU
		{D7232F24-9DCC-466F-B8AB-E3248E8EDCC6}.Release|Any CPU.Build.0 = Release|Any CPU
		{B847560E-3FEA-419D-BFAC-D7E3544C1F70}.CodeGenerator|Any CPU.ActiveCfg = Release|Any CPU
		{B847560E-3FEA-419D-BFAC-D7E3544C1F70}.CodeGenerator|Any CPU.Build.0 = Release|Any CPU
		{B847560E-3FEA-419D-BFAC-D7E3544C1F70}.Debug|Any CPU.ActiveCfg = Debug|Any CPU
		{B847560E-3FEA-419D-BFAC-D7E3544C1F70}.Debug|Any CPU.Build.0 = Debug|Any CPU
		{B847560E-3FEA-419D-BFAC-D7E3544C1F70}.Release|Any CPU.ActiveCfg = Release|Any CPU
		{B847560E-3FEA-419D-BFAC-D7E3544C1F70}.Release|Any CPU.Build.0 = Release|Any CPU
		{C5C6607E-644A-468F-A6C2-CDCF8A1D23DC}.CodeGenerator|Any CPU.ActiveCfg = Release|Any CPU
		{C5C6607E-644A-468F-A6C2-CDCF8A1D23DC}.CodeGenerator|Any CPU.Build.0 = Release|Any CPU
		{C5C6607E-644A-468F-A6C2-CDCF8A1D23DC}.Debug|Any CPU.ActiveCfg = Debug|Any CPU
		{C5C6607E-644A-468F-A6C2-CDCF8A1D23DC}.Debug|Any CPU.Build.0 = Debug|Any CPU
		{C5C6607E-644A-468F-A6C2-CDCF8A1D23DC}.Release|Any CPU.ActiveCfg = Release|Any CPU
		{C5C6607E-644A-468F-A6C2-CDCF8A1D23DC}.Release|Any CPU.Build.0 = Release|Any CPU
		{51ED0131-D9F9-4AF4-A8E6-ADB52D43B360}.CodeGenerator|Any CPU.ActiveCfg = Release|Any CPU
		{51ED0131-D9F9-4AF4-A8E6-ADB52D43B360}.CodeGenerator|Any CPU.Build.0 = Release|Any CPU
		{51ED0131-D9F9-4AF4-A8E6-ADB52D43B360}.Debug|Any CPU.ActiveCfg = Debug|Any CPU
		{51ED0131-D9F9-4AF4-A8E6-ADB52D43B360}.Debug|Any CPU.Build.0 = Debug|Any CPU
		{51ED0131-D9F9-4AF4-A8E6-ADB52D43B360}.Release|Any CPU.ActiveCfg = Release|Any CPU
		{51ED0131-D9F9-4AF4-A8E6-ADB52D43B360}.Release|Any CPU.Build.0 = Release|Any CPU
		{3BDA4E00-6F3D-4181-BA7A-3FDE62EB367F}.CodeGenerator|Any CPU.ActiveCfg = Release|Any CPU
		{3BDA4E00-6F3D-4181-BA7A-3FDE62EB367F}.CodeGenerator|Any CPU.Build.0 = Release|Any CPU
		{3BDA4E00-6F3D-4181-BA7A-3FDE62EB367F}.Debug|Any CPU.ActiveCfg = Debug|Any CPU
		{3BDA4E00-6F3D-4181-BA7A-3FDE62EB367F}.Debug|Any CPU.Build.0 = Debug|Any CPU
		{3BDA4E00-6F3D-4181-BA7A-3FDE62EB367F}.Release|Any CPU.ActiveCfg = Release|Any CPU
		{3BDA4E00-6F3D-4181-BA7A-3FDE62EB367F}.Release|Any CPU.Build.0 = Release|Any CPU
		{0A4C075E-E474-4AD5-8377-5F7C7E3488D8}.CodeGenerator|Any CPU.ActiveCfg = Release|Any CPU
		{0A4C075E-E474-4AD5-8377-5F7C7E3488D8}.CodeGenerator|Any CPU.Build.0 = Release|Any CPU
		{0A4C075E-E474-4AD5-8377-5F7C7E3488D8}.Debug|Any CPU.ActiveCfg = Debug|Any CPU
		{0A4C075E-E474-4AD5-8377-5F7C7E3488D8}.Debug|Any CPU.Build.0 = Debug|Any CPU
		{0A4C075E-E474-4AD5-8377-5F7C7E3488D8}.Release|Any CPU.ActiveCfg = Release|Any CPU
		{0A4C075E-E474-4AD5-8377-5F7C7E3488D8}.Release|Any CPU.Build.0 = Release|Any CPU
		{7478BEA8-791F-47E9-ADD9-18F2D34619EA}.CodeGenerator|Any CPU.ActiveCfg = Release|Any CPU
		{7478BEA8-791F-47E9-ADD9-18F2D34619EA}.CodeGenerator|Any CPU.Build.0 = Release|Any CPU
		{7478BEA8-791F-47E9-ADD9-18F2D34619EA}.Debug|Any CPU.ActiveCfg = Debug|Any CPU
		{7478BEA8-791F-47E9-ADD9-18F2D34619EA}.Debug|Any CPU.Build.0 = Debug|Any CPU
		{7478BEA8-791F-47E9-ADD9-18F2D34619EA}.Release|Any CPU.ActiveCfg = Release|Any CPU
		{7478BEA8-791F-47E9-ADD9-18F2D34619EA}.Release|Any CPU.Build.0 = Release|Any CPU
		{72A78976-6B9F-4D96-A4C9-441066E44DE4}.CodeGenerator|Any CPU.ActiveCfg = CodeGenerator|Any CPU
		{72A78976-6B9F-4D96-A4C9-441066E44DE4}.CodeGenerator|Any CPU.Build.0 = CodeGenerator|Any CPU
		{72A78976-6B9F-4D96-A4C9-441066E44DE4}.Debug|Any CPU.ActiveCfg = Debug|Any CPU
		{72A78976-6B9F-4D96-A4C9-441066E44DE4}.Debug|Any CPU.Build.0 = Debug|Any CPU
		{72A78976-6B9F-4D96-A4C9-441066E44DE4}.Release|Any CPU.ActiveCfg = Release|Any CPU
		{72A78976-6B9F-4D96-A4C9-441066E44DE4}.Release|Any CPU.Build.0 = Release|Any CPU
		{23DD2985-0805-4A85-AE9F-DCF95416CF20}.CodeGenerator|Any CPU.ActiveCfg = Release|Any CPU
		{23DD2985-0805-4A85-AE9F-DCF95416CF20}.CodeGenerator|Any CPU.Build.0 = Release|Any CPU
		{23DD2985-0805-4A85-AE9F-DCF95416CF20}.Debug|Any CPU.ActiveCfg = Debug|Any CPU
		{23DD2985-0805-4A85-AE9F-DCF95416CF20}.Debug|Any CPU.Build.0 = Debug|Any CPU
		{23DD2985-0805-4A85-AE9F-DCF95416CF20}.Release|Any CPU.ActiveCfg = Release|Any CPU
		{23DD2985-0805-4A85-AE9F-DCF95416CF20}.Release|Any CPU.Build.0 = Release|Any CPU
		{A05AEFC5-6A86-43B8-B9D2-58E557A225DB}.CodeGenerator|Any CPU.ActiveCfg = DebugTemp|Any CPU
		{A05AEFC5-6A86-43B8-B9D2-58E557A225DB}.CodeGenerator|Any CPU.Build.0 = DebugTemp|Any CPU
		{A05AEFC5-6A86-43B8-B9D2-58E557A225DB}.Debug|Any CPU.ActiveCfg = Debug|Any CPU
		{A05AEFC5-6A86-43B8-B9D2-58E557A225DB}.Debug|Any CPU.Build.0 = Debug|Any CPU
		{A05AEFC5-6A86-43B8-B9D2-58E557A225DB}.Release|Any CPU.ActiveCfg = Release|Any CPU
		{A05AEFC5-6A86-43B8-B9D2-58E557A225DB}.Release|Any CPU.Build.0 = Release|Any CPU
		{2E4AE0CF-FA21-4FBC-9274-E56BC5D9494E}.CodeGenerator|Any CPU.ActiveCfg = Release|Any CPU
		{2E4AE0CF-FA21-4FBC-9274-E56BC5D9494E}.CodeGenerator|Any CPU.Build.0 = Release|Any CPU
		{2E4AE0CF-FA21-4FBC-9274-E56BC5D9494E}.Debug|Any CPU.ActiveCfg = Debug|Any CPU
		{2E4AE0CF-FA21-4FBC-9274-E56BC5D9494E}.Debug|Any CPU.Build.0 = Debug|Any CPU
		{2E4AE0CF-FA21-4FBC-9274-E56BC5D9494E}.Release|Any CPU.ActiveCfg = Release|Any CPU
		{2E4AE0CF-FA21-4FBC-9274-E56BC5D9494E}.Release|Any CPU.Build.0 = Release|Any CPU
		{7846CA68-E6B0-4943-9285-DE1D48248B84}.CodeGenerator|Any CPU.ActiveCfg = Release|Any CPU
		{7846CA68-E6B0-4943-9285-DE1D48248B84}.CodeGenerator|Any CPU.Build.0 = Release|Any CPU
		{7846CA68-E6B0-4943-9285-DE1D48248B84}.Debug|Any CPU.ActiveCfg = Debug|Any CPU
		{7846CA68-E6B0-4943-9285-DE1D48248B84}.Debug|Any CPU.Build.0 = Debug|Any CPU
		{7846CA68-E6B0-4943-9285-DE1D48248B84}.Release|Any CPU.ActiveCfg = Release|Any CPU
		{7846CA68-E6B0-4943-9285-DE1D48248B84}.Release|Any CPU.Build.0 = Release|Any CPU
		{FB68DA0B-02DA-4E05-84A7-0B6C26272EE6}.CodeGenerator|Any CPU.ActiveCfg = Release|Any CPU
		{FB68DA0B-02DA-4E05-84A7-0B6C26272EE6}.CodeGenerator|Any CPU.Build.0 = Release|Any CPU
		{FB68DA0B-02DA-4E05-84A7-0B6C26272EE6}.Debug|Any CPU.ActiveCfg = Debug|Any CPU
		{FB68DA0B-02DA-4E05-84A7-0B6C26272EE6}.Debug|Any CPU.Build.0 = Debug|Any CPU
		{FB68DA0B-02DA-4E05-84A7-0B6C26272EE6}.Release|Any CPU.ActiveCfg = Release|Any CPU
		{FB68DA0B-02DA-4E05-84A7-0B6C26272EE6}.Release|Any CPU.Build.0 = Release|Any CPU
		{52891FB3-CA20-403B-AC25-7D9CA5738B6B}.CodeGenerator|Any CPU.ActiveCfg = Release|Any CPU
		{52891FB3-CA20-403B-AC25-7D9CA5738B6B}.CodeGenerator|Any CPU.Build.0 = Release|Any CPU
		{52891FB3-CA20-403B-AC25-7D9CA5738B6B}.Debug|Any CPU.ActiveCfg = Debug|Any CPU
		{52891FB3-CA20-403B-AC25-7D9CA5738B6B}.Debug|Any CPU.Build.0 = Debug|Any CPU
		{52891FB3-CA20-403B-AC25-7D9CA5738B6B}.Release|Any CPU.ActiveCfg = Release|Any CPU
		{52891FB3-CA20-403B-AC25-7D9CA5738B6B}.Release|Any CPU.Build.0 = Release|Any CPU
		{ABA477E6-DEF8-4215-B5DE-612B546AD1FB}.CodeGenerator|Any CPU.ActiveCfg = Release|Any CPU
		{ABA477E6-DEF8-4215-B5DE-612B546AD1FB}.CodeGenerator|Any CPU.Build.0 = Release|Any CPU
		{ABA477E6-DEF8-4215-B5DE-612B546AD1FB}.Debug|Any CPU.ActiveCfg = Debug|Any CPU
		{ABA477E6-DEF8-4215-B5DE-612B546AD1FB}.Debug|Any CPU.Build.0 = Debug|Any CPU
		{ABA477E6-DEF8-4215-B5DE-612B546AD1FB}.Release|Any CPU.ActiveCfg = Release|Any CPU
		{ABA477E6-DEF8-4215-B5DE-612B546AD1FB}.Release|Any CPU.Build.0 = Release|Any CPU
		{B234340F-59D8-4BAC-9929-7BE7A7FA70C9}.CodeGenerator|Any CPU.ActiveCfg = Release|Any CPU
		{B234340F-59D8-4BAC-9929-7BE7A7FA70C9}.CodeGenerator|Any CPU.Build.0 = Release|Any CPU
		{B234340F-59D8-4BAC-9929-7BE7A7FA70C9}.Debug|Any CPU.ActiveCfg = Debug|Any CPU
		{B234340F-59D8-4BAC-9929-7BE7A7FA70C9}.Debug|Any CPU.Build.0 = Debug|Any CPU
		{B234340F-59D8-4BAC-9929-7BE7A7FA70C9}.Release|Any CPU.ActiveCfg = Release|Any CPU
		{B234340F-59D8-4BAC-9929-7BE7A7FA70C9}.Release|Any CPU.Build.0 = Release|Any CPU
		{9F79CB68-4B61-48E2-A9E5-B545A65BAC89}.CodeGenerator|Any CPU.ActiveCfg = Release|Any CPU
		{9F79CB68-4B61-48E2-A9E5-B545A65BAC89}.CodeGenerator|Any CPU.Build.0 = Release|Any CPU
		{9F79CB68-4B61-48E2-A9E5-B545A65BAC89}.Debug|Any CPU.ActiveCfg = Debug|Any CPU
		{9F79CB68-4B61-48E2-A9E5-B545A65BAC89}.Debug|Any CPU.Build.0 = Debug|Any CPU
		{9F79CB68-4B61-48E2-A9E5-B545A65BAC89}.Release|Any CPU.ActiveCfg = Release|Any CPU
		{9F79CB68-4B61-48E2-A9E5-B545A65BAC89}.Release|Any CPU.Build.0 = Release|Any CPU
		{9D368EE4-AE81-4B73-B617-DDA5A94410FF}.CodeGenerator|Any CPU.ActiveCfg = Release|Any CPU
		{9D368EE4-AE81-4B73-B617-DDA5A94410FF}.CodeGenerator|Any CPU.Build.0 = Release|Any CPU
		{9D368EE4-AE81-4B73-B617-DDA5A94410FF}.Debug|Any CPU.ActiveCfg = Debug|Any CPU
		{9D368EE4-AE81-4B73-B617-DDA5A94410FF}.Debug|Any CPU.Build.0 = Debug|Any CPU
		{9D368EE4-AE81-4B73-B617-DDA5A94410FF}.Release|Any CPU.ActiveCfg = Release|Any CPU
		{9D368EE4-AE81-4B73-B617-DDA5A94410FF}.Release|Any CPU.Build.0 = Release|Any CPU
		{8205CE30-EB5C-42FD-927D-723500F1028B}.CodeGenerator|Any CPU.ActiveCfg = Release|Any CPU
		{8205CE30-EB5C-42FD-927D-723500F1028B}.CodeGenerator|Any CPU.Build.0 = Release|Any CPU
		{8205CE30-EB5C-42FD-927D-723500F1028B}.Debug|Any CPU.ActiveCfg = Debug|Any CPU
		{8205CE30-EB5C-42FD-927D-723500F1028B}.Debug|Any CPU.Build.0 = Debug|Any CPU
		{8205CE30-EB5C-42FD-927D-723500F1028B}.Release|Any CPU.ActiveCfg = Release|Any CPU
		{8205CE30-EB5C-42FD-927D-723500F1028B}.Release|Any CPU.Build.0 = Release|Any CPU
		{28BB8E7F-089E-494E-9F11-6088C36DD4D0}.CodeGenerator|Any CPU.ActiveCfg = Release|Any CPU
		{28BB8E7F-089E-494E-9F11-6088C36DD4D0}.CodeGenerator|Any CPU.Build.0 = Release|Any CPU
		{28BB8E7F-089E-494E-9F11-6088C36DD4D0}.Debug|Any CPU.ActiveCfg = Debug|Any CPU
		{28BB8E7F-089E-494E-9F11-6088C36DD4D0}.Debug|Any CPU.Build.0 = Debug|Any CPU
		{28BB8E7F-089E-494E-9F11-6088C36DD4D0}.Release|Any CPU.ActiveCfg = Release|Any CPU
		{28BB8E7F-089E-494E-9F11-6088C36DD4D0}.Release|Any CPU.Build.0 = Release|Any CPU
		{C1BD4BBA-35DB-43B6-B4E9-072AFAC6EBD5}.CodeGenerator|Any CPU.ActiveCfg = Release|Any CPU
		{C1BD4BBA-35DB-43B6-B4E9-072AFAC6EBD5}.Debug|Any CPU.ActiveCfg = Debug|Any CPU
		{C1BD4BBA-35DB-43B6-B4E9-072AFAC6EBD5}.Release|Any CPU.ActiveCfg = Release|Any CPU
		{C1BD4BBA-35DB-43B6-B4E9-072AFAC6EBD5}.Release|Any CPU.Build.0 = Release|Any CPU
		{09DB04EC-99A1-4341-A137-EB724D2B6B37}.CodeGenerator|Any CPU.ActiveCfg = Release|Any CPU
		{09DB04EC-99A1-4341-A137-EB724D2B6B37}.CodeGenerator|Any CPU.Build.0 = Release|Any CPU
		{09DB04EC-99A1-4341-A137-EB724D2B6B37}.Debug|Any CPU.ActiveCfg = Debug|Any CPU
		{09DB04EC-99A1-4341-A137-EB724D2B6B37}.Debug|Any CPU.Build.0 = Debug|Any CPU
		{09DB04EC-99A1-4341-A137-EB724D2B6B37}.Release|Any CPU.ActiveCfg = Release|Any CPU
		{09DB04EC-99A1-4341-A137-EB724D2B6B37}.Release|Any CPU.Build.0 = Release|Any CPU
		{8632B9DA-ECB6-4007-AB3F-9C9AECE63D67}.CodeGenerator|Any CPU.ActiveCfg = CodeGenerator|Any CPU
		{8632B9DA-ECB6-4007-AB3F-9C9AECE63D67}.CodeGenerator|Any CPU.Build.0 = CodeGenerator|Any CPU
		{8632B9DA-ECB6-4007-AB3F-9C9AECE63D67}.Debug|Any CPU.ActiveCfg = Debug|Any CPU
		{8632B9DA-ECB6-4007-AB3F-9C9AECE63D67}.Debug|Any CPU.Build.0 = Debug|Any CPU
		{8632B9DA-ECB6-4007-AB3F-9C9AECE63D67}.Release|Any CPU.ActiveCfg = Release|Any CPU
		{8632B9DA-ECB6-4007-AB3F-9C9AECE63D67}.Release|Any CPU.Build.0 = Release|Any CPU
		{49396189-B298-4F32-8CF5-C0DE92FB4619}.CodeGenerator|Any CPU.ActiveCfg = Release|Any CPU
		{49396189-B298-4F32-8CF5-C0DE92FB4619}.CodeGenerator|Any CPU.Build.0 = Release|Any CPU
		{49396189-B298-4F32-8CF5-C0DE92FB4619}.Debug|Any CPU.ActiveCfg = Debug|Any CPU
		{49396189-B298-4F32-8CF5-C0DE92FB4619}.Debug|Any CPU.Build.0 = Debug|Any CPU
		{49396189-B298-4F32-8CF5-C0DE92FB4619}.Release|Any CPU.ActiveCfg = Release|Any CPU
		{49396189-B298-4F32-8CF5-C0DE92FB4619}.Release|Any CPU.Build.0 = Release|Any CPU
		{F8682E3B-C697-4E27-BF95-D9C48FE2D693}.CodeGenerator|Any CPU.ActiveCfg = CodeGenerator|Any CPU
		{F8682E3B-C697-4E27-BF95-D9C48FE2D693}.CodeGenerator|Any CPU.Build.0 = CodeGenerator|Any CPU
		{F8682E3B-C697-4E27-BF95-D9C48FE2D693}.Debug|Any CPU.ActiveCfg = Debug|Any CPU
		{F8682E3B-C697-4E27-BF95-D9C48FE2D693}.Debug|Any CPU.Build.0 = Debug|Any CPU
		{F8682E3B-C697-4E27-BF95-D9C48FE2D693}.Release|Any CPU.ActiveCfg = Release|Any CPU
		{F8682E3B-C697-4E27-BF95-D9C48FE2D693}.Release|Any CPU.Build.0 = Release|Any CPU
		{B8B21A21-51AC-4E0D-8978-6D6DCC15F7D3}.CodeGenerator|Any CPU.ActiveCfg = CodeGenerator|Any CPU
		{B8B21A21-51AC-4E0D-8978-6D6DCC15F7D3}.CodeGenerator|Any CPU.Build.0 = CodeGenerator|Any CPU
		{B8B21A21-51AC-4E0D-8978-6D6DCC15F7D3}.Debug|Any CPU.ActiveCfg = Debug|Any CPU
		{B8B21A21-51AC-4E0D-8978-6D6DCC15F7D3}.Debug|Any CPU.Build.0 = Debug|Any CPU
		{B8B21A21-51AC-4E0D-8978-6D6DCC15F7D3}.Release|Any CPU.ActiveCfg = Release|Any CPU
		{B8B21A21-51AC-4E0D-8978-6D6DCC15F7D3}.Release|Any CPU.Build.0 = Release|Any CPU
		{DCF67A43-0EED-4B20-85E3-F8A7AA1C22B5}.CodeGenerator|Any CPU.ActiveCfg = CodeGenerator|Any CPU
		{DCF67A43-0EED-4B20-85E3-F8A7AA1C22B5}.CodeGenerator|Any CPU.Build.0 = CodeGenerator|Any CPU
		{DCF67A43-0EED-4B20-85E3-F8A7AA1C22B5}.Debug|Any CPU.ActiveCfg = Debug|Any CPU
		{DCF67A43-0EED-4B20-85E3-F8A7AA1C22B5}.Debug|Any CPU.Build.0 = Debug|Any CPU
		{DCF67A43-0EED-4B20-85E3-F8A7AA1C22B5}.Release|Any CPU.ActiveCfg = Release|Any CPU
		{DCF67A43-0EED-4B20-85E3-F8A7AA1C22B5}.Release|Any CPU.Build.0 = Release|Any CPU
		{8A7118FD-C70E-4F30-9604-08EE11771E46}.CodeGenerator|Any CPU.ActiveCfg = Release|Any CPU
		{8A7118FD-C70E-4F30-9604-08EE11771E46}.CodeGenerator|Any CPU.Build.0 = Release|Any CPU
		{8A7118FD-C70E-4F30-9604-08EE11771E46}.Debug|Any CPU.ActiveCfg = Debug|Any CPU
		{8A7118FD-C70E-4F30-9604-08EE11771E46}.Release|Any CPU.ActiveCfg = Release|Any CPU
		{8A7118FD-C70E-4F30-9604-08EE11771E46}.Release|Any CPU.Build.0 = Release|Any CPU
		{1DAACB7D-93B2-41D2-9B97-37DA3D38A89B}.CodeGenerator|Any CPU.ActiveCfg = CodeGenerator|Any CPU
		{1DAACB7D-93B2-41D2-9B97-37DA3D38A89B}.CodeGenerator|Any CPU.Build.0 = CodeGenerator|Any CPU
		{1DAACB7D-93B2-41D2-9B97-37DA3D38A89B}.Debug|Any CPU.ActiveCfg = Debug|Any CPU
		{1DAACB7D-93B2-41D2-9B97-37DA3D38A89B}.Debug|Any CPU.Build.0 = Debug|Any CPU
		{1DAACB7D-93B2-41D2-9B97-37DA3D38A89B}.Release|Any CPU.ActiveCfg = Release|Any CPU
		{1DAACB7D-93B2-41D2-9B97-37DA3D38A89B}.Release|Any CPU.Build.0 = Release|Any CPU
		{CB302A69-BA6C-4FED-AF21-63FCBEA5A0C3}.CodeGenerator|Any CPU.ActiveCfg = CodeGenerator|Any CPU
		{CB302A69-BA6C-4FED-AF21-63FCBEA5A0C3}.CodeGenerator|Any CPU.Build.0 = CodeGenerator|Any CPU
		{CB302A69-BA6C-4FED-AF21-63FCBEA5A0C3}.Debug|Any CPU.ActiveCfg = Debug|Any CPU
		{CB302A69-BA6C-4FED-AF21-63FCBEA5A0C3}.Debug|Any CPU.Build.0 = Debug|Any CPU
		{CB302A69-BA6C-4FED-AF21-63FCBEA5A0C3}.Release|Any CPU.ActiveCfg = Release|Any CPU
		{CB302A69-BA6C-4FED-AF21-63FCBEA5A0C3}.Release|Any CPU.Build.0 = Release|Any CPU
		{6C670A85-4AAB-44CE-8F45-BF9495020C56}.CodeGenerator|Any CPU.ActiveCfg = Release|Any CPU
		{6C670A85-4AAB-44CE-8F45-BF9495020C56}.CodeGenerator|Any CPU.Build.0 = Release|Any CPU
		{6C670A85-4AAB-44CE-8F45-BF9495020C56}.Debug|Any CPU.ActiveCfg = Debug|Any CPU
		{6C670A85-4AAB-44CE-8F45-BF9495020C56}.Debug|Any CPU.Build.0 = Debug|Any CPU
		{6C670A85-4AAB-44CE-8F45-BF9495020C56}.Release|Any CPU.ActiveCfg = Release|Any CPU
		{6C670A85-4AAB-44CE-8F45-BF9495020C56}.Release|Any CPU.Build.0 = Release|Any CPU
	EndGlobalSection
	GlobalSection(SolutionProperties) = preSolution
		HideSolutionNode = FALSE
	EndGlobalSection
	GlobalSection(NestedProjects) = preSolution
		{9ACC94B9-B8FD-47C1-ABF8-0658C7673905} = {DB76A91F-9059-4EB3-9389-C86486BB0DFC}
		{5A35A57F-7D3D-4858-BC69-B91025CDE667} = {9D3050E0-20E0-4CE6-BCBE-CF095A71C394}
		{81995BC1-9F25-4F46-8258-8ED1F965CABB} = {DB76A91F-9059-4EB3-9389-C86486BB0DFC}
		{F71BDA61-8039-4E17-B4B8-0B8B553B89DC} = {9D3050E0-20E0-4CE6-BCBE-CF095A71C394}
		{D0FA41AE-B54A-4888-8478-35C4D0E0B60B} = {3D976DB4-23C7-4B7B-8646-C53DAFB813EE}
		{703235E0-86C0-44F3-95BB-3D9F39886966} = {DB76A91F-9059-4EB3-9389-C86486BB0DFC}
		{D7232F24-9DCC-466F-B8AB-E3248E8EDCC6} = {2C3C8291-8C00-49AC-A914-BC4B74D3DACE}
		{B847560E-3FEA-419D-BFAC-D7E3544C1F70} = {2C3C8291-8C00-49AC-A914-BC4B74D3DACE}
		{C5C6607E-644A-468F-A6C2-CDCF8A1D23DC} = {3D976DB4-23C7-4B7B-8646-C53DAFB813EE}
		{51ED0131-D9F9-4AF4-A8E6-ADB52D43B360} = {9D3050E0-20E0-4CE6-BCBE-CF095A71C394}
		{3BDA4E00-6F3D-4181-BA7A-3FDE62EB367F} = {379CD99B-7063-4455-BF39-ECECA819A14E}
		{0A4C075E-E474-4AD5-8377-5F7C7E3488D8} = {DB76A91F-9059-4EB3-9389-C86486BB0DFC}
		{7478BEA8-791F-47E9-ADD9-18F2D34619EA} = {DB76A91F-9059-4EB3-9389-C86486BB0DFC}
		{72A78976-6B9F-4D96-A4C9-441066E44DE4} = {74DCB1E0-6052-4299-8CEE-42F947F338FA}
		{23DD2985-0805-4A85-AE9F-DCF95416CF20} = {DB76A91F-9059-4EB3-9389-C86486BB0DFC}
		{A05AEFC5-6A86-43B8-B9D2-58E557A225DB} = {DB76A91F-9059-4EB3-9389-C86486BB0DFC}
		{2E4AE0CF-FA21-4FBC-9274-E56BC5D9494E} = {DB76A91F-9059-4EB3-9389-C86486BB0DFC}
		{7846CA68-E6B0-4943-9285-DE1D48248B84} = {DB76A91F-9059-4EB3-9389-C86486BB0DFC}
		{FB68DA0B-02DA-4E05-84A7-0B6C26272EE6} = {9D3050E0-20E0-4CE6-BCBE-CF095A71C394}
		{52891FB3-CA20-403B-AC25-7D9CA5738B6B} = {DB76A91F-9059-4EB3-9389-C86486BB0DFC}
		{ABA477E6-DEF8-4215-B5DE-612B546AD1FB} = {379CD99B-7063-4455-BF39-ECECA819A14E}
		{B234340F-59D8-4BAC-9929-7BE7A7FA70C9} = {9D3050E0-20E0-4CE6-BCBE-CF095A71C394}
		{9F79CB68-4B61-48E2-A9E5-B545A65BAC89} = {9D3050E0-20E0-4CE6-BCBE-CF095A71C394}
		{9D368EE4-AE81-4B73-B617-DDA5A94410FF} = {9D3050E0-20E0-4CE6-BCBE-CF095A71C394}
		{8205CE30-EB5C-42FD-927D-723500F1028B} = {9D3050E0-20E0-4CE6-BCBE-CF095A71C394}
		{28BB8E7F-089E-494E-9F11-6088C36DD4D0} = {9D3050E0-20E0-4CE6-BCBE-CF095A71C394}
		{2C3C8291-8C00-49AC-A914-BC4B74D3DACE} = {74DCB1E0-6052-4299-8CEE-42F947F338FA}
		{C1BD4BBA-35DB-43B6-B4E9-072AFAC6EBD5} = {379CD99B-7063-4455-BF39-ECECA819A14E}
		{345552D1-56B8-41F1-9513-AD2F31D2F985} = {74DCB1E0-6052-4299-8CEE-42F947F338FA}
		{09DB04EC-99A1-4341-A137-EB724D2B6B37} = {345552D1-56B8-41F1-9513-AD2F31D2F985}
		{8632B9DA-ECB6-4007-AB3F-9C9AECE63D67} = {74DCB1E0-6052-4299-8CEE-42F947F338FA}
		{49396189-B298-4F32-8CF5-C0DE92FB4619} = {345552D1-56B8-41F1-9513-AD2F31D2F985}
		{F8682E3B-C697-4E27-BF95-D9C48FE2D693} = {2C3C8291-8C00-49AC-A914-BC4B74D3DACE}
		{B8B21A21-51AC-4E0D-8978-6D6DCC15F7D3} = {345552D1-56B8-41F1-9513-AD2F31D2F985}
		{DCF67A43-0EED-4B20-85E3-F8A7AA1C22B5} = {2C3C8291-8C00-49AC-A914-BC4B74D3DACE}
		{8A7118FD-C70E-4F30-9604-08EE11771E46} = {F0ACC2CB-2866-4760-9A29-958C8E30552D}
		{1DAACB7D-93B2-41D2-9B97-37DA3D38A89B} = {2C3C8291-8C00-49AC-A914-BC4B74D3DACE}
		{CB302A69-BA6C-4FED-AF21-63FCBEA5A0C3} = {AFA902A5-BD34-46C8-BE50-5A32299B5DFB}
		{333BDF5B-A87C-47B2-A418-BF0F0C9313D1} = {AFA902A5-BD34-46C8-BE50-5A32299B5DFB}
		{6C670A85-4AAB-44CE-8F45-BF9495020C56} = {333BDF5B-A87C-47B2-A418-BF0F0C9313D1}
	EndGlobalSection
	GlobalSection(TeamFoundationVersionControl) = preSolution
		SccNumberOfProjects = 36
		SccEnterpriseProvider = {4CA58AB2-18FA-4F8D-95D4-32DDF27D184C}
		SccTeamFoundationServer = https://tfs.havit.eu/tfs
		SccProjectUniqueName0 = Havit\\Havit.csproj
		SccProjectTopLevelParentUniqueName0 = HavitFramework.sln
		SccProjectName0 = Havit
		SccAuxPath0 = https://tfs.havit.eu/tfs
		SccLocalPath0 = Havit
		SccProvider0 = {4CA58AB2-18FA-4F8D-95D4-32DDF27D184C}
		SccProjectUniqueName1 = BusinessLayerTest\\BusinessLayerTest.csproj
		SccProjectTopLevelParentUniqueName1 = HavitFramework.sln
		SccProjectName1 = BusinessLayerTest
		SccAuxPath1 = https://tfs.havit.eu/tfs
		SccLocalPath1 = BusinessLayerTest
		SccProvider1 = {4CA58AB2-18FA-4F8D-95D4-32DDF27D184C}
		SccProjectUniqueName2 = Havit.Business\\Havit.Business.csproj
		SccProjectTopLevelParentUniqueName2 = HavitFramework.sln
		SccProjectName2 = Havit.Business
		SccAuxPath2 = https://tfs.havit.eu/tfs
		SccLocalPath2 = Havit.Business
		SccProvider2 = {4CA58AB2-18FA-4F8D-95D4-32DDF27D184C}
		SccProjectUniqueName3 = Havit.BusinessTest\\Havit.BusinessTest.csproj
		SccProjectTopLevelParentUniqueName3 = HavitFramework.sln
		SccProjectName3 = Havit.BusinessTest
		SccAuxPath3 = https://tfs.havit.eu/tfs
		SccLocalPath3 = Havit.BusinessTest
		SccProvider3 = {4CA58AB2-18FA-4F8D-95D4-32DDF27D184C}
		SccProjectUniqueName4 = Havit.CastleWindsor.WebForms\\Havit.CastleWindsor.WebForms.csproj
		SccProjectTopLevelParentUniqueName4 = HavitFramework.sln
		SccProjectName4 = Havit.CastleWindsor.WebForms
		SccAuxPath4 = https://tfs.havit.eu/tfs
		SccLocalPath4 = Havit.CastleWindsor.WebForms
		SccProvider4 = {4CA58AB2-18FA-4F8D-95D4-32DDF27D184C}
		SccProjectUniqueName5 = Havit.Data\\Havit.Data.csproj
		SccProjectTopLevelParentUniqueName5 = HavitFramework.sln
		SccProjectName5 = Havit.Data
		SccAuxPath5 = https://tfs.havit.eu/tfs
		SccLocalPath5 = Havit.Data
		SccProvider5 = {4CA58AB2-18FA-4F8D-95D4-32DDF27D184C}
		SccProjectUniqueName6 = Havit.Data.Entity6\\Havit.Data.Entity6.csproj
		SccProjectTopLevelParentUniqueName6 = HavitFramework.sln
		SccProjectName6 = Havit.Data.Entity6
		SccAuxPath6 = https://tfs.havit.eu/tfs
		SccLocalPath6 = Havit.Data.Entity6
		SccProvider6 = {4CA58AB2-18FA-4F8D-95D4-32DDF27D184C}
		SccProjectUniqueName7 = Havit.Data.Entity6.Glimpse\\Havit.Data.Entity6.Glimpse.csproj
		SccProjectTopLevelParentUniqueName7 = HavitFramework.sln
		SccProjectName7 = Havit.Data.Entity6.Glimpse
		SccAuxPath7 = https://tfs.havit.eu/tfs
		SccLocalPath7 = Havit.Data.Entity6.Glimpse
		SccProvider7 = {4CA58AB2-18FA-4F8D-95D4-32DDF27D184C}
		SccProjectUniqueName8 = Havit.Data.Glimpse\\Havit.Data.Glimpse.csproj
		SccProjectTopLevelParentUniqueName8 = HavitFramework.sln
		SccProjectName8 = Havit.Data.Glimpse
		SccAuxPath8 = https://tfs.havit.eu/tfs
		SccLocalPath8 = Havit.Data.Glimpse
		SccProvider8 = {4CA58AB2-18FA-4F8D-95D4-32DDF27D184C}
		SccProjectUniqueName9 = Havit.DataTest\\Havit.DataTest.csproj
		SccProjectTopLevelParentUniqueName9 = HavitFramework.sln
		SccProjectName9 = Havit.DataTest
		SccAuxPath9 = https://tfs.havit.eu/tfs
		SccLocalPath9 = Havit.DataTest
		SccProvider9 = {4CA58AB2-18FA-4F8D-95D4-32DDF27D184C}
		SccProjectUniqueName10 = Havit.Documentation.Homepage\\Havit.Documentation.Homepage.csproj
		SccProjectTopLevelParentUniqueName10 = HavitFramework.sln
		SccProjectName10 = Havit.Documentation.Homepage
		SccAuxPath10 = https://tfs.havit.eu/tfs
		SccLocalPath10 = Havit.Documentation.Homepage
		SccProvider10 = {4CA58AB2-18FA-4F8D-95D4-32DDF27D184C}
		SccProjectUniqueName11 = Havit.Drawing\\Havit.Drawing.csproj
		SccProjectTopLevelParentUniqueName11 = HavitFramework.sln
		SccProjectName11 = Havit.Drawing
		SccAuxPath11 = https://tfs.havit.eu/tfs
		SccLocalPath11 = Havit.Drawing
		SccProvider11 = {4CA58AB2-18FA-4F8D-95D4-32DDF27D184C}
		SccProjectUniqueName12 = Havit.Enterprise.Web\\Havit.Enterprise.Web.csproj
		SccProjectTopLevelParentUniqueName12 = HavitFramework.sln
		SccProjectName12 = Havit.Enterprise.Web
		SccAuxPath12 = https://tfs.havit.eu/tfs
		SccLocalPath12 = Havit.Enterprise.Web
		SccProvider12 = {4CA58AB2-18FA-4F8D-95D4-32DDF27D184C}
		SccProjectUniqueName13 = Havit.Model\\Havit.Model.csproj
		SccProjectTopLevelParentUniqueName13 = HavitFramework.sln
		SccProjectName13 = Havit.Model
		SccAuxPath13 = https://tfs.havit.eu/tfs
		SccLocalPath13 = Havit.Model
		SccProvider13 = {4CA58AB2-18FA-4F8D-95D4-32DDF27D184C}
		SccProjectUniqueName14 = Havit.PayMuzo\\Havit.PayMuzo.csproj
		SccProjectTopLevelParentUniqueName14 = HavitFramework.sln
		SccProjectName14 = Havit.PayMuzo
		SccAuxPath14 = https://tfs.havit.eu/tfs
		SccLocalPath14 = Havit.PayMuzo
		SccProvider14 = {4CA58AB2-18FA-4F8D-95D4-32DDF27D184C}
		SccProjectUniqueName15 = Havit.PayPal\\Havit.PayPal.csproj
		SccProjectTopLevelParentUniqueName15 = HavitFramework.sln
		SccProjectName15 = Havit.PayPal
		SccAuxPath15 = https://tfs.havit.eu/tfs
		SccLocalPath15 = Havit.PayPal
		SccProvider15 = {4CA58AB2-18FA-4F8D-95D4-32DDF27D184C}
		SccProjectUniqueName16 = Havit.Services\\Havit.Services.csproj
		SccProjectTopLevelParentUniqueName16 = HavitFramework.sln
		SccProjectName16 = Havit.Services
		SccAuxPath16 = https://tfs.havit.eu/tfs
		SccLocalPath16 = Havit.Services
		SccProvider16 = {4CA58AB2-18FA-4F8D-95D4-32DDF27D184C}
		SccProjectUniqueName17 = Havit.Services.Azure\\Havit.Services.Azure.csproj
		SccProjectTopLevelParentUniqueName17 = HavitFramework.sln
		SccProjectName17 = Havit.Services.Azure
		SccAuxPath17 = https://tfs.havit.eu/tfs
		SccLocalPath17 = Havit.Services.Azure
		SccProvider17 = {4CA58AB2-18FA-4F8D-95D4-32DDF27D184C}
		SccProjectUniqueName18 = Havit.ServicesTest\\Havit.ServicesTest.csproj
		SccProjectTopLevelParentUniqueName18 = HavitFramework.sln
		SccProjectName18 = Havit.ServicesTest
		SccAuxPath18 = https://tfs.havit.eu/tfs
		SccLocalPath18 = Havit.ServicesTest
		SccProvider18 = {4CA58AB2-18FA-4F8D-95D4-32DDF27D184C}
		SccProjectUniqueName19 = Havit.Web\\Havit.Web.csproj
		SccProjectTopLevelParentUniqueName19 = HavitFramework.sln
		SccProjectName19 = Havit.Web
		SccAuxPath19 = https://tfs.havit.eu/tfs
		SccLocalPath19 = Havit.Web
		SccProvider19 = {4CA58AB2-18FA-4F8D-95D4-32DDF27D184C}
		SccProjectUniqueName20 = Havit.Web.Bootstrap.Tutorial\\Havit.Web.Bootstrap.Tutorial.csproj
		SccProjectTopLevelParentUniqueName20 = HavitFramework.sln
		SccProjectName20 = Havit.Web.Bootstrap.Tutorial
		SccAuxPath20 = https://tfs.havit.eu/tfs
		SccLocalPath20 = Havit.Web.Bootstrap.Tutorial
		SccProvider20 = {4CA58AB2-18FA-4F8D-95D4-32DDF27D184C}
		SccProjectUniqueName21 = Havit.WebTest\\Havit.WebTest.csproj
		SccProjectTopLevelParentUniqueName21 = HavitFramework.sln
		SccProjectName21 = Havit.WebTest
		SccAuxPath21 = https://tfs.havit.eu/tfs
		SccLocalPath21 = Havit.WebTest
		SccProvider21 = {4CA58AB2-18FA-4F8D-95D4-32DDF27D184C}
		SccProjectUniqueName22 = HavitTest\\HavitTest.csproj
		SccProjectTopLevelParentUniqueName22 = HavitFramework.sln
		SccProjectName22 = HavitTest
		SccAuxPath22 = https://tfs.havit.eu/tfs
		SccLocalPath22 = HavitTest
		SccProvider22 = {4CA58AB2-18FA-4F8D-95D4-32DDF27D184C}
		SccProjectUniqueName23 = HavitTestConsoleApplication\\HavitTestConsoleApplication.csproj
		SccProjectTopLevelParentUniqueName23 = HavitFramework.sln
		SccProjectName23 = HavitTestConsoleApplication
		SccAuxPath23 = https://tfs.havit.eu/tfs
		SccLocalPath23 = HavitTestConsoleApplication
		SccProvider23 = {4CA58AB2-18FA-4F8D-95D4-32DDF27D184C}
		SccProjectUniqueName24 = TracingTest\\TracingTest.csproj
		SccProjectTopLevelParentUniqueName24 = HavitFramework.sln
		SccProjectName24 = TracingTest
		SccAuxPath24 = https://tfs.havit.eu/tfs
		SccLocalPath24 = TracingTest
		SccProvider24 = {4CA58AB2-18FA-4F8D-95D4-32DDF27D184C}
		SccProjectUniqueName25 = WebApplicationTest\\WebApplicationTest.csproj
		SccProjectTopLevelParentUniqueName25 = HavitFramework.sln
		SccProjectName25 = WebApplicationTest
		SccAuxPath25 = https://tfs.havit.eu/tfs
		SccLocalPath25 = WebApplicationTest
		SccProvider25 = {4CA58AB2-18FA-4F8D-95D4-32DDF27D184C}
		SccProjectUniqueName26 = Sandcastle\\Sandcastle.shfbproj
		SccProjectTopLevelParentUniqueName26 = HavitFramework.sln
		SccAuxPath26 = https://tfs.havit.eu/tfs/defaultcollection
		SccLocalPath26 = Sandcastle
		SccProvider26 = {4CA58AB2-18FA-4F8D-95D4-32DDF27D184C}
		SccProjectUniqueName27 = Havit.Data.Entity6.Tests\\Havit.Data.Entity6.Tests.csproj
		SccProjectTopLevelParentUniqueName27 = HavitFramework.sln
		SccProjectName27 = Havit.Data.Entity6.Tests
		SccAuxPath27 = https://tfs.havit.eu/tfs
		SccLocalPath27 = Havit.Data.Entity6.Tests
		SccProvider27 = {4CA58AB2-18FA-4F8D-95D4-32DDF27D184C}
		SccProjectUniqueName28 = Havit.Data.Patterns\\Havit.Data.Patterns.csproj
		SccProjectTopLevelParentUniqueName28 = HavitFramework.sln
		SccProjectName28 = Havit.Data.Patterns
		SccAuxPath28 = https://tfs.havit.eu/tfs
		SccLocalPath28 = Havit.Data.Patterns
		SccProvider28 = {4CA58AB2-18FA-4F8D-95D4-32DDF27D184C}
		SccProjectUniqueName29 = Havit.Data.Patterns.Tests\\Havit.Data.Patterns.Tests.csproj
		SccProjectTopLevelParentUniqueName29 = HavitFramework.sln
		SccProjectName29 = Havit.Data.Patterns.Tests
		SccAuxPath29 = https://tfs.havit.eu/tfs
		SccLocalPath29 = Havit.Data.Patterns.Tests
		SccProvider29 = {4CA58AB2-18FA-4F8D-95D4-32DDF27D184C}
		SccProjectUniqueName30 = Havit.Data.Entity6.Patterns\\Havit.Data.Entity6.Patterns.csproj
		SccProjectTopLevelParentUniqueName30 = HavitFramework.sln
		SccProjectName30 = Havit.Data.Entity6.Patterns
		SccAuxPath30 = https://tfs.havit.eu/tfs
		SccLocalPath30 = Havit.Data.Entity6.Patterns
		SccProvider30 = {4CA58AB2-18FA-4F8D-95D4-32DDF27D184C}
		SccProjectUniqueName31 = Havit.Data.Entity6.Patterns.Tests\\Havit.Data.Entity6.Patterns.Tests.csproj
		SccProjectTopLevelParentUniqueName31 = HavitFramework.sln
		SccProjectName31 = Havit.Data.Entity6.Patterns.Tests
		SccAuxPath31 = https://tfs.havit.eu/tfs
		SccLocalPath31 = Havit.Data.Entity6.Patterns.Tests
		SccProvider31 = {4CA58AB2-18FA-4F8D-95D4-32DDF27D184C}
		SccProjectUniqueName32 = Havit.Data.Entity6.Patterns.Windsor\\Havit.Data.Entity6.Patterns.Windsor.csproj
		SccProjectTopLevelParentUniqueName32 = HavitFramework.sln
		SccProjectName32 = Havit.Data.Entity6.Patterns.Windsor
		SccAuxPath32 = https://tfs.havit.eu/tfs
		SccLocalPath32 = Havit.Data.Entity6.Patterns.Windsor
		SccProvider32 = {4CA58AB2-18FA-4F8D-95D4-32DDF27D184C}
		SccProjectUniqueName33 = Havit.Data.Entity6.CodeGenerator\\Havit.Data.Entity6.CodeGenerator.csproj
		SccProjectTopLevelParentUniqueName33 = HavitFramework.sln
		SccProjectName33 = Havit.Data.Entity6.CodeGenerator
		SccAuxPath33 = https://tfs.havit.eu/tfs
		SccLocalPath33 = Havit.Data.Entity6.CodeGenerator
		SccProvider33 = {4CA58AB2-18FA-4F8D-95D4-32DDF27D184C}
		SccProjectUniqueName34 = Havit.AspNet.Mvc\\Havit.AspNet.Mvc.csproj
		SccProjectTopLevelParentUniqueName34 = HavitFramework.sln
		SccProjectName34 = Havit.AspNet.Mvc
		SccAuxPath34 = https://tfs.havit.eu/tfs
		SccLocalPath34 = Havit.AspNet.Mvc
		SccProvider34 = {4CA58AB2-18FA-4F8D-95D4-32DDF27D184C}
		SccProjectUniqueName35 = Havit.AspNet.Mvc.Tests\\Havit.AspNet.Mvc.Tests.csproj
		SccProjectTopLevelParentUniqueName35 = HavitFramework.sln
		SccProjectName35 = Havit.AspNet.Mvc.Tests
		SccAuxPath35 = https://tfs.havit.eu/tfs
		SccLocalPath35 = Havit.AspNet.Mvc.Tests
		SccProvider35 = {4CA58AB2-18FA-4F8D-95D4-32DDF27D184C}
	EndGlobalSection
EndGlobal
