
Microsoft Visual Studio Solution File, Format Version 12.00
# Visual Studio Version 17
VisualStudioVersion = 17.0.31410.414
MinimumVisualStudioVersion = 10.0.40219.1
Project("{9A19103F-16F7-4668-BE54-9A1E7A4F7556}") = "BusinessLayerTest", "BusinessLayerTest\BusinessLayerTest.csproj", "{5A35A57F-7D3D-4858-BC69-B91025CDE667}"
EndProject
Project("{9A19103F-16F7-4668-BE54-9A1E7A4F7556}") = "Havit.Business", "Havit.Business\Havit.Business.csproj", "{81995BC1-9F25-4F46-8258-8ED1F965CABB}"
EndProject
Project("{9A19103F-16F7-4668-BE54-9A1E7A4F7556}") = "Havit.Data", "Havit.Data\Havit.Data.csproj", "{703235E0-86C0-44F3-95BB-3D9F39886966}"
EndProject
Project("{9A19103F-16F7-4668-BE54-9A1E7A4F7556}") = "Havit.Data.Entity6", "Havit.Data.Entity6\Havit.Data.Entity6.csproj", "{D7232F24-9DCC-466F-B8AB-E3248E8EDCC6}"
EndProject
Project("{9A19103F-16F7-4668-BE54-9A1E7A4F7556}") = "Havit.Drawing", "Havit.Drawing\Havit.Drawing.csproj", "{0A4C075E-E474-4AD5-8377-5F7C7E3488D8}"
EndProject
Project("{9A19103F-16F7-4668-BE54-9A1E7A4F7556}") = "Havit.Enterprise.Web", "Havit.Enterprise.Web\Havit.Enterprise.Web.csproj", "{7478BEA8-791F-47E9-ADD9-18F2D34619EA}"
EndProject
Project("{9A19103F-16F7-4668-BE54-9A1E7A4F7556}") = "Havit.Model", "Havit.Model\Havit.Model.csproj", "{72A78976-6B9F-4D96-A4C9-441066E44DE4}"
EndProject
Project("{9A19103F-16F7-4668-BE54-9A1E7A4F7556}") = "Havit.PayMuzo", "Havit.PayMuzo\Havit.PayMuzo.csproj", "{23DD2985-0805-4A85-AE9F-DCF95416CF20}"
EndProject
Project("{9A19103F-16F7-4668-BE54-9A1E7A4F7556}") = "Havit.PayPal", "Havit.PayPal\Havit.PayPal.csproj", "{A05AEFC5-6A86-43B8-B9D2-58E557A225DB}"
EndProject
Project("{9A19103F-16F7-4668-BE54-9A1E7A4F7556}") = "Havit.Services", "Havit.Services\Havit.Services.csproj", "{2E4AE0CF-FA21-4FBC-9274-E56BC5D9494E}"
EndProject
Project("{9A19103F-16F7-4668-BE54-9A1E7A4F7556}") = "Havit.Services.Azure", "Havit.Services.Azure\Havit.Services.Azure.csproj", "{7846CA68-E6B0-4943-9285-DE1D48248B84}"
EndProject
Project("{9A19103F-16F7-4668-BE54-9A1E7A4F7556}") = "Havit.Web", "Havit.Web\Havit.Web.csproj", "{52891FB3-CA20-403B-AC25-7D9CA5738B6B}"
EndProject
Project("{FAE04EC0-301F-11D3-BF4B-00C04F79EFBC}") = "WebApplicationTest", "WebApplicationTest\WebApplicationTest.csproj", "{28BB8E7F-089E-494E-9F11-6088C36DD4D0}"
EndProject
Project("{2150E333-8FDC-42A3-9474-1A3956D46DE8}") = "Core Libraries", "Core Libraries", "{DB76A91F-9059-4EB3-9389-C86486BB0DFC}"
EndProject
Project("{2150E333-8FDC-42A3-9474-1A3956D46DE8}") = "EF Libraries", "EF Libraries", "{74DCB1E0-6052-4299-8CEE-42F947F338FA}"
EndProject
Project("{2150E333-8FDC-42A3-9474-1A3956D46DE8}") = "Tests", "Tests", "{9D3050E0-20E0-4CE6-BCBE-CF095A71C394}"
EndProject
Project("{2150E333-8FDC-42A3-9474-1A3956D46DE8}") = "Extension Libraries", "Extension Libraries", "{3D976DB4-23C7-4B7B-8646-C53DAFB813EE}"
EndProject
Project("{2150E333-8FDC-42A3-9474-1A3956D46DE8}") = "EF6", "EF6", "{2C3C8291-8C00-49AC-A914-BC4B74D3DACE}"
EndProject
Project("{2150E333-8FDC-42A3-9474-1A3956D46DE8}") = "_Solution Items", "_Solution Items", "{2E02AA74-2EA7-454D-9D09-FF4254BD0395}"
	ProjectSection(SolutionItems) = preProject
		.editorconfig = .editorconfig
		CommonAssemblyInfo.cs = CommonAssemblyInfo.cs
		DiagnosticsIdentifiers.cs = DiagnosticsIdentifiers.cs
		Directory.Build.props = Directory.Build.props
		NuGet.config = NuGet.config
		NuGet.targets = NuGet.targets
		PackagesDependencyChart.dgml = PackagesDependencyChart.dgml
		UnitTests.targets = UnitTests.targets
	EndProjectSection
EndProject
Project("{2150E333-8FDC-42A3-9474-1A3956D46DE8}") = "Tests", "Tests", "{345552D1-56B8-41F1-9513-AD2F31D2F985}"
EndProject
Project("{9A19103F-16F7-4668-BE54-9A1E7A4F7556}") = "Havit.Data.Entity6.Tests", "Havit.Data.Entity6.Tests\Havit.Data.Entity6.Tests.csproj", "{09DB04EC-99A1-4341-A137-EB724D2B6B37}"
EndProject
Project("{9A19103F-16F7-4668-BE54-9A1E7A4F7556}") = "Havit.Data.Patterns", "Havit.Data.Patterns\Havit.Data.Patterns.csproj", "{8632B9DA-ECB6-4007-AB3F-9C9AECE63D67}"
EndProject
Project("{9A19103F-16F7-4668-BE54-9A1E7A4F7556}") = "Havit.Data.Patterns.Tests", "Havit.Data.Patterns.Tests\Havit.Data.Patterns.Tests.csproj", "{49396189-B298-4F32-8CF5-C0DE92FB4619}"
EndProject
Project("{9A19103F-16F7-4668-BE54-9A1E7A4F7556}") = "Havit.Data.Entity6.Patterns", "Havit.Data.Entity6.Patterns\Havit.Data.Entity6.Patterns.csproj", "{F8682E3B-C697-4E27-BF95-D9C48FE2D693}"
EndProject
Project("{9A19103F-16F7-4668-BE54-9A1E7A4F7556}") = "Havit.Data.Entity6.Patterns.Tests", "Havit.Data.Entity6.Patterns.Tests\Havit.Data.Entity6.Patterns.Tests.csproj", "{B8B21A21-51AC-4E0D-8978-6D6DCC15F7D3}"
EndProject
Project("{9A19103F-16F7-4668-BE54-9A1E7A4F7556}") = "Havit.Data.Entity6.Patterns.Windsor", "Havit.Data.Entity6.Patterns.Windsor\Havit.Data.Entity6.Patterns.Windsor.csproj", "{DCF67A43-0EED-4B20-85E3-F8A7AA1C22B5}"
EndProject
Project("{9A19103F-16F7-4668-BE54-9A1E7A4F7556}") = "Havit.Data.Entity6.CodeGenerator", "Havit.Data.Entity6.CodeGenerator\Havit.Data.Entity6.CodeGenerator.csproj", "{1DAACB7D-93B2-41D2-9B97-37DA3D38A89B}"
EndProject
Project("{2150E333-8FDC-42A3-9474-1A3956D46DE8}") = "Tests", "Tests", "{3C2FD345-B555-4C43-A930-761AC2517EFD}"
EndProject
Project("{9A19103F-16F7-4668-BE54-9A1E7A4F7556}") = "Havit.Services.Tests", "Havit.Services.Tests\Havit.Services.Tests.csproj", "{9B35568E-61D9-4B65-B113-44FE4525C182}"
EndProject
Project("{9A19103F-16F7-4668-BE54-9A1E7A4F7556}") = "Havit.Services.Azure.Tests", "Havit.Services.Azure.Tests\Havit.Services.Azure.Tests.csproj", "{026046B9-4CD5-4F62-8572-52E044DB71F5}"
EndProject
Project("{9A19103F-16F7-4668-BE54-9A1E7A4F7556}") = "Havit.Data.Tests", "Havit.Data.Tests\Havit.Data.Tests.csproj", "{89BE7317-100F-4504-9A30-86907B65C1CF}"
EndProject
Project("{9A19103F-16F7-4668-BE54-9A1E7A4F7556}") = "Havit.Data.Entity6.Patterns.Windsor.Tests", "Havit.Data.Entity6.Patterns.Windsor.Tests\Havit.Data.Entity6.Patterns.Windsor.Tests.csproj", "{107D9E43-CD83-46CE-B027-249AF5BE912B}"
EndProject
Project("{2150E333-8FDC-42A3-9474-1A3956D46DE8}") = "ASP.NET Core", "ASP.NET Core", "{97109FED-C671-49FA-8614-C63D8E5935B9}"
EndProject
Project("{9A19103F-16F7-4668-BE54-9A1E7A4F7556}") = "Havit.Extensions.DependencyInjection.CastleWindsor", "Havit.Extensions.DependencyInjection.CastleWindsor\Havit.Extensions.DependencyInjection.CastleWindsor.csproj", "{B52F1B28-C119-4873-94D1-70952C80FEB6}"
EndProject
Project("{9A19103F-16F7-4668-BE54-9A1E7A4F7556}") = "Havit.Extensions.DependencyInjection.Abstractions", "Havit.Extensions.DependencyInjection.Abstractions\Havit.Extensions.DependencyInjection.Abstractions.csproj", "{0034E8EB-7824-4EFA-ABD4-807841E6CD87}"
EndProject
Project("{9A19103F-16F7-4668-BE54-9A1E7A4F7556}") = "Havit.ApplicationInsights.DependencyCollector", "Havit.ApplicationInsights.DependencyCollector\Havit.ApplicationInsights.DependencyCollector.csproj", "{61B9D33E-D395-470F-B3AC-9875D001BFB0}"
EndProject
Project("{9A19103F-16F7-4668-BE54-9A1E7A4F7556}") = "Havit.AspNetCore.Mvc", "Havit.AspNetCore.Mvc\Havit.AspNetCore.Mvc.csproj", "{85FFB71D-250D-48ED-8389-74BDF66F0201}"
EndProject
Project("{9A19103F-16F7-4668-BE54-9A1E7A4F7556}") = "Havit.GoPay", "Havit.GoPay\Havit.GoPay.csproj", "{81DC52EA-1B5D-496C-9C40-8565D42321D0}"
EndProject
Project("{9A19103F-16F7-4668-BE54-9A1E7A4F7556}") = "Havit.GoPay.Tests", "Havit.GoPay.Tests\Havit.GoPay.Tests.csproj", "{66A7D372-A193-4B2D-9991-64687FBDDB63}"
EndProject
Project("{2150E333-8FDC-42A3-9474-1A3956D46DE8}") = "EFCore", "EFCore", "{E30EB2C7-ECF5-4A27-A7F0-8AE37284A60C}"
EndProject
Project("{9A19103F-16F7-4668-BE54-9A1E7A4F7556}") = "Havit.Data.EntityFrameworkCore", "Havit.Data.EntityFrameworkCore\Havit.Data.EntityFrameworkCore.csproj", "{124CBA3E-8841-4BDC-97D5-B00B6EA8EB74}"
EndProject
Project("{2150E333-8FDC-42A3-9474-1A3956D46DE8}") = "Tests", "Tests", "{9881BA0D-DA46-469B-9E28-9F870A7D13D4}"
EndProject
Project("{2150E333-8FDC-42A3-9474-1A3956D46DE8}") = "Tests", "Tests", "{FA03CDCB-AEFC-49D1-BBAE-5F623BD5A301}"
EndProject
Project("{9A19103F-16F7-4668-BE54-9A1E7A4F7556}") = "Havit.Data.EntityFrameworkCore.Tests", "Havit.Data.EntityFrameworkCore.Tests\Havit.Data.EntityFrameworkCore.Tests.csproj", "{D774171D-1F2C-4327-83F5-E110CBAF2F7C}"
EndProject
Project("{9A19103F-16F7-4668-BE54-9A1E7A4F7556}") = "Havit.Data.EntityFrameworkCore.Patterns", "Havit.Data.EntityFrameworkCore.Patterns\Havit.Data.EntityFrameworkCore.Patterns.csproj", "{04779496-5B84-48B8-A4D8-EED5D739FA19}"
EndProject
Project("{9A19103F-16F7-4668-BE54-9A1E7A4F7556}") = "Havit.Data.EntityFrameworkCore.Patterns.Tests", "Havit.Data.EntityFrameworkCore.Patterns.Tests\Havit.Data.EntityFrameworkCore.Patterns.Tests.csproj", "{E5176E66-6915-43EC-A314-9DF304332532}"
EndProject
Project("{2150E333-8FDC-42A3-9474-1A3956D46DE8}") = "Business Layer", "Business Layer", "{8B4383E1-89EA-46F4-A379-F728CA71A124}"
EndProject
Project("{9A19103F-16F7-4668-BE54-9A1E7A4F7556}") = "Havit.Business.BusinessLayerGenerator", "Havit.Business.BusinessLayerGenerator\Havit.Business.BusinessLayerGenerator.csproj", "{D5B7B479-45B7-4D1F-9C72-63FBC4D21114}"
EndProject
Project("{9A19103F-16F7-4668-BE54-9A1E7A4F7556}") = "Havit.Data.EntityFrameworkCore.CodeGenerator", "Havit.Data.EntityFrameworkCore.CodeGenerator\Havit.Data.EntityFrameworkCore.CodeGenerator.csproj", "{9D793564-5C33-401F-8897-A68F698FD0B3}"
EndProject
Project("{9A19103F-16F7-4668-BE54-9A1E7A4F7556}") = "Havit.Data.EntityFrameworkCore.BusinessLayer", "Havit.Data.EntityFrameworkCore.BusinessLayer\Havit.Data.EntityFrameworkCore.BusinessLayer.csproj", "{C6B51FC5-26D3-449C-AFD3-FB67ED3D4AA7}"
EndProject
Project("{2150E333-8FDC-42A3-9474-1A3956D46DE8}") = "Tests", "Tests", "{1EBE46EC-8DAE-46E6-8755-33A15B8D0FF3}"
EndProject
Project("{9A19103F-16F7-4668-BE54-9A1E7A4F7556}") = "Havit.Data.EntityFrameworkCore.BusinessLayer.Tests", "Havit.Data.EntityFrameworkCore.BusinessLayer.Tests\Havit.Data.EntityFrameworkCore.BusinessLayer.Tests.csproj", "{ECA21C41-AA37-49F6-8B1D-7627F80CC9BB}"
EndProject
Project("{9A19103F-16F7-4668-BE54-9A1E7A4F7556}") = "Havit.Data.EntityFrameworkCore.BusinessLayer.Abstractions", "Havit.Data.EntityFrameworkCore.BusinessLayer.Abstractions\Havit.Data.EntityFrameworkCore.BusinessLayer.Abstractions.csproj", "{EDD0CA2B-EB22-4A8B-A68E-4507B9A360A8}"
EndProject
Project("{2150E333-8FDC-42A3-9474-1A3956D46DE8}") = "EFCoreTests", "EFCoreTests", "{CF4BD356-B8EB-4375-B017-5C5BF2835911}"
EndProject
Project("{9A19103F-16F7-4668-BE54-9A1E7A4F7556}") = "Model", "EFCoreTests\Model\Model.csproj", "{30B68AD2-DD6A-485F-AD1A-D5297FDAEBF1}"
EndProject
Project("{9A19103F-16F7-4668-BE54-9A1E7A4F7556}") = "Entity", "EFCoreTests\Entity\Entity.csproj", "{775B195E-6C1B-4719-A197-87AC3A409529}"
EndProject
Project("{9A19103F-16F7-4668-BE54-9A1E7A4F7556}") = "DataLayer", "EFCoreTests\DataLayer\DataLayer.csproj", "{06614D61-6613-4339-B32C-3DAFD0D4EA49}"
EndProject
Project("{9A19103F-16F7-4668-BE54-9A1E7A4F7556}") = "ConsoleApp", "EFCoreTests\ConsoleApp\ConsoleApp.csproj", "{A4A1B2D5-7F5E-4B46-A633-08612CEA715A}"
EndProject
Project("{9A19103F-16F7-4668-BE54-9A1E7A4F7556}") = "Havit.Data.EntityFrameworkCore.Abstractions", "Havit.Data.EntityFrameworkCore.Abstractions\Havit.Data.EntityFrameworkCore.Abstractions.csproj", "{9D7A1862-8FBD-4E8B-8E9B-535EAC0C6767}"
EndProject
Project("{9A19103F-16F7-4668-BE54-9A1E7A4F7556}") = "Havit.Web.Bootstrap", "Havit.Web.Bootstrap\Havit.Web.Bootstrap.csproj", "{B18482B7-73D8-4943-A05B-C2E9DD366A70}"
EndProject
Project("{9A19103F-16F7-4668-BE54-9A1E7A4F7556}") = "Havit.Web.ClientContent", "Havit.Web.ClientContent\Havit.Web.ClientContent.csproj", "{4BC8EF13-57B4-4805-95A9-D4DDB691B4D7}"
EndProject
Project("{9A19103F-16F7-4668-BE54-9A1E7A4F7556}") = "Havit.Business.BusinessLayerGenerator.NuGetPackage", "Havit.Business.BusinessLayerGenerator.NuGetPackage\Havit.Business.BusinessLayerGenerator.NuGetPackage.csproj", "{E3B66D72-4E10-47F4-B8DF-DD8189438D7E}"
	ProjectSection(ProjectDependencies) = postProject
		{D5B7B479-45B7-4D1F-9C72-63FBC4D21114} = {D5B7B479-45B7-4D1F-9C72-63FBC4D21114}
	EndProjectSection
EndProject
Project("{9A19103F-16F7-4668-BE54-9A1E7A4F7556}") = "Havit.Data.Entity6.CodeGenerator.NuGetPackage", "Havit.Data.Entity6.CodeGenerator.NuGetPackage\Havit.Data.Entity6.CodeGenerator.NuGetPackage.csproj", "{72537877-F968-4889-90F6-920975E0632B}"
	ProjectSection(ProjectDependencies) = postProject
		{1DAACB7D-93B2-41D2-9B97-37DA3D38A89B} = {1DAACB7D-93B2-41D2-9B97-37DA3D38A89B}
	EndProjectSection
EndProject
Project("{9A19103F-16F7-4668-BE54-9A1E7A4F7556}") = "Havit.Data.Configuration.Git", "Havit.Data.Configuration.Git\Havit.Data.Configuration.Git.csproj", "{9ED7C3F5-09E5-444A-AAFC-A90FD84D50AD}"
EndProject
Project("{9A19103F-16F7-4668-BE54-9A1E7A4F7556}") = "Havit.Data.Configuration.Git.Core", "Havit.Data.Configuration.Git.Core\Havit.Data.Configuration.Git.Core.csproj", "{AB4F5DC5-9AD8-4F35-A914-F0AF2C8843B6}"
EndProject
Project("{2150E333-8FDC-42A3-9474-1A3956D46DE8}") = "Tests", "Tests", "{C7AE4385-F52F-4F60-BAE9-19490D36172A}"
EndProject
Project("{9A19103F-16F7-4668-BE54-9A1E7A4F7556}") = "Havit.Extensions.Configuration.ConnectionStrings.Git", "Havit.Extensions.Configuration.ConnectionStrings.Git\Havit.Extensions.Configuration.ConnectionStrings.Git.csproj", "{FB4ADA46-F241-4C5D-9349-D401002928C3}"
EndProject
Project("{9A19103F-16F7-4668-BE54-9A1E7A4F7556}") = "Havit.Data.Configuration.Git.Tests", "Havit.Data.Configuration.Git.Tests\Havit.Data.Configuration.Git.Tests.csproj", "{5D680D82-D254-4974-9AF7-332AA29D12DE}"
EndProject
Project("{9A19103F-16F7-4668-BE54-9A1E7A4F7556}") = "Havit.Model.Tests", "Havit.Model.Tests\Havit.Model.Tests.csproj", "{7FA56A1E-993A-4DC0-9A02-222E9787743C}"
EndProject
Project("{9A19103F-16F7-4668-BE54-9A1E7A4F7556}") = "Havit.Business.Tests", "Havit.Business.Tests\Havit.Business.Tests.csproj", "{43BC0BB2-7598-42DC-BA5B-249B39B72725}"
EndProject
Project("{9A19103F-16F7-4668-BE54-9A1E7A4F7556}") = "Havit.Web.Tests", "Havit.Web.Tests\Havit.Web.Tests.csproj", "{B234340F-59D8-4BAC-9929-7BE7A7FA70C9}"
EndProject
Project("{9A19103F-16F7-4668-BE54-9A1E7A4F7556}") = "Havit.ExceptionTracer.TestApplication", "Havit.ExceptionTracer.TestApplication\Havit.ExceptionTracer.TestApplication.csproj", "{BD615905-0EF2-41B1-A5E6-C24917666CB6}"
EndProject
Project("{9A19103F-16F7-4668-BE54-9A1E7A4F7556}") = "TestConsoleApp", "TestConsoleApp\TestConsoleApp.csproj", "{48219098-7631-4F61-AAE8-A99408BB4FF9}"
EndProject
Project("{9A19103F-16F7-4668-BE54-9A1E7A4F7556}") = "Havit.Core", "Havit.Core\Havit.Core.csproj", "{9F542D56-262C-4569-96FD-84AD9AA7B381}"
EndProject
Project("{9A19103F-16F7-4668-BE54-9A1E7A4F7556}") = "Havit.Core.Tests", "Havit.Core.Tests\Havit.Core.Tests.csproj", "{48BA6236-3B42-41AB-AC48-7F977E85863E}"
EndProject
Project("{9A19103F-16F7-4668-BE54-9A1E7A4F7556}") = "Havit.Services.TestHelpers", "Havit.Services.TestHelpers\Havit.Services.TestHelpers.csproj", "{54196DA6-3753-4457-85FD-637D15FDF088}"
EndProject
Project("{9A19103F-16F7-4668-BE54-9A1E7A4F7556}") = "Havit.Data.EntityFrameworkCore.Migrations", "Havit.Data.EntityFrameworkCore.Migrations\Havit.Data.EntityFrameworkCore.Migrations.csproj", "{FADA8E2B-29EA-4D23-956D-0A5C6796D0A5}"
EndProject
Project("{9A19103F-16F7-4668-BE54-9A1E7A4F7556}") = "Havit.Data.EntityFrameworkCore.Migrations.Tests", "Havit.Data.EntityFrameworkCore.Migrations.Tests\Havit.Data.EntityFrameworkCore.Migrations.Tests.csproj", "{CE34D734-B487-4A43-9464-636CA4AE2C4E}"
EndProject
Project("{9A19103F-16F7-4668-BE54-9A1E7A4F7556}") = "Havit.Extensions.DependencyInjection", "Havit.Extensions.DependencyInjection\Havit.Extensions.DependencyInjection.csproj", "{368433C8-AF93-4B9B-A9D4-C417EC597067}"
EndProject
Project("{2150E333-8FDC-42A3-9474-1A3956D46DE8}") = "Tests", "Tests", "{AF3363A0-2BB8-4372-8937-21BDADB8FD9E}"
EndProject
Project("{9A19103F-16F7-4668-BE54-9A1E7A4F7556}") = "Havit.Extensions.DependencyInjection.Tests", "Havit.Extensions.DependencyInjection.Tests\Havit.Extensions.DependencyInjection.Tests.csproj", "{19BF8B1F-AB9E-4B9B-8108-3AAB5FDF868C}"
EndProject
Project("{9A19103F-16F7-4668-BE54-9A1E7A4F7556}") = "Havit.Data.EntityFrameworkCore.TestHelpers", "Havit.Data.EntityFrameworkCore.TestHelpers\Havit.Data.EntityFrameworkCore.TestHelpers.csproj", "{2B40F55F-3EE8-4C93-8FAA-101233AA0DAA}"
EndProject
Project("{9A19103F-16F7-4668-BE54-9A1E7A4F7556}") = "Havit.Data.EntityFrameworkCore.Migrations.TestHelpers", "Havit.Data.EntityFrameworkCore.Migrations.TestHelpers\Havit.Data.EntityFrameworkCore.Migrations.TestHelpers.csproj", "{3CF71BE1-804A-4C50-9BA9-B0F43026BDF3}"
EndProject
Project("{9A19103F-16F7-4668-BE54-9A1E7A4F7556}") = "Havit.Data.SqlClient.Azure", "Havit.Data.SqlClient.Azure\Havit.Data.SqlClient.Azure.csproj", "{D5D11773-73CC-4921-B149-1BDA08D14516}"
EndProject
Project("{9A19103F-16F7-4668-BE54-9A1E7A4F7556}") = "Havit.Data.SqlClient.Azure.Tests", "Havit.Data.SqlClient.Azure.Tests\Havit.Data.SqlClient.Azure.Tests.csproj", "{30F5F30B-EA09-4F4A-B496-D63195ED2931}"
EndProject
Project("{9A19103F-16F7-4668-BE54-9A1E7A4F7556}") = "Havit.Data.Entity6.Azure", "Havit.Data.Entity6.Azure\Havit.Data.Entity6.Azure.csproj", "{39988442-B3C9-4ECE-84EE-7BAD90D9D3D9}"
EndProject
Project("{9A19103F-16F7-4668-BE54-9A1E7A4F7556}") = "Havit.Hangfire.Extensions", "Havit.Hangfire.Extensions\Havit.Hangfire.Extensions.csproj", "{017E59EF-5FA0-4124-A30D-534ED592963F}"
EndProject
Project("{9A19103F-16F7-4668-BE54-9A1E7A4F7556}") = "Havit.AspNetCore", "Havit.AspNetCore\Havit.AspNetCore.csproj", "{9931A336-C78B-4F58-888C-73D96E8ED775}"
EndProject
Project("{9A19103F-16F7-4668-BE54-9A1E7A4F7556}") = "Havit.Data.EntityFrameworkCore.CodeGenerator.Tool", "Havit.Data.EntityFrameworkCore.CodeGenerator.Tool\Havit.Data.EntityFrameworkCore.CodeGenerator.Tool.csproj", "{D29CF3C3-421E-4157-8EEE-6B17963138CD}"
EndProject
Project("{9A19103F-16F7-4668-BE54-9A1E7A4F7556}") = "Havit.Extensions.DependencyInjection.CastleWindsor.Tests", "Havit.Extensions.DependencyInjection.CastleWindsor.Tests\Havit.Extensions.DependencyInjection.CastleWindsor.Tests.csproj", "{7284E2E9-D8C4-4DF4-9F44-F98644DB9AAB}"
EndProject
Project("{9A19103F-16F7-4668-BE54-9A1E7A4F7556}") = "Havit.Extensions.DependencyInjection.Abstractions.Tests", "Havit.Extensions.DependencyInjection.Abstractions.Tests\Havit.Extensions.DependencyInjection.Abstractions.Tests.csproj", "{E5255E5D-AD59-41D8-804B-F662A20BF113}"
EndProject
Project("{9A19103F-16F7-4668-BE54-9A1E7A4F7556}") = "Havit.AspNetCore.Tests", "Havit.AspNetCore.Tests\Havit.AspNetCore.Tests.csproj", "{42A4FC40-67F2-4E99-BDB9-D45EFB4CD272}"
EndProject
Project("{9A19103F-16F7-4668-BE54-9A1E7A4F7556}") = "HangfireApp", "HangfireApp\HangfireApp.csproj", "{9E01D7C0-199F-44B7-967A-15CE76FC10B2}"
EndProject
Project("{9A19103F-16F7-4668-BE54-9A1E7A4F7556}") = "HangfireWeb", "HangfireWeb\HangfireWeb.csproj", "{9F7C91A3-A91C-4CDA-8407-432B2229C1BE}"
EndProject
Project("{9A19103F-16F7-4668-BE54-9A1E7A4F7556}") = "HangfireJobs", "HangfireJobs\HangfireJobs.csproj", "{12062C11-F9FE-46A2-8D03-CBBF6B8680CD}"
EndProject
Project("{2150E333-8FDC-42A3-9474-1A3956D46DE8}") = "Hangfire", "Hangfire", "{BC8AF1A3-FB36-48A9-B665-C2C247B57947}"
EndProject
Project("{9A19103F-16F7-4668-BE54-9A1E7A4F7556}") = "Havit.Services.Sftp", "Havit.Services.Sftp\Havit.Services.Sftp.csproj", "{4C012223-386E-42DE-8BFD-4F27BFB11375}"
EndProject
Project("{9A19103F-16F7-4668-BE54-9A1E7A4F7556}") = "Havit.Services.Sftp.Tests", "Havit.Services.Sftp.Tests\Havit.Services.Sftp.Tests.csproj", "{021C9914-A6B4-47F4-834A-A70365A88BA2}"
EndProject
Project("{9A19103F-16F7-4668-BE54-9A1E7A4F7556}") = "Havit.Ares", "Havit.Ares\Havit.Ares.csproj", "{B9D0D6C7-DC2D-4865-A12E-BDDDC6FE256F}"
EndProject
Project("{9A19103F-16F7-4668-BE54-9A1E7A4F7556}") = "Havit.Ares.Tests", "Havit.Ares.Tests\Havit.Ares.Tests.csproj", "{7B4FBAF8-E4F4-47FE-A38C-E72AD1D1A640}"
EndProject
Project("{9A19103F-16F7-4668-BE54-9A1E7A4F7556}") = "Havit.PersonalDataInterchange", "Havit.PersonalDataInterchange\Havit.PersonalDataInterchange.csproj", "{67A6F0A1-8633-40BC-AA3B-48C13BDFC01C}"
EndProject
Project("{9A19103F-16F7-4668-BE54-9A1E7A4F7556}") = "Havit.PersonalDataInterchange.Tests", "Havit.PersonalDataInterchange.Tests\Havit.PersonalDataInterchange.Tests.csproj", "{E5E1F7B1-54F7-4595-8232-283602CFB8EB}"
EndProject
Project("{9A19103F-16F7-4668-BE54-9A1E7A4F7556}") = "Havit.Services.Net8.Tests", "Havit.Services.Net8.Tests\Havit.Services.Net8.Tests.csproj", "{FAC7D619-0F90-4E85-974A-D31088388E51}"
EndProject
Project("{FAE04EC0-301F-11D3-BF4B-00C04F79EFBC}") = "Havit.Extensions.DependencyInjection.SourceGenerators", "Havit.Extensions.DependencyInjection.SourceGenerators\Havit.Extensions.DependencyInjection.SourceGenerators.csproj", "{CEB3312D-3E46-4553-B877-5D1F9D58B371}"
EndProject
Project("{FAE04EC0-301F-11D3-BF4B-00C04F79EFBC}") = "Havit.Extensions.DependencyInjection.SourceGenerators.Tests", "Havit.Extensions.DependencyInjection.SourceGenerators.Tests\Havit.Extensions.DependencyInjection.SourceGenerators.Tests.csproj", "{2B6400DB-EF5B-4566-9A7D-0BE1F292A9EA}"
EndProject
Project("{FAE04EC0-301F-11D3-BF4B-00C04F79EFBC}") = "BenchmarkApp", "BenchmarkApp\BenchmarkApp.csproj", "{9B7122E4-63E0-44AC-BC17-E69DF4114421}"
EndProject
Project("{FAE04EC0-301F-11D3-BF4B-00C04F79EFBC}") = "Havit.Services.SignalR", "Havit.Services.SignalR\Havit.Services.SignalR.csproj", "{E93997EC-553B-46C1-AAF8-67718DA2F96B}"
EndProject
Project("{FAE04EC0-301F-11D3-BF4B-00C04F79EFBC}") = "Havit.Services.SignalR.Tests", "Havit.Services.SignalR.Tests\Havit.Services.SignalR.Tests.csproj", "{1A320C3D-130E-4790-AE19-638E69C7F810}"
EndProject
Project("{FAE04EC0-301F-11D3-BF4B-00C04F79EFBC}") = "Havit.Services.SignalR.ConsoleApp", "Havit.Services.SignalR.ConsoleApp\Havit.Services.SignalR.ConsoleApp.csproj", "{4D8D72DA-FB56-4B4B-948E-B37B99D52855}"
EndProject
Project("{2150E333-8FDC-42A3-9474-1A3956D46DE8}") = "ASP.NET", "ASP.NET", "{173AB160-78FE-4D7C-9DB4-3E7BFD0C243D}"
EndProject
Project("{2150E333-8FDC-42A3-9474-1A3956D46DE8}") = "Tests", "Tests", "{2A3094AF-ACAB-4046-8AB7-88D6D0EAA1A8}"
EndProject
Global
	GlobalSection(SolutionConfigurationPlatforms) = preSolution
		Debug|Any CPU = Debug|Any CPU
		Release|Any CPU = Release|Any CPU
	EndGlobalSection
	GlobalSection(ProjectConfigurationPlatforms) = postSolution
		{5A35A57F-7D3D-4858-BC69-B91025CDE667}.Debug|Any CPU.ActiveCfg = Debug|Any CPU
		{5A35A57F-7D3D-4858-BC69-B91025CDE667}.Debug|Any CPU.Build.0 = Debug|Any CPU
		{5A35A57F-7D3D-4858-BC69-B91025CDE667}.Release|Any CPU.ActiveCfg = Release|Any CPU
		{5A35A57F-7D3D-4858-BC69-B91025CDE667}.Release|Any CPU.Build.0 = Release|Any CPU
		{81995BC1-9F25-4F46-8258-8ED1F965CABB}.Debug|Any CPU.ActiveCfg = Debug|Any CPU
		{81995BC1-9F25-4F46-8258-8ED1F965CABB}.Debug|Any CPU.Build.0 = Debug|Any CPU
		{81995BC1-9F25-4F46-8258-8ED1F965CABB}.Release|Any CPU.ActiveCfg = Release|Any CPU
		{81995BC1-9F25-4F46-8258-8ED1F965CABB}.Release|Any CPU.Build.0 = Release|Any CPU
		{703235E0-86C0-44F3-95BB-3D9F39886966}.Debug|Any CPU.ActiveCfg = Debug|Any CPU
		{703235E0-86C0-44F3-95BB-3D9F39886966}.Debug|Any CPU.Build.0 = Debug|Any CPU
		{703235E0-86C0-44F3-95BB-3D9F39886966}.Release|Any CPU.ActiveCfg = Release|Any CPU
		{703235E0-86C0-44F3-95BB-3D9F39886966}.Release|Any CPU.Build.0 = Release|Any CPU
		{D7232F24-9DCC-466F-B8AB-E3248E8EDCC6}.Debug|Any CPU.ActiveCfg = Debug|Any CPU
		{D7232F24-9DCC-466F-B8AB-E3248E8EDCC6}.Debug|Any CPU.Build.0 = Debug|Any CPU
		{D7232F24-9DCC-466F-B8AB-E3248E8EDCC6}.Release|Any CPU.ActiveCfg = Release|Any CPU
		{D7232F24-9DCC-466F-B8AB-E3248E8EDCC6}.Release|Any CPU.Build.0 = Release|Any CPU
		{0A4C075E-E474-4AD5-8377-5F7C7E3488D8}.Debug|Any CPU.ActiveCfg = Debug|Any CPU
		{0A4C075E-E474-4AD5-8377-5F7C7E3488D8}.Debug|Any CPU.Build.0 = Debug|Any CPU
		{0A4C075E-E474-4AD5-8377-5F7C7E3488D8}.Release|Any CPU.ActiveCfg = Release|Any CPU
		{0A4C075E-E474-4AD5-8377-5F7C7E3488D8}.Release|Any CPU.Build.0 = Release|Any CPU
		{7478BEA8-791F-47E9-ADD9-18F2D34619EA}.Debug|Any CPU.ActiveCfg = Debug|Any CPU
		{7478BEA8-791F-47E9-ADD9-18F2D34619EA}.Debug|Any CPU.Build.0 = Debug|Any CPU
		{7478BEA8-791F-47E9-ADD9-18F2D34619EA}.Release|Any CPU.ActiveCfg = Release|Any CPU
		{7478BEA8-791F-47E9-ADD9-18F2D34619EA}.Release|Any CPU.Build.0 = Release|Any CPU
		{72A78976-6B9F-4D96-A4C9-441066E44DE4}.Debug|Any CPU.ActiveCfg = Debug|Any CPU
		{72A78976-6B9F-4D96-A4C9-441066E44DE4}.Debug|Any CPU.Build.0 = Debug|Any CPU
		{72A78976-6B9F-4D96-A4C9-441066E44DE4}.Release|Any CPU.ActiveCfg = Release|Any CPU
		{72A78976-6B9F-4D96-A4C9-441066E44DE4}.Release|Any CPU.Build.0 = Release|Any CPU
		{23DD2985-0805-4A85-AE9F-DCF95416CF20}.Debug|Any CPU.ActiveCfg = Debug|Any CPU
		{23DD2985-0805-4A85-AE9F-DCF95416CF20}.Debug|Any CPU.Build.0 = Debug|Any CPU
		{23DD2985-0805-4A85-AE9F-DCF95416CF20}.Release|Any CPU.ActiveCfg = Release|Any CPU
		{23DD2985-0805-4A85-AE9F-DCF95416CF20}.Release|Any CPU.Build.0 = Release|Any CPU
		{A05AEFC5-6A86-43B8-B9D2-58E557A225DB}.Debug|Any CPU.ActiveCfg = Debug|Any CPU
		{A05AEFC5-6A86-43B8-B9D2-58E557A225DB}.Debug|Any CPU.Build.0 = Debug|Any CPU
		{A05AEFC5-6A86-43B8-B9D2-58E557A225DB}.Release|Any CPU.ActiveCfg = Release|Any CPU
		{A05AEFC5-6A86-43B8-B9D2-58E557A225DB}.Release|Any CPU.Build.0 = Release|Any CPU
		{2E4AE0CF-FA21-4FBC-9274-E56BC5D9494E}.Debug|Any CPU.ActiveCfg = Debug|Any CPU
		{2E4AE0CF-FA21-4FBC-9274-E56BC5D9494E}.Debug|Any CPU.Build.0 = Debug|Any CPU
		{2E4AE0CF-FA21-4FBC-9274-E56BC5D9494E}.Release|Any CPU.ActiveCfg = Release|Any CPU
		{2E4AE0CF-FA21-4FBC-9274-E56BC5D9494E}.Release|Any CPU.Build.0 = Release|Any CPU
		{7846CA68-E6B0-4943-9285-DE1D48248B84}.Debug|Any CPU.ActiveCfg = Debug|Any CPU
		{7846CA68-E6B0-4943-9285-DE1D48248B84}.Debug|Any CPU.Build.0 = Debug|Any CPU
		{7846CA68-E6B0-4943-9285-DE1D48248B84}.Release|Any CPU.ActiveCfg = Release|Any CPU
		{7846CA68-E6B0-4943-9285-DE1D48248B84}.Release|Any CPU.Build.0 = Release|Any CPU
		{52891FB3-CA20-403B-AC25-7D9CA5738B6B}.Debug|Any CPU.ActiveCfg = Debug|Any CPU
		{52891FB3-CA20-403B-AC25-7D9CA5738B6B}.Debug|Any CPU.Build.0 = Debug|Any CPU
		{52891FB3-CA20-403B-AC25-7D9CA5738B6B}.Release|Any CPU.ActiveCfg = Release|Any CPU
		{52891FB3-CA20-403B-AC25-7D9CA5738B6B}.Release|Any CPU.Build.0 = Release|Any CPU
		{28BB8E7F-089E-494E-9F11-6088C36DD4D0}.Debug|Any CPU.ActiveCfg = Debug|Any CPU
		{28BB8E7F-089E-494E-9F11-6088C36DD4D0}.Debug|Any CPU.Build.0 = Debug|Any CPU
		{28BB8E7F-089E-494E-9F11-6088C36DD4D0}.Release|Any CPU.ActiveCfg = Release|Any CPU
		{28BB8E7F-089E-494E-9F11-6088C36DD4D0}.Release|Any CPU.Build.0 = Release|Any CPU
		{09DB04EC-99A1-4341-A137-EB724D2B6B37}.Debug|Any CPU.ActiveCfg = Debug|Any CPU
		{09DB04EC-99A1-4341-A137-EB724D2B6B37}.Debug|Any CPU.Build.0 = Debug|Any CPU
		{09DB04EC-99A1-4341-A137-EB724D2B6B37}.Release|Any CPU.ActiveCfg = Release|Any CPU
		{09DB04EC-99A1-4341-A137-EB724D2B6B37}.Release|Any CPU.Build.0 = Release|Any CPU
		{8632B9DA-ECB6-4007-AB3F-9C9AECE63D67}.Debug|Any CPU.ActiveCfg = Debug|Any CPU
		{8632B9DA-ECB6-4007-AB3F-9C9AECE63D67}.Debug|Any CPU.Build.0 = Debug|Any CPU
		{8632B9DA-ECB6-4007-AB3F-9C9AECE63D67}.Release|Any CPU.ActiveCfg = Release|Any CPU
		{8632B9DA-ECB6-4007-AB3F-9C9AECE63D67}.Release|Any CPU.Build.0 = Release|Any CPU
		{49396189-B298-4F32-8CF5-C0DE92FB4619}.Debug|Any CPU.ActiveCfg = Debug|Any CPU
		{49396189-B298-4F32-8CF5-C0DE92FB4619}.Debug|Any CPU.Build.0 = Debug|Any CPU
		{49396189-B298-4F32-8CF5-C0DE92FB4619}.Release|Any CPU.ActiveCfg = Release|Any CPU
		{49396189-B298-4F32-8CF5-C0DE92FB4619}.Release|Any CPU.Build.0 = Release|Any CPU
		{F8682E3B-C697-4E27-BF95-D9C48FE2D693}.Debug|Any CPU.ActiveCfg = Debug|Any CPU
		{F8682E3B-C697-4E27-BF95-D9C48FE2D693}.Debug|Any CPU.Build.0 = Debug|Any CPU
		{F8682E3B-C697-4E27-BF95-D9C48FE2D693}.Release|Any CPU.ActiveCfg = Release|Any CPU
		{F8682E3B-C697-4E27-BF95-D9C48FE2D693}.Release|Any CPU.Build.0 = Release|Any CPU
		{B8B21A21-51AC-4E0D-8978-6D6DCC15F7D3}.Debug|Any CPU.ActiveCfg = Debug|Any CPU
		{B8B21A21-51AC-4E0D-8978-6D6DCC15F7D3}.Debug|Any CPU.Build.0 = Debug|Any CPU
		{B8B21A21-51AC-4E0D-8978-6D6DCC15F7D3}.Release|Any CPU.ActiveCfg = Release|Any CPU
		{B8B21A21-51AC-4E0D-8978-6D6DCC15F7D3}.Release|Any CPU.Build.0 = Release|Any CPU
		{DCF67A43-0EED-4B20-85E3-F8A7AA1C22B5}.Debug|Any CPU.ActiveCfg = Debug|Any CPU
		{DCF67A43-0EED-4B20-85E3-F8A7AA1C22B5}.Debug|Any CPU.Build.0 = Debug|Any CPU
		{DCF67A43-0EED-4B20-85E3-F8A7AA1C22B5}.Release|Any CPU.ActiveCfg = Release|Any CPU
		{DCF67A43-0EED-4B20-85E3-F8A7AA1C22B5}.Release|Any CPU.Build.0 = Release|Any CPU
		{1DAACB7D-93B2-41D2-9B97-37DA3D38A89B}.Debug|Any CPU.ActiveCfg = Debug|Any CPU
		{1DAACB7D-93B2-41D2-9B97-37DA3D38A89B}.Debug|Any CPU.Build.0 = Debug|Any CPU
		{1DAACB7D-93B2-41D2-9B97-37DA3D38A89B}.Release|Any CPU.ActiveCfg = Release|Any CPU
		{1DAACB7D-93B2-41D2-9B97-37DA3D38A89B}.Release|Any CPU.Build.0 = Release|Any CPU
		{9B35568E-61D9-4B65-B113-44FE4525C182}.Debug|Any CPU.ActiveCfg = Debug|Any CPU
		{9B35568E-61D9-4B65-B113-44FE4525C182}.Debug|Any CPU.Build.0 = Debug|Any CPU
		{9B35568E-61D9-4B65-B113-44FE4525C182}.Release|Any CPU.ActiveCfg = Release|Any CPU
		{9B35568E-61D9-4B65-B113-44FE4525C182}.Release|Any CPU.Build.0 = Release|Any CPU
		{026046B9-4CD5-4F62-8572-52E044DB71F5}.Debug|Any CPU.ActiveCfg = Debug|Any CPU
		{026046B9-4CD5-4F62-8572-52E044DB71F5}.Debug|Any CPU.Build.0 = Debug|Any CPU
		{026046B9-4CD5-4F62-8572-52E044DB71F5}.Release|Any CPU.ActiveCfg = Release|Any CPU
		{026046B9-4CD5-4F62-8572-52E044DB71F5}.Release|Any CPU.Build.0 = Release|Any CPU
		{89BE7317-100F-4504-9A30-86907B65C1CF}.Debug|Any CPU.ActiveCfg = Debug|Any CPU
		{89BE7317-100F-4504-9A30-86907B65C1CF}.Debug|Any CPU.Build.0 = Debug|Any CPU
		{89BE7317-100F-4504-9A30-86907B65C1CF}.Release|Any CPU.ActiveCfg = Release|Any CPU
		{89BE7317-100F-4504-9A30-86907B65C1CF}.Release|Any CPU.Build.0 = Release|Any CPU
		{107D9E43-CD83-46CE-B027-249AF5BE912B}.Debug|Any CPU.ActiveCfg = Debug|Any CPU
		{107D9E43-CD83-46CE-B027-249AF5BE912B}.Debug|Any CPU.Build.0 = Debug|Any CPU
		{107D9E43-CD83-46CE-B027-249AF5BE912B}.Release|Any CPU.ActiveCfg = Release|Any CPU
		{107D9E43-CD83-46CE-B027-249AF5BE912B}.Release|Any CPU.Build.0 = Release|Any CPU
		{B52F1B28-C119-4873-94D1-70952C80FEB6}.Debug|Any CPU.ActiveCfg = Debug|Any CPU
		{B52F1B28-C119-4873-94D1-70952C80FEB6}.Debug|Any CPU.Build.0 = Debug|Any CPU
		{B52F1B28-C119-4873-94D1-70952C80FEB6}.Release|Any CPU.ActiveCfg = Release|Any CPU
		{B52F1B28-C119-4873-94D1-70952C80FEB6}.Release|Any CPU.Build.0 = Release|Any CPU
		{0034E8EB-7824-4EFA-ABD4-807841E6CD87}.Debug|Any CPU.ActiveCfg = Debug|Any CPU
		{0034E8EB-7824-4EFA-ABD4-807841E6CD87}.Debug|Any CPU.Build.0 = Debug|Any CPU
		{0034E8EB-7824-4EFA-ABD4-807841E6CD87}.Release|Any CPU.ActiveCfg = Release|Any CPU
		{0034E8EB-7824-4EFA-ABD4-807841E6CD87}.Release|Any CPU.Build.0 = Release|Any CPU
		{61B9D33E-D395-470F-B3AC-9875D001BFB0}.Debug|Any CPU.ActiveCfg = Debug|Any CPU
		{61B9D33E-D395-470F-B3AC-9875D001BFB0}.Debug|Any CPU.Build.0 = Debug|Any CPU
		{61B9D33E-D395-470F-B3AC-9875D001BFB0}.Release|Any CPU.ActiveCfg = Release|Any CPU
		{61B9D33E-D395-470F-B3AC-9875D001BFB0}.Release|Any CPU.Build.0 = Release|Any CPU
		{85FFB71D-250D-48ED-8389-74BDF66F0201}.Debug|Any CPU.ActiveCfg = Debug|Any CPU
		{85FFB71D-250D-48ED-8389-74BDF66F0201}.Debug|Any CPU.Build.0 = Debug|Any CPU
		{85FFB71D-250D-48ED-8389-74BDF66F0201}.Release|Any CPU.ActiveCfg = Release|Any CPU
		{85FFB71D-250D-48ED-8389-74BDF66F0201}.Release|Any CPU.Build.0 = Release|Any CPU
		{81DC52EA-1B5D-496C-9C40-8565D42321D0}.Debug|Any CPU.ActiveCfg = Debug|Any CPU
		{81DC52EA-1B5D-496C-9C40-8565D42321D0}.Debug|Any CPU.Build.0 = Debug|Any CPU
		{81DC52EA-1B5D-496C-9C40-8565D42321D0}.Release|Any CPU.ActiveCfg = Release|Any CPU
		{81DC52EA-1B5D-496C-9C40-8565D42321D0}.Release|Any CPU.Build.0 = Release|Any CPU
		{66A7D372-A193-4B2D-9991-64687FBDDB63}.Debug|Any CPU.ActiveCfg = Debug|Any CPU
		{66A7D372-A193-4B2D-9991-64687FBDDB63}.Debug|Any CPU.Build.0 = Debug|Any CPU
		{66A7D372-A193-4B2D-9991-64687FBDDB63}.Release|Any CPU.ActiveCfg = Release|Any CPU
		{66A7D372-A193-4B2D-9991-64687FBDDB63}.Release|Any CPU.Build.0 = Release|Any CPU
		{124CBA3E-8841-4BDC-97D5-B00B6EA8EB74}.Debug|Any CPU.ActiveCfg = Debug|Any CPU
		{124CBA3E-8841-4BDC-97D5-B00B6EA8EB74}.Debug|Any CPU.Build.0 = Debug|Any CPU
		{124CBA3E-8841-4BDC-97D5-B00B6EA8EB74}.Release|Any CPU.ActiveCfg = Release|Any CPU
		{124CBA3E-8841-4BDC-97D5-B00B6EA8EB74}.Release|Any CPU.Build.0 = Release|Any CPU
		{D774171D-1F2C-4327-83F5-E110CBAF2F7C}.Debug|Any CPU.ActiveCfg = Debug|Any CPU
		{D774171D-1F2C-4327-83F5-E110CBAF2F7C}.Debug|Any CPU.Build.0 = Debug|Any CPU
		{D774171D-1F2C-4327-83F5-E110CBAF2F7C}.Release|Any CPU.ActiveCfg = Release|Any CPU
		{D774171D-1F2C-4327-83F5-E110CBAF2F7C}.Release|Any CPU.Build.0 = Release|Any CPU
		{04779496-5B84-48B8-A4D8-EED5D739FA19}.Debug|Any CPU.ActiveCfg = Debug|Any CPU
		{04779496-5B84-48B8-A4D8-EED5D739FA19}.Debug|Any CPU.Build.0 = Debug|Any CPU
		{04779496-5B84-48B8-A4D8-EED5D739FA19}.Release|Any CPU.ActiveCfg = Release|Any CPU
		{04779496-5B84-48B8-A4D8-EED5D739FA19}.Release|Any CPU.Build.0 = Release|Any CPU
		{E5176E66-6915-43EC-A314-9DF304332532}.Debug|Any CPU.ActiveCfg = Debug|Any CPU
		{E5176E66-6915-43EC-A314-9DF304332532}.Debug|Any CPU.Build.0 = Debug|Any CPU
		{E5176E66-6915-43EC-A314-9DF304332532}.Release|Any CPU.ActiveCfg = Release|Any CPU
		{E5176E66-6915-43EC-A314-9DF304332532}.Release|Any CPU.Build.0 = Release|Any CPU
		{D5B7B479-45B7-4D1F-9C72-63FBC4D21114}.Debug|Any CPU.ActiveCfg = Debug|Any CPU
		{D5B7B479-45B7-4D1F-9C72-63FBC4D21114}.Debug|Any CPU.Build.0 = Debug|Any CPU
		{D5B7B479-45B7-4D1F-9C72-63FBC4D21114}.Release|Any CPU.ActiveCfg = Release|Any CPU
		{D5B7B479-45B7-4D1F-9C72-63FBC4D21114}.Release|Any CPU.Build.0 = Release|Any CPU
		{9D793564-5C33-401F-8897-A68F698FD0B3}.Debug|Any CPU.ActiveCfg = Debug|Any CPU
		{9D793564-5C33-401F-8897-A68F698FD0B3}.Debug|Any CPU.Build.0 = Debug|Any CPU
		{9D793564-5C33-401F-8897-A68F698FD0B3}.Release|Any CPU.ActiveCfg = Release|Any CPU
		{9D793564-5C33-401F-8897-A68F698FD0B3}.Release|Any CPU.Build.0 = Release|Any CPU
		{C6B51FC5-26D3-449C-AFD3-FB67ED3D4AA7}.Debug|Any CPU.ActiveCfg = Debug|Any CPU
		{C6B51FC5-26D3-449C-AFD3-FB67ED3D4AA7}.Debug|Any CPU.Build.0 = Debug|Any CPU
		{C6B51FC5-26D3-449C-AFD3-FB67ED3D4AA7}.Release|Any CPU.ActiveCfg = Release|Any CPU
		{C6B51FC5-26D3-449C-AFD3-FB67ED3D4AA7}.Release|Any CPU.Build.0 = Release|Any CPU
		{ECA21C41-AA37-49F6-8B1D-7627F80CC9BB}.Debug|Any CPU.ActiveCfg = Debug|Any CPU
		{ECA21C41-AA37-49F6-8B1D-7627F80CC9BB}.Debug|Any CPU.Build.0 = Debug|Any CPU
		{ECA21C41-AA37-49F6-8B1D-7627F80CC9BB}.Release|Any CPU.ActiveCfg = Release|Any CPU
		{ECA21C41-AA37-49F6-8B1D-7627F80CC9BB}.Release|Any CPU.Build.0 = Release|Any CPU
		{EDD0CA2B-EB22-4A8B-A68E-4507B9A360A8}.Debug|Any CPU.ActiveCfg = Debug|Any CPU
		{EDD0CA2B-EB22-4A8B-A68E-4507B9A360A8}.Debug|Any CPU.Build.0 = Debug|Any CPU
		{EDD0CA2B-EB22-4A8B-A68E-4507B9A360A8}.Release|Any CPU.ActiveCfg = Release|Any CPU
		{EDD0CA2B-EB22-4A8B-A68E-4507B9A360A8}.Release|Any CPU.Build.0 = Release|Any CPU
		{30B68AD2-DD6A-485F-AD1A-D5297FDAEBF1}.Debug|Any CPU.ActiveCfg = Debug|Any CPU
		{30B68AD2-DD6A-485F-AD1A-D5297FDAEBF1}.Debug|Any CPU.Build.0 = Debug|Any CPU
		{30B68AD2-DD6A-485F-AD1A-D5297FDAEBF1}.Release|Any CPU.ActiveCfg = Release|Any CPU
		{30B68AD2-DD6A-485F-AD1A-D5297FDAEBF1}.Release|Any CPU.Build.0 = Release|Any CPU
		{775B195E-6C1B-4719-A197-87AC3A409529}.Debug|Any CPU.ActiveCfg = Debug|Any CPU
		{775B195E-6C1B-4719-A197-87AC3A409529}.Debug|Any CPU.Build.0 = Debug|Any CPU
		{775B195E-6C1B-4719-A197-87AC3A409529}.Release|Any CPU.ActiveCfg = Release|Any CPU
		{775B195E-6C1B-4719-A197-87AC3A409529}.Release|Any CPU.Build.0 = Release|Any CPU
		{06614D61-6613-4339-B32C-3DAFD0D4EA49}.Debug|Any CPU.ActiveCfg = Debug|Any CPU
		{06614D61-6613-4339-B32C-3DAFD0D4EA49}.Debug|Any CPU.Build.0 = Debug|Any CPU
		{06614D61-6613-4339-B32C-3DAFD0D4EA49}.Release|Any CPU.ActiveCfg = Release|Any CPU
		{06614D61-6613-4339-B32C-3DAFD0D4EA49}.Release|Any CPU.Build.0 = Release|Any CPU
		{A4A1B2D5-7F5E-4B46-A633-08612CEA715A}.Debug|Any CPU.ActiveCfg = Debug|Any CPU
		{A4A1B2D5-7F5E-4B46-A633-08612CEA715A}.Debug|Any CPU.Build.0 = Debug|Any CPU
		{A4A1B2D5-7F5E-4B46-A633-08612CEA715A}.Release|Any CPU.ActiveCfg = Release|Any CPU
		{A4A1B2D5-7F5E-4B46-A633-08612CEA715A}.Release|Any CPU.Build.0 = Release|Any CPU
		{9D7A1862-8FBD-4E8B-8E9B-535EAC0C6767}.Debug|Any CPU.ActiveCfg = Debug|Any CPU
		{9D7A1862-8FBD-4E8B-8E9B-535EAC0C6767}.Debug|Any CPU.Build.0 = Debug|Any CPU
		{9D7A1862-8FBD-4E8B-8E9B-535EAC0C6767}.Release|Any CPU.ActiveCfg = Release|Any CPU
		{9D7A1862-8FBD-4E8B-8E9B-535EAC0C6767}.Release|Any CPU.Build.0 = Release|Any CPU
		{B18482B7-73D8-4943-A05B-C2E9DD366A70}.Debug|Any CPU.ActiveCfg = Debug|Any CPU
		{B18482B7-73D8-4943-A05B-C2E9DD366A70}.Debug|Any CPU.Build.0 = Debug|Any CPU
		{B18482B7-73D8-4943-A05B-C2E9DD366A70}.Release|Any CPU.ActiveCfg = Release|Any CPU
		{B18482B7-73D8-4943-A05B-C2E9DD366A70}.Release|Any CPU.Build.0 = Release|Any CPU
		{4BC8EF13-57B4-4805-95A9-D4DDB691B4D7}.Debug|Any CPU.ActiveCfg = Debug|Any CPU
		{4BC8EF13-57B4-4805-95A9-D4DDB691B4D7}.Debug|Any CPU.Build.0 = Debug|Any CPU
		{4BC8EF13-57B4-4805-95A9-D4DDB691B4D7}.Release|Any CPU.ActiveCfg = Release|Any CPU
		{4BC8EF13-57B4-4805-95A9-D4DDB691B4D7}.Release|Any CPU.Build.0 = Release|Any CPU
		{E3B66D72-4E10-47F4-B8DF-DD8189438D7E}.Debug|Any CPU.ActiveCfg = Debug|Any CPU
		{E3B66D72-4E10-47F4-B8DF-DD8189438D7E}.Debug|Any CPU.Build.0 = Debug|Any CPU
		{E3B66D72-4E10-47F4-B8DF-DD8189438D7E}.Release|Any CPU.ActiveCfg = Release|Any CPU
		{E3B66D72-4E10-47F4-B8DF-DD8189438D7E}.Release|Any CPU.Build.0 = Release|Any CPU
		{72537877-F968-4889-90F6-920975E0632B}.Debug|Any CPU.ActiveCfg = Debug|Any CPU
		{72537877-F968-4889-90F6-920975E0632B}.Debug|Any CPU.Build.0 = Debug|Any CPU
		{72537877-F968-4889-90F6-920975E0632B}.Release|Any CPU.ActiveCfg = Release|Any CPU
		{72537877-F968-4889-90F6-920975E0632B}.Release|Any CPU.Build.0 = Release|Any CPU
		{9ED7C3F5-09E5-444A-AAFC-A90FD84D50AD}.Debug|Any CPU.ActiveCfg = Debug|Any CPU
		{9ED7C3F5-09E5-444A-AAFC-A90FD84D50AD}.Debug|Any CPU.Build.0 = Debug|Any CPU
		{9ED7C3F5-09E5-444A-AAFC-A90FD84D50AD}.Release|Any CPU.ActiveCfg = Release|Any CPU
		{9ED7C3F5-09E5-444A-AAFC-A90FD84D50AD}.Release|Any CPU.Build.0 = Release|Any CPU
		{AB4F5DC5-9AD8-4F35-A914-F0AF2C8843B6}.Debug|Any CPU.ActiveCfg = Debug|Any CPU
		{AB4F5DC5-9AD8-4F35-A914-F0AF2C8843B6}.Debug|Any CPU.Build.0 = Debug|Any CPU
		{AB4F5DC5-9AD8-4F35-A914-F0AF2C8843B6}.Release|Any CPU.ActiveCfg = Release|Any CPU
		{AB4F5DC5-9AD8-4F35-A914-F0AF2C8843B6}.Release|Any CPU.Build.0 = Release|Any CPU
		{FB4ADA46-F241-4C5D-9349-D401002928C3}.Debug|Any CPU.ActiveCfg = Debug|Any CPU
		{FB4ADA46-F241-4C5D-9349-D401002928C3}.Debug|Any CPU.Build.0 = Debug|Any CPU
		{FB4ADA46-F241-4C5D-9349-D401002928C3}.Release|Any CPU.ActiveCfg = Release|Any CPU
		{FB4ADA46-F241-4C5D-9349-D401002928C3}.Release|Any CPU.Build.0 = Release|Any CPU
		{5D680D82-D254-4974-9AF7-332AA29D12DE}.Debug|Any CPU.ActiveCfg = Debug|Any CPU
		{5D680D82-D254-4974-9AF7-332AA29D12DE}.Debug|Any CPU.Build.0 = Debug|Any CPU
		{5D680D82-D254-4974-9AF7-332AA29D12DE}.Release|Any CPU.ActiveCfg = Release|Any CPU
		{5D680D82-D254-4974-9AF7-332AA29D12DE}.Release|Any CPU.Build.0 = Release|Any CPU
		{7FA56A1E-993A-4DC0-9A02-222E9787743C}.Debug|Any CPU.ActiveCfg = Debug|Any CPU
		{7FA56A1E-993A-4DC0-9A02-222E9787743C}.Debug|Any CPU.Build.0 = Debug|Any CPU
		{7FA56A1E-993A-4DC0-9A02-222E9787743C}.Release|Any CPU.ActiveCfg = Release|Any CPU
		{7FA56A1E-993A-4DC0-9A02-222E9787743C}.Release|Any CPU.Build.0 = Release|Any CPU
		{43BC0BB2-7598-42DC-BA5B-249B39B72725}.Debug|Any CPU.ActiveCfg = Debug|Any CPU
		{43BC0BB2-7598-42DC-BA5B-249B39B72725}.Debug|Any CPU.Build.0 = Debug|Any CPU
		{43BC0BB2-7598-42DC-BA5B-249B39B72725}.Release|Any CPU.ActiveCfg = Release|Any CPU
		{43BC0BB2-7598-42DC-BA5B-249B39B72725}.Release|Any CPU.Build.0 = Release|Any CPU
		{B234340F-59D8-4BAC-9929-7BE7A7FA70C9}.Debug|Any CPU.ActiveCfg = Debug|Any CPU
		{B234340F-59D8-4BAC-9929-7BE7A7FA70C9}.Debug|Any CPU.Build.0 = Debug|Any CPU
		{B234340F-59D8-4BAC-9929-7BE7A7FA70C9}.Release|Any CPU.ActiveCfg = Release|Any CPU
		{B234340F-59D8-4BAC-9929-7BE7A7FA70C9}.Release|Any CPU.Build.0 = Release|Any CPU
		{BD615905-0EF2-41B1-A5E6-C24917666CB6}.Debug|Any CPU.ActiveCfg = Debug|Any CPU
		{BD615905-0EF2-41B1-A5E6-C24917666CB6}.Debug|Any CPU.Build.0 = Debug|Any CPU
		{BD615905-0EF2-41B1-A5E6-C24917666CB6}.Release|Any CPU.ActiveCfg = Release|Any CPU
		{BD615905-0EF2-41B1-A5E6-C24917666CB6}.Release|Any CPU.Build.0 = Release|Any CPU
		{48219098-7631-4F61-AAE8-A99408BB4FF9}.Debug|Any CPU.ActiveCfg = Debug|Any CPU
		{48219098-7631-4F61-AAE8-A99408BB4FF9}.Debug|Any CPU.Build.0 = Debug|Any CPU
		{48219098-7631-4F61-AAE8-A99408BB4FF9}.Release|Any CPU.ActiveCfg = Release|Any CPU
		{48219098-7631-4F61-AAE8-A99408BB4FF9}.Release|Any CPU.Build.0 = Release|Any CPU
		{9F542D56-262C-4569-96FD-84AD9AA7B381}.Debug|Any CPU.ActiveCfg = Debug|Any CPU
		{9F542D56-262C-4569-96FD-84AD9AA7B381}.Debug|Any CPU.Build.0 = Debug|Any CPU
		{9F542D56-262C-4569-96FD-84AD9AA7B381}.Release|Any CPU.ActiveCfg = Release|Any CPU
		{9F542D56-262C-4569-96FD-84AD9AA7B381}.Release|Any CPU.Build.0 = Release|Any CPU
		{48BA6236-3B42-41AB-AC48-7F977E85863E}.Debug|Any CPU.ActiveCfg = Debug|Any CPU
		{48BA6236-3B42-41AB-AC48-7F977E85863E}.Debug|Any CPU.Build.0 = Debug|Any CPU
		{48BA6236-3B42-41AB-AC48-7F977E85863E}.Release|Any CPU.ActiveCfg = Release|Any CPU
		{48BA6236-3B42-41AB-AC48-7F977E85863E}.Release|Any CPU.Build.0 = Release|Any CPU
		{54196DA6-3753-4457-85FD-637D15FDF088}.Debug|Any CPU.ActiveCfg = Debug|Any CPU
		{54196DA6-3753-4457-85FD-637D15FDF088}.Debug|Any CPU.Build.0 = Debug|Any CPU
		{54196DA6-3753-4457-85FD-637D15FDF088}.Release|Any CPU.ActiveCfg = Release|Any CPU
		{54196DA6-3753-4457-85FD-637D15FDF088}.Release|Any CPU.Build.0 = Release|Any CPU
		{FADA8E2B-29EA-4D23-956D-0A5C6796D0A5}.Debug|Any CPU.ActiveCfg = Debug|Any CPU
		{FADA8E2B-29EA-4D23-956D-0A5C6796D0A5}.Debug|Any CPU.Build.0 = Debug|Any CPU
		{FADA8E2B-29EA-4D23-956D-0A5C6796D0A5}.Release|Any CPU.ActiveCfg = Release|Any CPU
		{FADA8E2B-29EA-4D23-956D-0A5C6796D0A5}.Release|Any CPU.Build.0 = Release|Any CPU
		{CE34D734-B487-4A43-9464-636CA4AE2C4E}.Debug|Any CPU.ActiveCfg = Debug|Any CPU
		{CE34D734-B487-4A43-9464-636CA4AE2C4E}.Debug|Any CPU.Build.0 = Debug|Any CPU
		{CE34D734-B487-4A43-9464-636CA4AE2C4E}.Release|Any CPU.ActiveCfg = Release|Any CPU
		{CE34D734-B487-4A43-9464-636CA4AE2C4E}.Release|Any CPU.Build.0 = Release|Any CPU
		{368433C8-AF93-4B9B-A9D4-C417EC597067}.Debug|Any CPU.ActiveCfg = Debug|Any CPU
		{368433C8-AF93-4B9B-A9D4-C417EC597067}.Debug|Any CPU.Build.0 = Debug|Any CPU
		{368433C8-AF93-4B9B-A9D4-C417EC597067}.Release|Any CPU.ActiveCfg = Release|Any CPU
		{368433C8-AF93-4B9B-A9D4-C417EC597067}.Release|Any CPU.Build.0 = Release|Any CPU
		{19BF8B1F-AB9E-4B9B-8108-3AAB5FDF868C}.Debug|Any CPU.ActiveCfg = Debug|Any CPU
		{19BF8B1F-AB9E-4B9B-8108-3AAB5FDF868C}.Debug|Any CPU.Build.0 = Debug|Any CPU
		{19BF8B1F-AB9E-4B9B-8108-3AAB5FDF868C}.Release|Any CPU.ActiveCfg = Release|Any CPU
		{19BF8B1F-AB9E-4B9B-8108-3AAB5FDF868C}.Release|Any CPU.Build.0 = Release|Any CPU
		{2B40F55F-3EE8-4C93-8FAA-101233AA0DAA}.Debug|Any CPU.ActiveCfg = Debug|Any CPU
		{2B40F55F-3EE8-4C93-8FAA-101233AA0DAA}.Debug|Any CPU.Build.0 = Debug|Any CPU
		{2B40F55F-3EE8-4C93-8FAA-101233AA0DAA}.Release|Any CPU.ActiveCfg = Release|Any CPU
		{2B40F55F-3EE8-4C93-8FAA-101233AA0DAA}.Release|Any CPU.Build.0 = Release|Any CPU
		{3CF71BE1-804A-4C50-9BA9-B0F43026BDF3}.Debug|Any CPU.ActiveCfg = Debug|Any CPU
		{3CF71BE1-804A-4C50-9BA9-B0F43026BDF3}.Debug|Any CPU.Build.0 = Debug|Any CPU
		{3CF71BE1-804A-4C50-9BA9-B0F43026BDF3}.Release|Any CPU.ActiveCfg = Release|Any CPU
		{3CF71BE1-804A-4C50-9BA9-B0F43026BDF3}.Release|Any CPU.Build.0 = Release|Any CPU
		{D5D11773-73CC-4921-B149-1BDA08D14516}.Debug|Any CPU.ActiveCfg = Debug|Any CPU
		{D5D11773-73CC-4921-B149-1BDA08D14516}.Debug|Any CPU.Build.0 = Debug|Any CPU
		{D5D11773-73CC-4921-B149-1BDA08D14516}.Release|Any CPU.ActiveCfg = Release|Any CPU
		{D5D11773-73CC-4921-B149-1BDA08D14516}.Release|Any CPU.Build.0 = Release|Any CPU
		{30F5F30B-EA09-4F4A-B496-D63195ED2931}.Debug|Any CPU.ActiveCfg = Debug|Any CPU
		{30F5F30B-EA09-4F4A-B496-D63195ED2931}.Debug|Any CPU.Build.0 = Debug|Any CPU
		{30F5F30B-EA09-4F4A-B496-D63195ED2931}.Release|Any CPU.ActiveCfg = Release|Any CPU
		{30F5F30B-EA09-4F4A-B496-D63195ED2931}.Release|Any CPU.Build.0 = Release|Any CPU
		{39988442-B3C9-4ECE-84EE-7BAD90D9D3D9}.Debug|Any CPU.ActiveCfg = Debug|Any CPU
		{39988442-B3C9-4ECE-84EE-7BAD90D9D3D9}.Debug|Any CPU.Build.0 = Debug|Any CPU
		{39988442-B3C9-4ECE-84EE-7BAD90D9D3D9}.Release|Any CPU.ActiveCfg = Release|Any CPU
		{39988442-B3C9-4ECE-84EE-7BAD90D9D3D9}.Release|Any CPU.Build.0 = Release|Any CPU
		{017E59EF-5FA0-4124-A30D-534ED592963F}.Debug|Any CPU.ActiveCfg = Debug|Any CPU
		{017E59EF-5FA0-4124-A30D-534ED592963F}.Debug|Any CPU.Build.0 = Debug|Any CPU
		{017E59EF-5FA0-4124-A30D-534ED592963F}.Release|Any CPU.ActiveCfg = Release|Any CPU
		{017E59EF-5FA0-4124-A30D-534ED592963F}.Release|Any CPU.Build.0 = Release|Any CPU
		{9931A336-C78B-4F58-888C-73D96E8ED775}.Debug|Any CPU.ActiveCfg = Debug|Any CPU
		{9931A336-C78B-4F58-888C-73D96E8ED775}.Debug|Any CPU.Build.0 = Debug|Any CPU
		{9931A336-C78B-4F58-888C-73D96E8ED775}.Release|Any CPU.ActiveCfg = Release|Any CPU
		{9931A336-C78B-4F58-888C-73D96E8ED775}.Release|Any CPU.Build.0 = Release|Any CPU
		{D29CF3C3-421E-4157-8EEE-6B17963138CD}.Debug|Any CPU.ActiveCfg = Debug|Any CPU
		{D29CF3C3-421E-4157-8EEE-6B17963138CD}.Debug|Any CPU.Build.0 = Debug|Any CPU
		{D29CF3C3-421E-4157-8EEE-6B17963138CD}.Release|Any CPU.ActiveCfg = Release|Any CPU
		{D29CF3C3-421E-4157-8EEE-6B17963138CD}.Release|Any CPU.Build.0 = Release|Any CPU
		{7284E2E9-D8C4-4DF4-9F44-F98644DB9AAB}.Debug|Any CPU.ActiveCfg = Debug|Any CPU
		{7284E2E9-D8C4-4DF4-9F44-F98644DB9AAB}.Debug|Any CPU.Build.0 = Debug|Any CPU
		{7284E2E9-D8C4-4DF4-9F44-F98644DB9AAB}.Release|Any CPU.ActiveCfg = Release|Any CPU
		{7284E2E9-D8C4-4DF4-9F44-F98644DB9AAB}.Release|Any CPU.Build.0 = Release|Any CPU
		{E5255E5D-AD59-41D8-804B-F662A20BF113}.Debug|Any CPU.ActiveCfg = Debug|Any CPU
		{E5255E5D-AD59-41D8-804B-F662A20BF113}.Debug|Any CPU.Build.0 = Debug|Any CPU
		{E5255E5D-AD59-41D8-804B-F662A20BF113}.Release|Any CPU.ActiveCfg = Release|Any CPU
		{E5255E5D-AD59-41D8-804B-F662A20BF113}.Release|Any CPU.Build.0 = Release|Any CPU
		{42A4FC40-67F2-4E99-BDB9-D45EFB4CD272}.Debug|Any CPU.ActiveCfg = Debug|Any CPU
		{42A4FC40-67F2-4E99-BDB9-D45EFB4CD272}.Debug|Any CPU.Build.0 = Debug|Any CPU
		{42A4FC40-67F2-4E99-BDB9-D45EFB4CD272}.Release|Any CPU.ActiveCfg = Release|Any CPU
		{42A4FC40-67F2-4E99-BDB9-D45EFB4CD272}.Release|Any CPU.Build.0 = Release|Any CPU
		{9E01D7C0-199F-44B7-967A-15CE76FC10B2}.Debug|Any CPU.ActiveCfg = Debug|Any CPU
		{9E01D7C0-199F-44B7-967A-15CE76FC10B2}.Debug|Any CPU.Build.0 = Debug|Any CPU
		{9E01D7C0-199F-44B7-967A-15CE76FC10B2}.Release|Any CPU.ActiveCfg = Release|Any CPU
		{9E01D7C0-199F-44B7-967A-15CE76FC10B2}.Release|Any CPU.Build.0 = Release|Any CPU
		{9F7C91A3-A91C-4CDA-8407-432B2229C1BE}.Debug|Any CPU.ActiveCfg = Debug|Any CPU
		{9F7C91A3-A91C-4CDA-8407-432B2229C1BE}.Debug|Any CPU.Build.0 = Debug|Any CPU
		{9F7C91A3-A91C-4CDA-8407-432B2229C1BE}.Release|Any CPU.ActiveCfg = Release|Any CPU
		{9F7C91A3-A91C-4CDA-8407-432B2229C1BE}.Release|Any CPU.Build.0 = Release|Any CPU
		{12062C11-F9FE-46A2-8D03-CBBF6B8680CD}.Debug|Any CPU.ActiveCfg = Debug|Any CPU
		{12062C11-F9FE-46A2-8D03-CBBF6B8680CD}.Debug|Any CPU.Build.0 = Debug|Any CPU
		{12062C11-F9FE-46A2-8D03-CBBF6B8680CD}.Release|Any CPU.ActiveCfg = Release|Any CPU
		{12062C11-F9FE-46A2-8D03-CBBF6B8680CD}.Release|Any CPU.Build.0 = Release|Any CPU
		{4C012223-386E-42DE-8BFD-4F27BFB11375}.Debug|Any CPU.ActiveCfg = Debug|Any CPU
		{4C012223-386E-42DE-8BFD-4F27BFB11375}.Debug|Any CPU.Build.0 = Debug|Any CPU
		{4C012223-386E-42DE-8BFD-4F27BFB11375}.Release|Any CPU.ActiveCfg = Release|Any CPU
		{4C012223-386E-42DE-8BFD-4F27BFB11375}.Release|Any CPU.Build.0 = Release|Any CPU
		{021C9914-A6B4-47F4-834A-A70365A88BA2}.Debug|Any CPU.ActiveCfg = Debug|Any CPU
		{021C9914-A6B4-47F4-834A-A70365A88BA2}.Debug|Any CPU.Build.0 = Debug|Any CPU
		{021C9914-A6B4-47F4-834A-A70365A88BA2}.Release|Any CPU.ActiveCfg = Release|Any CPU
		{021C9914-A6B4-47F4-834A-A70365A88BA2}.Release|Any CPU.Build.0 = Release|Any CPU
		{B9D0D6C7-DC2D-4865-A12E-BDDDC6FE256F}.Debug|Any CPU.ActiveCfg = Debug|Any CPU
		{B9D0D6C7-DC2D-4865-A12E-BDDDC6FE256F}.Debug|Any CPU.Build.0 = Debug|Any CPU
		{B9D0D6C7-DC2D-4865-A12E-BDDDC6FE256F}.Release|Any CPU.ActiveCfg = Release|Any CPU
		{B9D0D6C7-DC2D-4865-A12E-BDDDC6FE256F}.Release|Any CPU.Build.0 = Release|Any CPU
		{7B4FBAF8-E4F4-47FE-A38C-E72AD1D1A640}.Debug|Any CPU.ActiveCfg = Debug|Any CPU
		{7B4FBAF8-E4F4-47FE-A38C-E72AD1D1A640}.Debug|Any CPU.Build.0 = Debug|Any CPU
		{7B4FBAF8-E4F4-47FE-A38C-E72AD1D1A640}.Release|Any CPU.ActiveCfg = Release|Any CPU
		{7B4FBAF8-E4F4-47FE-A38C-E72AD1D1A640}.Release|Any CPU.Build.0 = Release|Any CPU
		{67A6F0A1-8633-40BC-AA3B-48C13BDFC01C}.Debug|Any CPU.ActiveCfg = Debug|Any CPU
		{67A6F0A1-8633-40BC-AA3B-48C13BDFC01C}.Debug|Any CPU.Build.0 = Debug|Any CPU
		{67A6F0A1-8633-40BC-AA3B-48C13BDFC01C}.Release|Any CPU.ActiveCfg = Release|Any CPU
		{67A6F0A1-8633-40BC-AA3B-48C13BDFC01C}.Release|Any CPU.Build.0 = Release|Any CPU
		{E5E1F7B1-54F7-4595-8232-283602CFB8EB}.Debug|Any CPU.ActiveCfg = Debug|Any CPU
		{E5E1F7B1-54F7-4595-8232-283602CFB8EB}.Debug|Any CPU.Build.0 = Debug|Any CPU
		{E5E1F7B1-54F7-4595-8232-283602CFB8EB}.Release|Any CPU.ActiveCfg = Release|Any CPU
		{E5E1F7B1-54F7-4595-8232-283602CFB8EB}.Release|Any CPU.Build.0 = Release|Any CPU
		{FAC7D619-0F90-4E85-974A-D31088388E51}.Debug|Any CPU.ActiveCfg = Debug|Any CPU
		{FAC7D619-0F90-4E85-974A-D31088388E51}.Debug|Any CPU.Build.0 = Debug|Any CPU
		{FAC7D619-0F90-4E85-974A-D31088388E51}.Release|Any CPU.ActiveCfg = Release|Any CPU
		{FAC7D619-0F90-4E85-974A-D31088388E51}.Release|Any CPU.Build.0 = Release|Any CPU
		{CEB3312D-3E46-4553-B877-5D1F9D58B371}.Debug|Any CPU.ActiveCfg = Debug|Any CPU
		{CEB3312D-3E46-4553-B877-5D1F9D58B371}.Debug|Any CPU.Build.0 = Debug|Any CPU
		{CEB3312D-3E46-4553-B877-5D1F9D58B371}.Release|Any CPU.ActiveCfg = Release|Any CPU
		{CEB3312D-3E46-4553-B877-5D1F9D58B371}.Release|Any CPU.Build.0 = Release|Any CPU
		{2B6400DB-EF5B-4566-9A7D-0BE1F292A9EA}.Debug|Any CPU.ActiveCfg = Debug|Any CPU
		{2B6400DB-EF5B-4566-9A7D-0BE1F292A9EA}.Debug|Any CPU.Build.0 = Debug|Any CPU
		{2B6400DB-EF5B-4566-9A7D-0BE1F292A9EA}.Release|Any CPU.ActiveCfg = Release|Any CPU
		{2B6400DB-EF5B-4566-9A7D-0BE1F292A9EA}.Release|Any CPU.Build.0 = Release|Any CPU
		{9B7122E4-63E0-44AC-BC17-E69DF4114421}.Debug|Any CPU.ActiveCfg = Debug|Any CPU
		{9B7122E4-63E0-44AC-BC17-E69DF4114421}.Debug|Any CPU.Build.0 = Debug|Any CPU
		{9B7122E4-63E0-44AC-BC17-E69DF4114421}.Release|Any CPU.ActiveCfg = Release|Any CPU
		{9B7122E4-63E0-44AC-BC17-E69DF4114421}.Release|Any CPU.Build.0 = Release|Any CPU
		{E93997EC-553B-46C1-AAF8-67718DA2F96B}.Debug|Any CPU.ActiveCfg = Debug|Any CPU
		{E93997EC-553B-46C1-AAF8-67718DA2F96B}.Debug|Any CPU.Build.0 = Debug|Any CPU
		{E93997EC-553B-46C1-AAF8-67718DA2F96B}.Release|Any CPU.ActiveCfg = Release|Any CPU
		{E93997EC-553B-46C1-AAF8-67718DA2F96B}.Release|Any CPU.Build.0 = Release|Any CPU
		{1A320C3D-130E-4790-AE19-638E69C7F810}.Debug|Any CPU.ActiveCfg = Debug|Any CPU
		{1A320C3D-130E-4790-AE19-638E69C7F810}.Debug|Any CPU.Build.0 = Debug|Any CPU
		{1A320C3D-130E-4790-AE19-638E69C7F810}.Release|Any CPU.ActiveCfg = Release|Any CPU
		{1A320C3D-130E-4790-AE19-638E69C7F810}.Release|Any CPU.Build.0 = Release|Any CPU
		{4D8D72DA-FB56-4B4B-948E-B37B99D52855}.Debug|Any CPU.ActiveCfg = Debug|Any CPU
		{4D8D72DA-FB56-4B4B-948E-B37B99D52855}.Debug|Any CPU.Build.0 = Debug|Any CPU
		{4D8D72DA-FB56-4B4B-948E-B37B99D52855}.Release|Any CPU.ActiveCfg = Release|Any CPU
		{4D8D72DA-FB56-4B4B-948E-B37B99D52855}.Release|Any CPU.Build.0 = Release|Any CPU
	EndGlobalSection
	GlobalSection(SolutionProperties) = preSolution
		HideSolutionNode = FALSE
	EndGlobalSection
	GlobalSection(NestedProjects) = preSolution
		{5A35A57F-7D3D-4858-BC69-B91025CDE667} = {1EBE46EC-8DAE-46E6-8755-33A15B8D0FF3}
		{81995BC1-9F25-4F46-8258-8ED1F965CABB} = {8B4383E1-89EA-46F4-A379-F728CA71A124}
		{703235E0-86C0-44F3-95BB-3D9F39886966} = {DB76A91F-9059-4EB3-9389-C86486BB0DFC}
		{D7232F24-9DCC-466F-B8AB-E3248E8EDCC6} = {2C3C8291-8C00-49AC-A914-BC4B74D3DACE}
		{0A4C075E-E474-4AD5-8377-5F7C7E3488D8} = {DB76A91F-9059-4EB3-9389-C86486BB0DFC}
		{7478BEA8-791F-47E9-ADD9-18F2D34619EA} = {8B4383E1-89EA-46F4-A379-F728CA71A124}
		{72A78976-6B9F-4D96-A4C9-441066E44DE4} = {74DCB1E0-6052-4299-8CEE-42F947F338FA}
		{23DD2985-0805-4A85-AE9F-DCF95416CF20} = {DB76A91F-9059-4EB3-9389-C86486BB0DFC}
		{A05AEFC5-6A86-43B8-B9D2-58E557A225DB} = {DB76A91F-9059-4EB3-9389-C86486BB0DFC}
		{2E4AE0CF-FA21-4FBC-9274-E56BC5D9494E} = {DB76A91F-9059-4EB3-9389-C86486BB0DFC}
		{7846CA68-E6B0-4943-9285-DE1D48248B84} = {DB76A91F-9059-4EB3-9389-C86486BB0DFC}
		{52891FB3-CA20-403B-AC25-7D9CA5738B6B} = {173AB160-78FE-4D7C-9DB4-3E7BFD0C243D}
		{28BB8E7F-089E-494E-9F11-6088C36DD4D0} = {2A3094AF-ACAB-4046-8AB7-88D6D0EAA1A8}
		{2C3C8291-8C00-49AC-A914-BC4B74D3DACE} = {74DCB1E0-6052-4299-8CEE-42F947F338FA}
		{345552D1-56B8-41F1-9513-AD2F31D2F985} = {74DCB1E0-6052-4299-8CEE-42F947F338FA}
		{09DB04EC-99A1-4341-A137-EB724D2B6B37} = {9881BA0D-DA46-469B-9E28-9F870A7D13D4}
		{8632B9DA-ECB6-4007-AB3F-9C9AECE63D67} = {74DCB1E0-6052-4299-8CEE-42F947F338FA}
		{49396189-B298-4F32-8CF5-C0DE92FB4619} = {345552D1-56B8-41F1-9513-AD2F31D2F985}
		{F8682E3B-C697-4E27-BF95-D9C48FE2D693} = {2C3C8291-8C00-49AC-A914-BC4B74D3DACE}
		{B8B21A21-51AC-4E0D-8978-6D6DCC15F7D3} = {9881BA0D-DA46-469B-9E28-9F870A7D13D4}
		{DCF67A43-0EED-4B20-85E3-F8A7AA1C22B5} = {2C3C8291-8C00-49AC-A914-BC4B74D3DACE}
		{1DAACB7D-93B2-41D2-9B97-37DA3D38A89B} = {2C3C8291-8C00-49AC-A914-BC4B74D3DACE}
		{3C2FD345-B555-4C43-A930-761AC2517EFD} = {DB76A91F-9059-4EB3-9389-C86486BB0DFC}
		{9B35568E-61D9-4B65-B113-44FE4525C182} = {3C2FD345-B555-4C43-A930-761AC2517EFD}
		{026046B9-4CD5-4F62-8572-52E044DB71F5} = {3C2FD345-B555-4C43-A930-761AC2517EFD}
		{89BE7317-100F-4504-9A30-86907B65C1CF} = {3C2FD345-B555-4C43-A930-761AC2517EFD}
		{107D9E43-CD83-46CE-B027-249AF5BE912B} = {9881BA0D-DA46-469B-9E28-9F870A7D13D4}
		{B52F1B28-C119-4873-94D1-70952C80FEB6} = {97109FED-C671-49FA-8614-C63D8E5935B9}
		{0034E8EB-7824-4EFA-ABD4-807841E6CD87} = {97109FED-C671-49FA-8614-C63D8E5935B9}
		{61B9D33E-D395-470F-B3AC-9875D001BFB0} = {3D976DB4-23C7-4B7B-8646-C53DAFB813EE}
		{85FFB71D-250D-48ED-8389-74BDF66F0201} = {97109FED-C671-49FA-8614-C63D8E5935B9}
		{81DC52EA-1B5D-496C-9C40-8565D42321D0} = {DB76A91F-9059-4EB3-9389-C86486BB0DFC}
		{66A7D372-A193-4B2D-9991-64687FBDDB63} = {3C2FD345-B555-4C43-A930-761AC2517EFD}
		{E30EB2C7-ECF5-4A27-A7F0-8AE37284A60C} = {74DCB1E0-6052-4299-8CEE-42F947F338FA}
		{124CBA3E-8841-4BDC-97D5-B00B6EA8EB74} = {E30EB2C7-ECF5-4A27-A7F0-8AE37284A60C}
		{9881BA0D-DA46-469B-9E28-9F870A7D13D4} = {2C3C8291-8C00-49AC-A914-BC4B74D3DACE}
		{FA03CDCB-AEFC-49D1-BBAE-5F623BD5A301} = {E30EB2C7-ECF5-4A27-A7F0-8AE37284A60C}
		{D774171D-1F2C-4327-83F5-E110CBAF2F7C} = {FA03CDCB-AEFC-49D1-BBAE-5F623BD5A301}
		{04779496-5B84-48B8-A4D8-EED5D739FA19} = {E30EB2C7-ECF5-4A27-A7F0-8AE37284A60C}
		{E5176E66-6915-43EC-A314-9DF304332532} = {FA03CDCB-AEFC-49D1-BBAE-5F623BD5A301}
		{D5B7B479-45B7-4D1F-9C72-63FBC4D21114} = {8B4383E1-89EA-46F4-A379-F728CA71A124}
		{9D793564-5C33-401F-8897-A68F698FD0B3} = {E30EB2C7-ECF5-4A27-A7F0-8AE37284A60C}
		{C6B51FC5-26D3-449C-AFD3-FB67ED3D4AA7} = {8B4383E1-89EA-46F4-A379-F728CA71A124}
		{1EBE46EC-8DAE-46E6-8755-33A15B8D0FF3} = {8B4383E1-89EA-46F4-A379-F728CA71A124}
		{ECA21C41-AA37-49F6-8B1D-7627F80CC9BB} = {1EBE46EC-8DAE-46E6-8755-33A15B8D0FF3}
		{EDD0CA2B-EB22-4A8B-A68E-4507B9A360A8} = {8B4383E1-89EA-46F4-A379-F728CA71A124}
		{CF4BD356-B8EB-4375-B017-5C5BF2835911} = {9D3050E0-20E0-4CE6-BCBE-CF095A71C394}
		{30B68AD2-DD6A-485F-AD1A-D5297FDAEBF1} = {CF4BD356-B8EB-4375-B017-5C5BF2835911}
		{775B195E-6C1B-4719-A197-87AC3A409529} = {CF4BD356-B8EB-4375-B017-5C5BF2835911}
		{06614D61-6613-4339-B32C-3DAFD0D4EA49} = {CF4BD356-B8EB-4375-B017-5C5BF2835911}
		{A4A1B2D5-7F5E-4B46-A633-08612CEA715A} = {CF4BD356-B8EB-4375-B017-5C5BF2835911}
		{9D7A1862-8FBD-4E8B-8E9B-535EAC0C6767} = {E30EB2C7-ECF5-4A27-A7F0-8AE37284A60C}
		{B18482B7-73D8-4943-A05B-C2E9DD366A70} = {173AB160-78FE-4D7C-9DB4-3E7BFD0C243D}
		{4BC8EF13-57B4-4805-95A9-D4DDB691B4D7} = {173AB160-78FE-4D7C-9DB4-3E7BFD0C243D}
		{E3B66D72-4E10-47F4-B8DF-DD8189438D7E} = {8B4383E1-89EA-46F4-A379-F728CA71A124}
		{72537877-F968-4889-90F6-920975E0632B} = {2C3C8291-8C00-49AC-A914-BC4B74D3DACE}
		{9ED7C3F5-09E5-444A-AAFC-A90FD84D50AD} = {3D976DB4-23C7-4B7B-8646-C53DAFB813EE}
		{AB4F5DC5-9AD8-4F35-A914-F0AF2C8843B6} = {3D976DB4-23C7-4B7B-8646-C53DAFB813EE}
		{C7AE4385-F52F-4F60-BAE9-19490D36172A} = {3D976DB4-23C7-4B7B-8646-C53DAFB813EE}
		{FB4ADA46-F241-4C5D-9349-D401002928C3} = {3D976DB4-23C7-4B7B-8646-C53DAFB813EE}
		{5D680D82-D254-4974-9AF7-332AA29D12DE} = {C7AE4385-F52F-4F60-BAE9-19490D36172A}
		{7FA56A1E-993A-4DC0-9A02-222E9787743C} = {345552D1-56B8-41F1-9513-AD2F31D2F985}
		{43BC0BB2-7598-42DC-BA5B-249B39B72725} = {1EBE46EC-8DAE-46E6-8755-33A15B8D0FF3}
		{B234340F-59D8-4BAC-9929-7BE7A7FA70C9} = {3C2FD345-B555-4C43-A930-761AC2517EFD}
		{BD615905-0EF2-41B1-A5E6-C24917666CB6} = {3C2FD345-B555-4C43-A930-761AC2517EFD}
		{48219098-7631-4F61-AAE8-A99408BB4FF9} = {9D3050E0-20E0-4CE6-BCBE-CF095A71C394}
		{9F542D56-262C-4569-96FD-84AD9AA7B381} = {DB76A91F-9059-4EB3-9389-C86486BB0DFC}
		{48BA6236-3B42-41AB-AC48-7F977E85863E} = {3C2FD345-B555-4C43-A930-761AC2517EFD}
		{54196DA6-3753-4457-85FD-637D15FDF088} = {3C2FD345-B555-4C43-A930-761AC2517EFD}
		{FADA8E2B-29EA-4D23-956D-0A5C6796D0A5} = {E30EB2C7-ECF5-4A27-A7F0-8AE37284A60C}
		{CE34D734-B487-4A43-9464-636CA4AE2C4E} = {FA03CDCB-AEFC-49D1-BBAE-5F623BD5A301}
		{368433C8-AF93-4B9B-A9D4-C417EC597067} = {97109FED-C671-49FA-8614-C63D8E5935B9}
		{AF3363A0-2BB8-4372-8937-21BDADB8FD9E} = {97109FED-C671-49FA-8614-C63D8E5935B9}
		{19BF8B1F-AB9E-4B9B-8108-3AAB5FDF868C} = {AF3363A0-2BB8-4372-8937-21BDADB8FD9E}
		{2B40F55F-3EE8-4C93-8FAA-101233AA0DAA} = {FA03CDCB-AEFC-49D1-BBAE-5F623BD5A301}
		{3CF71BE1-804A-4C50-9BA9-B0F43026BDF3} = {FA03CDCB-AEFC-49D1-BBAE-5F623BD5A301}
		{D5D11773-73CC-4921-B149-1BDA08D14516} = {DB76A91F-9059-4EB3-9389-C86486BB0DFC}
		{30F5F30B-EA09-4F4A-B496-D63195ED2931} = {3C2FD345-B555-4C43-A930-761AC2517EFD}
		{39988442-B3C9-4ECE-84EE-7BAD90D9D3D9} = {2C3C8291-8C00-49AC-A914-BC4B74D3DACE}
		{017E59EF-5FA0-4124-A30D-534ED592963F} = {3D976DB4-23C7-4B7B-8646-C53DAFB813EE}
		{9931A336-C78B-4F58-888C-73D96E8ED775} = {97109FED-C671-49FA-8614-C63D8E5935B9}
		{D29CF3C3-421E-4157-8EEE-6B17963138CD} = {E30EB2C7-ECF5-4A27-A7F0-8AE37284A60C}
		{7284E2E9-D8C4-4DF4-9F44-F98644DB9AAB} = {AF3363A0-2BB8-4372-8937-21BDADB8FD9E}
		{E5255E5D-AD59-41D8-804B-F662A20BF113} = {AF3363A0-2BB8-4372-8937-21BDADB8FD9E}
		{42A4FC40-67F2-4E99-BDB9-D45EFB4CD272} = {AF3363A0-2BB8-4372-8937-21BDADB8FD9E}
		{9E01D7C0-199F-44B7-967A-15CE76FC10B2} = {BC8AF1A3-FB36-48A9-B665-C2C247B57947}
		{9F7C91A3-A91C-4CDA-8407-432B2229C1BE} = {BC8AF1A3-FB36-48A9-B665-C2C247B57947}
		{12062C11-F9FE-46A2-8D03-CBBF6B8680CD} = {BC8AF1A3-FB36-48A9-B665-C2C247B57947}
		{BC8AF1A3-FB36-48A9-B665-C2C247B57947} = {9D3050E0-20E0-4CE6-BCBE-CF095A71C394}
		{4C012223-386E-42DE-8BFD-4F27BFB11375} = {DB76A91F-9059-4EB3-9389-C86486BB0DFC}
		{021C9914-A6B4-47F4-834A-A70365A88BA2} = {3C2FD345-B555-4C43-A930-761AC2517EFD}
		{B9D0D6C7-DC2D-4865-A12E-BDDDC6FE256F} = {DB76A91F-9059-4EB3-9389-C86486BB0DFC}
		{7B4FBAF8-E4F4-47FE-A38C-E72AD1D1A640} = {3C2FD345-B555-4C43-A930-761AC2517EFD}
		{67A6F0A1-8633-40BC-AA3B-48C13BDFC01C} = {DB76A91F-9059-4EB3-9389-C86486BB0DFC}
		{E5E1F7B1-54F7-4595-8232-283602CFB8EB} = {3C2FD345-B555-4C43-A930-761AC2517EFD}
		{FAC7D619-0F90-4E85-974A-D31088388E51} = {3C2FD345-B555-4C43-A930-761AC2517EFD}
		{CEB3312D-3E46-4553-B877-5D1F9D58B371} = {97109FED-C671-49FA-8614-C63D8E5935B9}
		{2B6400DB-EF5B-4566-9A7D-0BE1F292A9EA} = {AF3363A0-2BB8-4372-8937-21BDADB8FD9E}
		{9B7122E4-63E0-44AC-BC17-E69DF4114421} = {9D3050E0-20E0-4CE6-BCBE-CF095A71C394}
		{E93997EC-553B-46C1-AAF8-67718DA2F96B} = {DB76A91F-9059-4EB3-9389-C86486BB0DFC}
		{1A320C3D-130E-4790-AE19-638E69C7F810} = {3C2FD345-B555-4C43-A930-761AC2517EFD}
		{4D8D72DA-FB56-4B4B-948E-B37B99D52855} = {9D3050E0-20E0-4CE6-BCBE-CF095A71C394}
		{2A3094AF-ACAB-4046-8AB7-88D6D0EAA1A8} = {173AB160-78FE-4D7C-9DB4-3E7BFD0C243D}
	EndGlobalSection
	GlobalSection(ExtensibilityGlobals) = postSolution
		SolutionGuid = {44656523-42B6-48E3-9E6D-6F075F0E7FD0}
	EndGlobalSection
EndGlobal
