Microsoft Visual Studio Solution File, Format Version 12.00
# Visual Studio 2013
VisualStudioVersion = 12.0.31101.0
MinimumVisualStudioVersion = 10.0.40219.1
Project("{2150E333-8FDC-42A3-9474-1A3956D46DE8}") = "Common Solution Items", "Common Solution Items", "{1C9D6C81-DCFD-49C6-9BEE-0E52304CFE98}"
	ProjectSection(SolutionItems) = preProject
		CommonAssemblyInfo.cs = CommonAssemblyInfo.cs
	EndProjectSection
EndProject
Project("{2150E333-8FDC-42A3-9474-1A3956D46DE8}") = "Scripts-and-Styles", "Scripts-and-Styles", "{2FA76C77-B8DE-4F51-9707-1C2FFD8EE13B}"
	ProjectSection(SolutionItems) = preProject
		Styles\havit.css = Styles\havit.css
		Scripts\HavitScripts.js = Scripts\HavitScripts.js
	EndProjectSection
EndProject
Project("{FAE04EC0-301F-11D3-BF4B-00C04F79EFBC}") = "Havit.Web", "Havit.Web\Havit.Web.csproj", "{52891FB3-CA20-403B-AC25-7D9CA5738B6B}"
EndProject
Project("{FAE04EC0-301F-11D3-BF4B-00C04F79EFBC}") = "Havit.Business", "Havit.Business\Havit.Business.csproj", "{81995BC1-9F25-4F46-8258-8ED1F965CABB}"
EndProject
Project("{FAE04EC0-301F-11D3-BF4B-00C04F79EFBC}") = "Havit.Drawing", "Havit.Drawing\Havit.Drawing.csproj", "{0A4C075E-E474-4AD5-8377-5F7C7E3488D8}"
EndProject
Project("{FAE04EC0-301F-11D3-BF4B-00C04F79EFBC}") = "Havit.Data", "Havit.Data\Havit.Data.csproj", "{703235E0-86C0-44F3-95BB-3D9F39886966}"
EndProject
Project("{FAE04EC0-301F-11D3-BF4B-00C04F79EFBC}") = "Havit", "Havit\Havit.csproj", "{9ACC94B9-B8FD-47C1-ABF8-0658C7673905}"
EndProject
Project("{FAE04EC0-301F-11D3-BF4B-00C04F79EFBC}") = "HavitTest", "HavitTest\HavitTest.csproj", "{9F79CB68-4B61-48E2-A9E5-B545A65BAC89}"
	ProjectSection(ProjectDependencies) = postProject
		{52891FB3-CA20-403B-AC25-7D9CA5738B6B} = {52891FB3-CA20-403B-AC25-7D9CA5738B6B}
	EndProjectSection
EndProject
Project("{FAE04EC0-301F-11D3-BF4B-00C04F79EFBC}") = "Havit.DataTest", "Havit.DataTest\Havit.DataTest.csproj", "{51ED0131-D9F9-4AF4-A8E6-ADB52D43B360}"
EndProject
Project("{FAE04EC0-301F-11D3-BF4B-00C04F79EFBC}") = "Havit.Enterprise.Web", "Havit.Enterprise.Web\Havit.Enterprise.Web.csproj", "{7478BEA8-791F-47E9-ADD9-18F2D34619EA}"
EndProject
Project("{FAE04EC0-301F-11D3-BF4B-00C04F79EFBC}") = "Havit.BusinessTest", "Havit.BusinessTest\Havit.BusinessTest.csproj", "{F71BDA61-8039-4E17-B4B8-0B8B553B89DC}"
EndProject
Project("{FAE04EC0-301F-11D3-BF4B-00C04F79EFBC}") = "BusinessLayerTest", "BusinessLayerTest\BusinessLayerTest.csproj", "{5A35A57F-7D3D-4858-BC69-B91025CDE667}"
EndProject
Project("{FAE04EC0-301F-11D3-BF4B-00C04F79EFBC}") = "WebApplicationTest", "WebApplicationTest\WebApplicationTest.csproj", "{28BB8E7F-089E-494E-9F11-6088C36DD4D0}"
EndProject
Project("{FAE04EC0-301F-11D3-BF4B-00C04F79EFBC}") = "Havit.WebTest", "Havit.WebTest\Havit.WebTest.csproj", "{B234340F-59D8-4BAC-9929-7BE7A7FA70C9}"
EndProject
Project("{FAE04EC0-301F-11D3-BF4B-00C04F79EFBC}") = "Havit.PayMuzo", "Havit.PayMuzo\Havit.PayMuzo.csproj", "{23DD2985-0805-4A85-AE9F-DCF95416CF20}"
EndProject
Project("{FAE04EC0-301F-11D3-BF4B-00C04F79EFBC}") = "HavitTestConsoleApplication", "HavitTestConsoleApplication\HavitTestConsoleApplication.csproj", "{9D368EE4-AE81-4B73-B617-DDA5A94410FF}"
EndProject
Project("{FAE04EC0-301F-11D3-BF4B-00C04F79EFBC}") = "TracingTest", "TracingTest\TracingTest.csproj", "{8205CE30-EB5C-42FD-927D-723500F1028B}"
EndProject
Project("{FAE04EC0-301F-11D3-BF4B-00C04F79EFBC}") = "Havit.Services", "Havit.Services\Havit.Services.csproj", "{2E4AE0CF-FA21-4FBC-9274-E56BC5D9494E}"
EndProject
Project("{7CF6DF6D-3B04-46F8-A40B-537D21BCA0B4}") = "Sandcastle", "Sandcastle\Sandcastle.shfbproj", "{C1BD4BBA-35DB-43B6-B4E9-072AFAC6EBD5}"
	ProjectSection(ProjectDependencies) = postProject
		{0A4C075E-E474-4AD5-8377-5F7C7E3488D8} = {0A4C075E-E474-4AD5-8377-5F7C7E3488D8}
		{23DD2985-0805-4A85-AE9F-DCF95416CF20} = {23DD2985-0805-4A85-AE9F-DCF95416CF20}
		{7478BEA8-791F-47E9-ADD9-18F2D34619EA} = {7478BEA8-791F-47E9-ADD9-18F2D34619EA}
		{52891FB3-CA20-403B-AC25-7D9CA5738B6B} = {52891FB3-CA20-403B-AC25-7D9CA5738B6B}
		{9ACC94B9-B8FD-47C1-ABF8-0658C7673905} = {9ACC94B9-B8FD-47C1-ABF8-0658C7673905}
		{81995BC1-9F25-4F46-8258-8ED1F965CABB} = {81995BC1-9F25-4F46-8258-8ED1F965CABB}
		{2E4AE0CF-FA21-4FBC-9274-E56BC5D9494E} = {2E4AE0CF-FA21-4FBC-9274-E56BC5D9494E}
		{703235E0-86C0-44F3-95BB-3D9F39886966} = {703235E0-86C0-44F3-95BB-3D9F39886966}
	EndProjectSection
EndProject
Project("{FAE04EC0-301F-11D3-BF4B-00C04F79EFBC}") = "Havit.Data.Glimpse", "Havit.Data.Glimpse\Havit.Data.Glimpse.csproj", "{C5C6607E-644A-468F-A6C2-CDCF8A1D23DC}"
EndProject
Project("{FAE04EC0-301F-11D3-BF4B-00C04F79EFBC}") = "Havit.Data.Glimpse.NuGetPackage", "Havit.Data.Glimpse.NuGetPackage\Havit.Data.Glimpse.NuGetPackage.csproj", "{DE55617C-C11E-4093-9F57-2AEF7F636EDB}"
EndProject
Project("{2150E333-8FDC-42A3-9474-1A3956D46DE8}") = "Core Libraries", "Core Libraries", "{CA5A28B1-E42B-43F3-89E0-E4972E4D67B7}"
EndProject
Project("{2150E333-8FDC-42A3-9474-1A3956D46DE8}") = "Tests", "Tests", "{6B3E283B-3E8A-4BEB-B318-49AD5265DA8F}"
EndProject
Project("{2150E333-8FDC-42A3-9474-1A3956D46DE8}") = "NuGet packages", "NuGet packages", "{360CC3C7-E4F9-4169-8D98-EA507CEB0A1E}"
EndProject
Project("{2150E333-8FDC-42A3-9474-1A3956D46DE8}") = "Documentation", "Documentation", "{E2563E89-6F01-452B-99C8-7931CBB16D4B}"
EndProject
Project("{2150E333-8FDC-42A3-9474-1A3956D46DE8}") = "Extension Libraries", "Extension Libraries", "{10D8C31B-1810-4B8E-9B73-544ACA5CFC75}"
EndProject
Project("{FAE04EC0-301F-11D3-BF4B-00C04F79EFBC}") = "Havit.Web.Bootstrap.NuGetPackage", "Havit.Web.Bootstrap.NuGetPackage\Havit.Web.Bootstrap.NuGetPackage.csproj", "{C8155F7E-AC49-4CF6-A987-9A003B6F7825}"
EndProject
Project("{FAE04EC0-301F-11D3-BF4B-00C04F79EFBC}") = "Havit.Web.Bootstrap.Tutorial", "Havit.Web.Bootstrap.Tutorial\Havit.Web.Bootstrap.Tutorial.csproj", "{ABA477E6-DEF8-4215-B5DE-612B546AD1FB}"
EndProject
Project("{FAE04EC0-301F-11D3-BF4B-00C04F79EFBC}") = "Havit.Documentation.Homepage", "Havit.Documentation.Homepage\Havit.Documentation.Homepage.csproj", "{3BDA4E00-6F3D-4181-BA7A-3FDE62EB367F}"
EndProject
Project("{FAE04EC0-301F-11D3-BF4B-00C04F79EFBC}") = "Havit.ServicesTest", "Havit.ServicesTest\Havit.ServicesTest.csproj", "{FB68DA0B-02DA-4E05-84A7-0B6C26272EE6}"
EndProject
Project("{2150E333-8FDC-42A3-9474-1A3956D46DE8}") = ".nuget", ".nuget", "{BB7F4A09-695D-47EE-A13A-CE02979DC775}"
	ProjectSection(SolutionItems) = preProject
		.nuget\NuGet.Config = .nuget\NuGet.Config
		.nuget\NuGet.exe = .nuget\NuGet.exe
		.nuget\NuGet.targets = .nuget\NuGet.targets
	EndProjectSection
EndProject
Project("{FAE04EC0-301F-11D3-BF4B-00C04F79EFBC}") = "Havit.NuGetPackage", "Havit.NuGetPackage\Havit.NuGetPackage.csproj", "{D6EB844B-717C-482E-9C9F-45D57E8052AD}"
EndProject
Project("{FAE04EC0-301F-11D3-BF4B-00C04F79EFBC}") = "Havit.Data.NuGetPackage", "Havit.Data.NuGetPackage\Havit.Data.NuGetPackage.csproj", "{C9BC2BE9-3ACA-4047-B67D-69EA08924859}"
EndProject
Project("{FAE04EC0-301F-11D3-BF4B-00C04F79EFBC}") = "Havit.Business.NuGetPackage", "Havit.Business.NuGetPackage\Havit.Business.NuGetPackage.csproj", "{7740BF7F-3FC5-49FB-9008-294F93C23D9B}"
EndProject
Project("{FAE04EC0-301F-11D3-BF4B-00C04F79EFBC}") = "Havit.Drawing.NuGetPackage", "Havit.Drawing.NuGetPackage\Havit.Drawing.NuGetPackage.csproj", "{DCC97095-5C13-4785-9D62-877F211E2140}"
EndProject
Project("{FAE04EC0-301F-11D3-BF4B-00C04F79EFBC}") = "Havit.Services.NuGetPackage", "Havit.Services.NuGetPackage\Havit.Services.NuGetPackage.csproj", "{76729AA8-CB8D-442A-A059-4BC3C8D24AE7}"
EndProject
Project("{FAE04EC0-301F-11D3-BF4B-00C04F79EFBC}") = "Havit.PayMuzo.NuGetPackage", "Havit.PayMuzo.NuGetPackage\Havit.PayMuzo.NuGetPackage.csproj", "{29EE71AB-60EA-476A-8D67-02737E15EB3D}"
EndProject
Project("{FAE04EC0-301F-11D3-BF4B-00C04F79EFBC}") = "Havit.Web.NuGetPackage", "Havit.Web.NuGetPackage\Havit.Web.NuGetPackage.csproj", "{E726363F-E934-4B3E-AB8A-DF4BA8FEDFDC}"
EndProject
Project("{FAE04EC0-301F-11D3-BF4B-00C04F79EFBC}") = "Havit.Enterprise.Web.NuGetPackage", "Havit.Enterprise.Web.NuGetPackage\Havit.Enterprise.Web.NuGetPackage.csproj", "{752C64FC-0D72-4EA4-9192-9F9BA3F58CD8}"
EndProject
Global
	GlobalSection(TeamFoundationVersionControl) = preSolution
		SccNumberOfProjects = 32
		SccEnterpriseProvider = {4CA58AB2-18FA-4F8D-95D4-32DDF27D184C}
		SccTeamFoundationServer = http://tfs.havit.local:8080/tfs/defaultcollection
		SccLocalPath0 = .
		SccProjectUniqueName1 = Havit.Web\\Havit.Web.csproj
		SccProjectTopLevelParentUniqueName1 = Havit.sln
		SccProjectName1 = Havit.Web
		SccLocalPath1 = Havit.Web
		SccProjectUniqueName2 = Havit.Business\\Havit.Business.csproj
		SccProjectTopLevelParentUniqueName2 = Havit.sln
		SccProjectName2 = Havit.Business
		SccLocalPath2 = Havit.Business
		SccProjectUniqueName3 = Havit.Drawing\\Havit.Drawing.csproj
		SccProjectTopLevelParentUniqueName3 = Havit.sln
		SccProjectName3 = Havit.Drawing
		SccLocalPath3 = Havit.Drawing
		SccProjectUniqueName4 = Havit.Data\\Havit.Data.csproj
		SccProjectTopLevelParentUniqueName4 = Havit.sln
		SccProjectName4 = Havit.Data
		SccLocalPath4 = Havit.Data
		SccProjectUniqueName5 = Havit\\Havit.csproj
		SccProjectTopLevelParentUniqueName5 = Havit.sln
		SccProjectName5 = Havit
		SccLocalPath5 = Havit
		SccProjectUniqueName6 = HavitTest\\HavitTest.csproj
		SccProjectTopLevelParentUniqueName6 = Havit.sln
		SccProjectName6 = HavitTest
		SccLocalPath6 = HavitTest
		SccProjectUniqueName7 = Havit.DataTest\\Havit.DataTest.csproj
		SccProjectTopLevelParentUniqueName7 = Havit.sln
		SccProjectName7 = Havit.DataTest
		SccLocalPath7 = Havit.DataTest
		SccProjectUniqueName8 = Havit.Enterprise.Web\\Havit.Enterprise.Web.csproj
		SccProjectTopLevelParentUniqueName8 = Havit.sln
		SccProjectName8 = Havit.Enterprise.Web
		SccLocalPath8 = Havit.Enterprise.Web
		SccProjectUniqueName9 = BusinessLayerTest\\BusinessLayerTest.csproj
		SccProjectTopLevelParentUniqueName9 = Havit.sln
		SccProjectName9 = BusinessLayerTest
		SccLocalPath9 = BusinessLayerTest
		SccProjectUniqueName10 = WebApplicationTest\\WebApplicationTest.csproj
		SccProjectTopLevelParentUniqueName10 = Havit.sln
		SccProjectName10 = WebApplicationTest
		SccLocalPath10 = WebApplicationTest
		SccProjectUniqueName11 = Havit.WebTest\\Havit.WebTest.csproj
		SccProjectTopLevelParentUniqueName11 = Havit.sln
		SccProjectName11 = Havit.WebTest
		SccLocalPath11 = Havit.WebTest
		SccProjectUniqueName12 = Havit.PayMuzo\\Havit.PayMuzo.csproj
		SccProjectTopLevelParentUniqueName12 = Havit.sln
		SccProjectName12 = Havit.PayMuzo
		SccLocalPath12 = Havit.PayMuzo
		SccProjectUniqueName13 = HavitTestConsoleApplication\\HavitTestConsoleApplication.csproj
		SccProjectTopLevelParentUniqueName13 = Havit.sln
		SccProjectName13 = HavitTestConsoleApplication
		SccLocalPath13 = HavitTestConsoleApplication
		SccProjectUniqueName14 = TracingTest\\TracingTest.csproj
		SccProjectTopLevelParentUniqueName14 = Havit.sln
		SccProjectName14 = TracingTest
		SccLocalPath14 = TracingTest
		SccProjectUniqueName15 = Havit.Services\\Havit.Services.csproj
		SccProjectTopLevelParentUniqueName15 = Havit.sln
		SccProjectName15 = Havit.Services
		SccLocalPath15 = Havit.Services
		SccProjectUniqueName16 = Sandcastle\\Sandcastle.shfbproj
		SccProjectTopLevelParentUniqueName16 = Havit.sln
		SccProjectName16 = Sandcastle
		SccLocalPath16 = Sandcastle
		SccProjectUniqueName17 = Havit.Data.Glimpse\\Havit.Data.Glimpse.csproj
		SccProjectTopLevelParentUniqueName17 = Havit.sln
		SccProjectName17 = Havit.Data.Glimpse
		SccLocalPath17 = Havit.Data.Glimpse
		SccProjectUniqueName18 = Havit.Data.Glimpse.NuGetPackage\\Havit.Data.Glimpse.NuGetPackage.csproj
		SccProjectTopLevelParentUniqueName18 = Havit.sln
		SccProjectName18 = Havit.Data.Glimpse.NuGetPackage
		SccLocalPath18 = Havit.Data.Glimpse.NuGetPackage
		SccProjectUniqueName19 = Havit.BusinessTest\\Havit.BusinessTest.csproj
		SccProjectTopLevelParentUniqueName19 = Havit.sln
		SccProjectName19 = Havit.BusinessTest
		SccLocalPath19 = Havit.BusinessTest
		SccProjectUniqueName20 = Havit.Web.Bootstrap.NuGetPackage\\Havit.Web.Bootstrap.NuGetPackage.csproj
		SccProjectTopLevelParentUniqueName20 = Havit.sln
		SccProjectName20 = Havit.Web.Bootstrap.NuGetPackage
		SccLocalPath20 = Havit.Web.Bootstrap.NuGetPackage
		SccProjectUniqueName21 = Havit.Web.Bootstrap.Tutorial\\Havit.Web.Bootstrap.Tutorial.csproj
		SccProjectTopLevelParentUniqueName21 = Havit.sln
		SccProjectName21 = Havit.Web.Bootstrap.Tutorial
		SccLocalPath21 = Havit.Web.Bootstrap.Tutorial
		SccProjectUniqueName22 = Havit.Documentation.Homepage\\Havit.Documentation.Homepage.csproj
		SccProjectTopLevelParentUniqueName22 = Havit.sln
		SccProjectName22 = Havit.Documentation.Homepage
		SccLocalPath22 = Havit.Documentation.Homepage
		SccProjectUniqueName23 = Havit.ServicesTest\\Havit.ServicesTest.csproj
		SccProjectTopLevelParentUniqueName23 = Havit.sln
		SccProjectName23 = Havit.ServicesTest
		SccLocalPath23 = Havit.ServicesTest
		SccProjectUniqueName24 = Havit.NuGetPackage\\Havit.NuGetPackage.csproj
		SccProjectTopLevelParentUniqueName24 = Havit.sln
		SccProjectName24 = Havit.NuGetPackage
		SccLocalPath24 = Havit.NuGetPackage
		SccProjectUniqueName25 = Havit.Data.NuGetPackage\\Havit.Data.NuGetPackage.csproj
		SccProjectTopLevelParentUniqueName25 = Havit.sln
		SccProjectName25 = Havit.Data.NuGetPackage
		SccLocalPath25 = Havit.Data.NuGetPackage
		SccProjectUniqueName26 = Havit.Business.NuGetPackage\\Havit.Business.NuGetPackage.csproj
		SccProjectTopLevelParentUniqueName26 = Havit.sln
		SccProjectName26 = Havit.Business.NuGetPackage
		SccLocalPath26 = Havit.Business.NuGetPackage
		SccProjectUniqueName27 = Havit.Drawing.NuGetPackage\\Havit.Drawing.NuGetPackage.csproj
		SccProjectTopLevelParentUniqueName27 = Havit.sln
		SccProjectName27 = Havit.Drawing.NuGetPackage
		SccLocalPath27 = Havit.Drawing.NuGetPackage
		SccProjectUniqueName28 = Havit.Services.NuGetPackage\\Havit.Services.NuGetPackage.csproj
		SccProjectTopLevelParentUniqueName28 = Havit.sln
		SccProjectName28 = Havit.Services.NuGetPackage
		SccLocalPath28 = Havit.Services.NuGetPackage
		SccProjectUniqueName29 = Havit.PayMuzo.NuGetPackage\\Havit.PayMuzo.NuGetPackage.csproj
		SccProjectTopLevelParentUniqueName29 = Havit.sln
		SccProjectName29 = Havit.PayMuzo.NuGetPackage
		SccLocalPath29 = Havit.PayMuzo.NuGetPackage
		SccProjectUniqueName30 = Havit.Web.NuGetPackage\\Havit.Web.NuGetPackage.csproj
		SccProjectTopLevelParentUniqueName30 = Havit.sln
		SccProjectName30 = Havit.Web.NuGetPackage
		SccLocalPath30 = Havit.Web.NuGetPackage
		SccProjectUniqueName31 = Havit.Enterprise.Web.NuGetPackage\\Havit.Enterprise.Web.NuGetPackage.csproj
		SccProjectTopLevelParentUniqueName31 = Havit.sln
		SccProjectName31 = Havit.Enterprise.Web.NuGetPackage
		SccLocalPath31 = Havit.Enterprise.Web.NuGetPackage
	EndGlobalSection
	GlobalSection(SolutionConfigurationPlatforms) = preSolution
		Debug|Any CPU = Debug|Any CPU
		Release|Any CPU = Release|Any CPU
	EndGlobalSection
	GlobalSection(ProjectConfigurationPlatforms) = postSolution
		{52891FB3-CA20-403B-AC25-7D9CA5738B6B}.Debug|Any CPU.ActiveCfg = Debug|Any CPU
		{52891FB3-CA20-403B-AC25-7D9CA5738B6B}.Debug|Any CPU.Build.0 = Debug|Any CPU
		{52891FB3-CA20-403B-AC25-7D9CA5738B6B}.Release|Any CPU.ActiveCfg = Release|Any CPU
		{52891FB3-CA20-403B-AC25-7D9CA5738B6B}.Release|Any CPU.Build.0 = Release|Any CPU
		{81995BC1-9F25-4F46-8258-8ED1F965CABB}.Debug|Any CPU.ActiveCfg = Debug|Any CPU
		{81995BC1-9F25-4F46-8258-8ED1F965CABB}.Debug|Any CPU.Build.0 = Debug|Any CPU
		{81995BC1-9F25-4F46-8258-8ED1F965CABB}.Release|Any CPU.ActiveCfg = Release|Any CPU
		{81995BC1-9F25-4F46-8258-8ED1F965CABB}.Release|Any CPU.Build.0 = Release|Any CPU
		{0A4C075E-E474-4AD5-8377-5F7C7E3488D8}.Debug|Any CPU.ActiveCfg = Debug|Any CPU
		{0A4C075E-E474-4AD5-8377-5F7C7E3488D8}.Debug|Any CPU.Build.0 = Debug|Any CPU
		{0A4C075E-E474-4AD5-8377-5F7C7E3488D8}.Release|Any CPU.ActiveCfg = Release|Any CPU
		{0A4C075E-E474-4AD5-8377-5F7C7E3488D8}.Release|Any CPU.Build.0 = Release|Any CPU
		{703235E0-86C0-44F3-95BB-3D9F39886966}.Debug|Any CPU.ActiveCfg = Debug|Any CPU
		{703235E0-86C0-44F3-95BB-3D9F39886966}.Debug|Any CPU.Build.0 = Debug|Any CPU
		{703235E0-86C0-44F3-95BB-3D9F39886966}.Release|Any CPU.ActiveCfg = Release|Any CPU
		{703235E0-86C0-44F3-95BB-3D9F39886966}.Release|Any CPU.Build.0 = Release|Any CPU
		{9ACC94B9-B8FD-47C1-ABF8-0658C7673905}.Debug|Any CPU.ActiveCfg = Debug|Any CPU
		{9ACC94B9-B8FD-47C1-ABF8-0658C7673905}.Debug|Any CPU.Build.0 = Debug|Any CPU
		{9ACC94B9-B8FD-47C1-ABF8-0658C7673905}.Release|Any CPU.ActiveCfg = Release|Any CPU
		{9ACC94B9-B8FD-47C1-ABF8-0658C7673905}.Release|Any CPU.Build.0 = Release|Any CPU
		{9F79CB68-4B61-48E2-A9E5-B545A65BAC89}.Debug|Any CPU.ActiveCfg = Debug|Any CPU
		{9F79CB68-4B61-48E2-A9E5-B545A65BAC89}.Debug|Any CPU.Build.0 = Debug|Any CPU
		{9F79CB68-4B61-48E2-A9E5-B545A65BAC89}.Release|Any CPU.ActiveCfg = Release|Any CPU
		{9F79CB68-4B61-48E2-A9E5-B545A65BAC89}.Release|Any CPU.Build.0 = Release|Any CPU
		{51ED0131-D9F9-4AF4-A8E6-ADB52D43B360}.Debug|Any CPU.ActiveCfg = Debug|Any CPU
		{51ED0131-D9F9-4AF4-A8E6-ADB52D43B360}.Debug|Any CPU.Build.0 = Debug|Any CPU
		{51ED0131-D9F9-4AF4-A8E6-ADB52D43B360}.Release|Any CPU.ActiveCfg = Release|Any CPU
		{51ED0131-D9F9-4AF4-A8E6-ADB52D43B360}.Release|Any CPU.Build.0 = Release|Any CPU
		{7478BEA8-791F-47E9-ADD9-18F2D34619EA}.Debug|Any CPU.ActiveCfg = Debug|Any CPU
		{7478BEA8-791F-47E9-ADD9-18F2D34619EA}.Debug|Any CPU.Build.0 = Debug|Any CPU
		{7478BEA8-791F-47E9-ADD9-18F2D34619EA}.Release|Any CPU.ActiveCfg = Release|Any CPU
		{7478BEA8-791F-47E9-ADD9-18F2D34619EA}.Release|Any CPU.Build.0 = Release|Any CPU
		{F71BDA61-8039-4E17-B4B8-0B8B553B89DC}.Debug|Any CPU.ActiveCfg = Debug|Any CPU
		{F71BDA61-8039-4E17-B4B8-0B8B553B89DC}.Debug|Any CPU.Build.0 = Debug|Any CPU
		{F71BDA61-8039-4E17-B4B8-0B8B553B89DC}.Release|Any CPU.ActiveCfg = Release|Any CPU
		{F71BDA61-8039-4E17-B4B8-0B8B553B89DC}.Release|Any CPU.Build.0 = Release|Any CPU
		{5A35A57F-7D3D-4858-BC69-B91025CDE667}.Debug|Any CPU.ActiveCfg = Debug|Any CPU
		{5A35A57F-7D3D-4858-BC69-B91025CDE667}.Debug|Any CPU.Build.0 = Debug|Any CPU
		{5A35A57F-7D3D-4858-BC69-B91025CDE667}.Release|Any CPU.ActiveCfg = Release|Any CPU
		{5A35A57F-7D3D-4858-BC69-B91025CDE667}.Release|Any CPU.Build.0 = Release|Any CPU
		{28BB8E7F-089E-494E-9F11-6088C36DD4D0}.Debug|Any CPU.ActiveCfg = Debug|Any CPU
		{28BB8E7F-089E-494E-9F11-6088C36DD4D0}.Debug|Any CPU.Build.0 = Debug|Any CPU
		{28BB8E7F-089E-494E-9F11-6088C36DD4D0}.Release|Any CPU.ActiveCfg = Release|Any CPU
		{28BB8E7F-089E-494E-9F11-6088C36DD4D0}.Release|Any CPU.Build.0 = Release|Any CPU
		{B234340F-59D8-4BAC-9929-7BE7A7FA70C9}.Debug|Any CPU.ActiveCfg = Debug|Any CPU
		{B234340F-59D8-4BAC-9929-7BE7A7FA70C9}.Debug|Any CPU.Build.0 = Debug|Any CPU
		{B234340F-59D8-4BAC-9929-7BE7A7FA70C9}.Release|Any CPU.ActiveCfg = Release|Any CPU
		{B234340F-59D8-4BAC-9929-7BE7A7FA70C9}.Release|Any CPU.Build.0 = Release|Any CPU
		{23DD2985-0805-4A85-AE9F-DCF95416CF20}.Debug|Any CPU.ActiveCfg = Debug|Any CPU
		{23DD2985-0805-4A85-AE9F-DCF95416CF20}.Debug|Any CPU.Build.0 = Debug|Any CPU
		{23DD2985-0805-4A85-AE9F-DCF95416CF20}.Release|Any CPU.ActiveCfg = Release|Any CPU
		{23DD2985-0805-4A85-AE9F-DCF95416CF20}.Release|Any CPU.Build.0 = Release|Any CPU
		{9D368EE4-AE81-4B73-B617-DDA5A94410FF}.Debug|Any CPU.ActiveCfg = Debug|Any CPU
		{9D368EE4-AE81-4B73-B617-DDA5A94410FF}.Debug|Any CPU.Build.0 = Debug|Any CPU
		{9D368EE4-AE81-4B73-B617-DDA5A94410FF}.Release|Any CPU.ActiveCfg = Release|Any CPU
		{9D368EE4-AE81-4B73-B617-DDA5A94410FF}.Release|Any CPU.Build.0 = Release|Any CPU
		{8205CE30-EB5C-42FD-927D-723500F1028B}.Debug|Any CPU.ActiveCfg = Debug|Any CPU
		{8205CE30-EB5C-42FD-927D-723500F1028B}.Debug|Any CPU.Build.0 = Debug|Any CPU
		{8205CE30-EB5C-42FD-927D-723500F1028B}.Release|Any CPU.ActiveCfg = Release|Any CPU
		{8205CE30-EB5C-42FD-927D-723500F1028B}.Release|Any CPU.Build.0 = Release|Any CPU
		{2E4AE0CF-FA21-4FBC-9274-E56BC5D9494E}.Debug|Any CPU.ActiveCfg = Debug|Any CPU
		{2E4AE0CF-FA21-4FBC-9274-E56BC5D9494E}.Debug|Any CPU.Build.0 = Debug|Any CPU
		{2E4AE0CF-FA21-4FBC-9274-E56BC5D9494E}.Release|Any CPU.ActiveCfg = Release|Any CPU
		{2E4AE0CF-FA21-4FBC-9274-E56BC5D9494E}.Release|Any CPU.Build.0 = Release|Any CPU
		{C1BD4BBA-35DB-43B6-B4E9-072AFAC6EBD5}.Debug|Any CPU.ActiveCfg = Debug|Any CPU
		{C1BD4BBA-35DB-43B6-B4E9-072AFAC6EBD5}.Release|Any CPU.ActiveCfg = Release|Any CPU
		{C1BD4BBA-35DB-43B6-B4E9-072AFAC6EBD5}.Release|Any CPU.Build.0 = Release|Any CPU
		{C5C6607E-644A-468F-A6C2-CDCF8A1D23DC}.Debug|Any CPU.ActiveCfg = Debug|Any CPU
		{C5C6607E-644A-468F-A6C2-CDCF8A1D23DC}.Debug|Any CPU.Build.0 = Debug|Any CPU
		{C5C6607E-644A-468F-A6C2-CDCF8A1D23DC}.Release|Any CPU.ActiveCfg = Release|Any CPU
		{C5C6607E-644A-468F-A6C2-CDCF8A1D23DC}.Release|Any CPU.Build.0 = Release|Any CPU
		{DE55617C-C11E-4093-9F57-2AEF7F636EDB}.Debug|Any CPU.ActiveCfg = Debug|Any CPU
		{DE55617C-C11E-4093-9F57-2AEF7F636EDB}.Debug|Any CPU.Build.0 = Debug|Any CPU
		{DE55617C-C11E-4093-9F57-2AEF7F636EDB}.Release|Any CPU.ActiveCfg = Release|Any CPU
		{DE55617C-C11E-4093-9F57-2AEF7F636EDB}.Release|Any CPU.Build.0 = Release|Any CPU
		{C8155F7E-AC49-4CF6-A987-9A003B6F7825}.Debug|Any CPU.ActiveCfg = Debug|Any CPU
		{C8155F7E-AC49-4CF6-A987-9A003B6F7825}.Debug|Any CPU.Build.0 = Debug|Any CPU
		{C8155F7E-AC49-4CF6-A987-9A003B6F7825}.Release|Any CPU.ActiveCfg = Release|Any CPU
		{C8155F7E-AC49-4CF6-A987-9A003B6F7825}.Release|Any CPU.Build.0 = Release|Any CPU
		{ABA477E6-DEF8-4215-B5DE-612B546AD1FB}.Debug|Any CPU.ActiveCfg = Debug|Any CPU
		{ABA477E6-DEF8-4215-B5DE-612B546AD1FB}.Debug|Any CPU.Build.0 = Debug|Any CPU
		{ABA477E6-DEF8-4215-B5DE-612B546AD1FB}.Release|Any CPU.ActiveCfg = Release|Any CPU
		{ABA477E6-DEF8-4215-B5DE-612B546AD1FB}.Release|Any CPU.Build.0 = Release|Any CPU
		{3BDA4E00-6F3D-4181-BA7A-3FDE62EB367F}.Debug|Any CPU.ActiveCfg = Debug|Any CPU
		{3BDA4E00-6F3D-4181-BA7A-3FDE62EB367F}.Debug|Any CPU.Build.0 = Debug|Any CPU
		{3BDA4E00-6F3D-4181-BA7A-3FDE62EB367F}.Release|Any CPU.ActiveCfg = Release|Any CPU
		{3BDA4E00-6F3D-4181-BA7A-3FDE62EB367F}.Release|Any CPU.Build.0 = Release|Any CPU
		{FB68DA0B-02DA-4E05-84A7-0B6C26272EE6}.Debug|Any CPU.ActiveCfg = Debug|Any CPU
		{FB68DA0B-02DA-4E05-84A7-0B6C26272EE6}.Debug|Any CPU.Build.0 = Debug|Any CPU
		{FB68DA0B-02DA-4E05-84A7-0B6C26272EE6}.Release|Any CPU.ActiveCfg = Release|Any CPU
		{FB68DA0B-02DA-4E05-84A7-0B6C26272EE6}.Release|Any CPU.Build.0 = Release|Any CPU
		{D6EB844B-717C-482E-9C9F-45D57E8052AD}.Debug|Any CPU.ActiveCfg = Debug|Any CPU
		{D6EB844B-717C-482E-9C9F-45D57E8052AD}.Debug|Any CPU.Build.0 = Debug|Any CPU
		{D6EB844B-717C-482E-9C9F-45D57E8052AD}.Release|Any CPU.ActiveCfg = Release|Any CPU
		{D6EB844B-717C-482E-9C9F-45D57E8052AD}.Release|Any CPU.Build.0 = Release|Any CPU
		{C9BC2BE9-3ACA-4047-B67D-69EA08924859}.Debug|Any CPU.ActiveCfg = Debug|Any CPU
		{C9BC2BE9-3ACA-4047-B67D-69EA08924859}.Debug|Any CPU.Build.0 = Debug|Any CPU
		{C9BC2BE9-3ACA-4047-B67D-69EA08924859}.Release|Any CPU.ActiveCfg = Release|Any CPU
		{C9BC2BE9-3ACA-4047-B67D-69EA08924859}.Release|Any CPU.Build.0 = Release|Any CPU
		{7740BF7F-3FC5-49FB-9008-294F93C23D9B}.Debug|Any CPU.ActiveCfg = Debug|Any CPU
		{7740BF7F-3FC5-49FB-9008-294F93C23D9B}.Debug|Any CPU.Build.0 = Debug|Any CPU
		{7740BF7F-3FC5-49FB-9008-294F93C23D9B}.Release|Any CPU.ActiveCfg = Release|Any CPU
		{7740BF7F-3FC5-49FB-9008-294F93C23D9B}.Release|Any CPU.Build.0 = Release|Any CPU
		{DCC97095-5C13-4785-9D62-877F211E2140}.Debug|Any CPU.ActiveCfg = Debug|Any CPU
		{DCC97095-5C13-4785-9D62-877F211E2140}.Debug|Any CPU.Build.0 = Debug|Any CPU
		{DCC97095-5C13-4785-9D62-877F211E2140}.Release|Any CPU.ActiveCfg = Release|Any CPU
		{DCC97095-5C13-4785-9D62-877F211E2140}.Release|Any CPU.Build.0 = Release|Any CPU
		{76729AA8-CB8D-442A-A059-4BC3C8D24AE7}.Debug|Any CPU.ActiveCfg = Debug|Any CPU
		{76729AA8-CB8D-442A-A059-4BC3C8D24AE7}.Debug|Any CPU.Build.0 = Debug|Any CPU
		{76729AA8-CB8D-442A-A059-4BC3C8D24AE7}.Release|Any CPU.ActiveCfg = Release|Any CPU
		{76729AA8-CB8D-442A-A059-4BC3C8D24AE7}.Release|Any CPU.Build.0 = Release|Any CPU
		{29EE71AB-60EA-476A-8D67-02737E15EB3D}.Debug|Any CPU.ActiveCfg = Debug|Any CPU
		{29EE71AB-60EA-476A-8D67-02737E15EB3D}.Debug|Any CPU.Build.0 = Debug|Any CPU
		{29EE71AB-60EA-476A-8D67-02737E15EB3D}.Release|Any CPU.ActiveCfg = Release|Any CPU
		{29EE71AB-60EA-476A-8D67-02737E15EB3D}.Release|Any CPU.Build.0 = Release|Any CPU
		{E726363F-E934-4B3E-AB8A-DF4BA8FEDFDC}.Debug|Any CPU.ActiveCfg = Debug|Any CPU
		{E726363F-E934-4B3E-AB8A-DF4BA8FEDFDC}.Debug|Any CPU.Build.0 = Debug|Any CPU
		{E726363F-E934-4B3E-AB8A-DF4BA8FEDFDC}.Release|Any CPU.ActiveCfg = Release|Any CPU
		{E726363F-E934-4B3E-AB8A-DF4BA8FEDFDC}.Release|Any CPU.Build.0 = Release|Any CPU
		{752C64FC-0D72-4EA4-9192-9F9BA3F58CD8}.Debug|Any CPU.ActiveCfg = Debug|Any CPU
		{752C64FC-0D72-4EA4-9192-9F9BA3F58CD8}.Debug|Any CPU.Build.0 = Debug|Any CPU
		{752C64FC-0D72-4EA4-9192-9F9BA3F58CD8}.Release|Any CPU.ActiveCfg = Release|Any CPU
		{752C64FC-0D72-4EA4-9192-9F9BA3F58CD8}.Release|Any CPU.Build.0 = Release|Any CPU
	EndGlobalSection
	GlobalSection(SolutionProperties) = preSolution
		HideSolutionNode = FALSE
	EndGlobalSection
	GlobalSection(NestedProjects) = preSolution
		{52891FB3-CA20-403B-AC25-7D9CA5738B6B} = {CA5A28B1-E42B-43F3-89E0-E4972E4D67B7}
		{81995BC1-9F25-4F46-8258-8ED1F965CABB} = {CA5A28B1-E42B-43F3-89E0-E4972E4D67B7}
		{0A4C075E-E474-4AD5-8377-5F7C7E3488D8} = {CA5A28B1-E42B-43F3-89E0-E4972E4D67B7}
		{703235E0-86C0-44F3-95BB-3D9F39886966} = {CA5A28B1-E42B-43F3-89E0-E4972E4D67B7}
		{9ACC94B9-B8FD-47C1-ABF8-0658C7673905} = {CA5A28B1-E42B-43F3-89E0-E4972E4D67B7}
		{9F79CB68-4B61-48E2-A9E5-B545A65BAC89} = {6B3E283B-3E8A-4BEB-B318-49AD5265DA8F}
		{51ED0131-D9F9-4AF4-A8E6-ADB52D43B360} = {6B3E283B-3E8A-4BEB-B318-49AD5265DA8F}
		{7478BEA8-791F-47E9-ADD9-18F2D34619EA} = {CA5A28B1-E42B-43F3-89E0-E4972E4D67B7}
		{F71BDA61-8039-4E17-B4B8-0B8B553B89DC} = {6B3E283B-3E8A-4BEB-B318-49AD5265DA8F}
		{5A35A57F-7D3D-4858-BC69-B91025CDE667} = {6B3E283B-3E8A-4BEB-B318-49AD5265DA8F}
		{28BB8E7F-089E-494E-9F11-6088C36DD4D0} = {6B3E283B-3E8A-4BEB-B318-49AD5265DA8F}
		{B234340F-59D8-4BAC-9929-7BE7A7FA70C9} = {6B3E283B-3E8A-4BEB-B318-49AD5265DA8F}
		{23DD2985-0805-4A85-AE9F-DCF95416CF20} = {CA5A28B1-E42B-43F3-89E0-E4972E4D67B7}
		{9D368EE4-AE81-4B73-B617-DDA5A94410FF} = {6B3E283B-3E8A-4BEB-B318-49AD5265DA8F}
		{8205CE30-EB5C-42FD-927D-723500F1028B} = {6B3E283B-3E8A-4BEB-B318-49AD5265DA8F}
		{2E4AE0CF-FA21-4FBC-9274-E56BC5D9494E} = {CA5A28B1-E42B-43F3-89E0-E4972E4D67B7}
		{C1BD4BBA-35DB-43B6-B4E9-072AFAC6EBD5} = {E2563E89-6F01-452B-99C8-7931CBB16D4B}
		{C5C6607E-644A-468F-A6C2-CDCF8A1D23DC} = {10D8C31B-1810-4B8E-9B73-544ACA5CFC75}
		{DE55617C-C11E-4093-9F57-2AEF7F636EDB} = {360CC3C7-E4F9-4169-8D98-EA507CEB0A1E}
		{C8155F7E-AC49-4CF6-A987-9A003B6F7825} = {360CC3C7-E4F9-4169-8D98-EA507CEB0A1E}
		{ABA477E6-DEF8-4215-B5DE-612B546AD1FB} = {E2563E89-6F01-452B-99C8-7931CBB16D4B}
		{3BDA4E00-6F3D-4181-BA7A-3FDE62EB367F} = {E2563E89-6F01-452B-99C8-7931CBB16D4B}
		{FB68DA0B-02DA-4E05-84A7-0B6C26272EE6} = {6B3E283B-3E8A-4BEB-B318-49AD5265DA8F}
		{D6EB844B-717C-482E-9C9F-45D57E8052AD} = {360CC3C7-E4F9-4169-8D98-EA507CEB0A1E}
		{C9BC2BE9-3ACA-4047-B67D-69EA08924859} = {360CC3C7-E4F9-4169-8D98-EA507CEB0A1E}
		{7740BF7F-3FC5-49FB-9008-294F93C23D9B} = {360CC3C7-E4F9-4169-8D98-EA507CEB0A1E}
		{DCC97095-5C13-4785-9D62-877F211E2140} = {360CC3C7-E4F9-4169-8D98-EA507CEB0A1E}
		{76729AA8-CB8D-442A-A059-4BC3C8D24AE7} = {360CC3C7-E4F9-4169-8D98-EA507CEB0A1E}
		{29EE71AB-60EA-476A-8D67-02737E15EB3D} = {360CC3C7-E4F9-4169-8D98-EA507CEB0A1E}
		{E726363F-E934-4B3E-AB8A-DF4BA8FEDFDC} = {360CC3C7-E4F9-4169-8D98-EA507CEB0A1E}
		{752C64FC-0D72-4EA4-9192-9F9BA3F58CD8} = {360CC3C7-E4F9-4169-8D98-EA507CEB0A1E}
	EndGlobalSection
EndGlobal
