Microsoft Visual Studio Solution File, Format Version 11.00
# Visual Studio 2010
Project("{2150E333-8FDC-42A3-9474-1A3956D46DE8}") = "Solution Items", "Solution Items", "{1C9D6C81-DCFD-49C6-9BEE-0E52304CFE98}"
	ProjectSection(SolutionItems) = preProject
		Havit.vsmdi = Havit.vsmdi
		localtestrun.testrunconfig = localtestrun.testrunconfig
	EndProjectSection
EndProject
Project("{2150E333-8FDC-42A3-9474-1A3956D46DE8}") = "Styles", "Styles", "{FB153CBA-8206-4AF4-B6BF-4BD056B40187}"
	ProjectSection(SolutionItems) = preProject
		Styles\havit.css = Styles\havit.css
	EndProjectSection
EndProject
Project("{2150E333-8FDC-42A3-9474-1A3956D46DE8}") = "Scripts", "Scripts", "{2FA76C77-B8DE-4F51-9707-1C2FFD8EE13B}"
	ProjectSection(SolutionItems) = preProject
		Scripts\HavitScripts.js = Scripts\HavitScripts.js
	EndProjectSection
EndProject
Project("{FAE04EC0-301F-11D3-BF4B-00C04F79EFBC}") = "Havit.Xml", "Havit.Xml\Havit.Xml.csproj", "{38430A3A-3538-4051-BC07-B3A4D4743955}"
EndProject
Project("{FAE04EC0-301F-11D3-BF4B-00C04F79EFBC}") = "Havit.Web", "Havit.Web\Havit.Web.csproj", "{52891FB3-CA20-403B-AC25-7D9CA5738B6B}"
EndProject
Project("{FAE04EC0-301F-11D3-BF4B-00C04F79EFBC}") = "Havit.Business", "Havit.Business\Havit.Business.csproj", "{81995BC1-9F25-4F46-8258-8ED1F965CABB}"
EndProject
Project("{FAE04EC0-301F-11D3-BF4B-00C04F79EFBC}") = "Havit.Drawing", "Havit.Drawing\Havit.Drawing.csproj", "{0A4C075E-E474-4AD5-8377-5F7C7E3488D8}"
EndProject
Project("{FAE04EC0-301F-11D3-BF4B-00C04F79EFBC}") = "Havit.Data.SqlServer", "Havit.Data.SqlServer\Havit.Data.SqlServer.csproj", "{60804BE3-2622-481A-8784-3C173C080936}"
EndProject
Project("{FAE04EC0-301F-11D3-BF4B-00C04F79EFBC}") = "Havit.Data", "Havit.Data\Havit.Data.csproj", "{703235E0-86C0-44F3-95BB-3D9F39886966}"
EndProject
Project("{FAE04EC0-301F-11D3-BF4B-00C04F79EFBC}") = "Havit", "Havit\Havit.csproj", "{9ACC94B9-B8FD-47C1-ABF8-0658C7673905}"
EndProject
Project("{FAE04EC0-301F-11D3-BF4B-00C04F79EFBC}") = "HavitTest", "HavitTest\HavitTest.csproj", "{9F79CB68-4B61-48E2-A9E5-B545A65BAC89}"
EndProject
Project("{FAE04EC0-301F-11D3-BF4B-00C04F79EFBC}") = "Havit.DataTest", "Havit.DataTest\Havit.DataTest.csproj", "{51ED0131-D9F9-4AF4-A8E6-ADB52D43B360}"
EndProject
Project("{FAE04EC0-301F-11D3-BF4B-00C04F79EFBC}") = "Havit.Enterprise.Web", "Havit.Enterprise.Web\Havit.Enterprise.Web.csproj", "{7478BEA8-791F-47E9-ADD9-18F2D34619EA}"
EndProject
Project("{FAE04EC0-301F-11D3-BF4B-00C04F79EFBC}") = "Havit.BusinessTest", "Havit.BusinessTest\Havit.BusinessTest.csproj", "{F71BDA61-8039-4E17-B4B8-0B8B553B89DC}"
EndProject
Project("{FAE04EC0-301F-11D3-BF4B-00C04F79EFBC}") = "BusinessLayerTest", "BusinessLayerTest\BusinessLayerTest.csproj", "{5A35A57F-7D3D-4858-BC69-B91025CDE667}"
EndProject
Project("{FAE04EC0-301F-11D3-BF4B-00C04F79EFBC}") = "WebApplicationTest", "WebApplicationTest\WebApplicationTest.csproj", "{28BB8E7F-089E-494E-9F11-6088C36DD4D0}"
EndProject
Project("{FAE04EC0-301F-11D3-BF4B-00C04F79EFBC}") = "Havit.WebTest", "Havit.WebTest\Havit.WebTest.csproj", "{B234340F-59D8-4BAC-9929-7BE7A7FA70C9}"
EndProject
Project("{FAE04EC0-301F-11D3-BF4B-00C04F79EFBC}") = "Havit.PayMuzo", "Havit.PayMuzo\Havit.PayMuzo.csproj", "{23DD2985-0805-4A85-AE9F-DCF95416CF20}"
EndProject
Project("{FAE04EC0-301F-11D3-BF4B-00C04F79EFBC}") = "TracingTest", "TracingTest\TracingTest.csproj", "{8205CE30-EB5C-42FD-927D-723500F1028B}"
EndProject
Global
	GlobalSection(TestCaseManagementSettings) = postSolution
		CategoryFile = Havit.vsmdi
	EndGlobalSection
	GlobalSection(SolutionConfigurationPlatforms) = preSolution
		Debug|Any CPU = Debug|Any CPU
		Debug|Mixed Platforms = Debug|Mixed Platforms
		Debug|x86 = Debug|x86
		Release|Any CPU = Release|Any CPU
		Release|Mixed Platforms = Release|Mixed Platforms
		Release|x86 = Release|x86
	EndGlobalSection
	GlobalSection(ProjectConfigurationPlatforms) = postSolution
		{38430A3A-3538-4051-BC07-B3A4D4743955}.Debug|Any CPU.ActiveCfg = Debug|Any CPU
		{38430A3A-3538-4051-BC07-B3A4D4743955}.Debug|Any CPU.Build.0 = Debug|Any CPU
		{38430A3A-3538-4051-BC07-B3A4D4743955}.Debug|Mixed Platforms.ActiveCfg = Debug|Any CPU
		{38430A3A-3538-4051-BC07-B3A4D4743955}.Debug|Mixed Platforms.Build.0 = Debug|Any CPU
		{38430A3A-3538-4051-BC07-B3A4D4743955}.Debug|x86.ActiveCfg = Debug|Any CPU
		{38430A3A-3538-4051-BC07-B3A4D4743955}.Release|Any CPU.ActiveCfg = Release|Any CPU
		{38430A3A-3538-4051-BC07-B3A4D4743955}.Release|Any CPU.Build.0 = Release|Any CPU
		{38430A3A-3538-4051-BC07-B3A4D4743955}.Release|Mixed Platforms.ActiveCfg = Release|Any CPU
		{38430A3A-3538-4051-BC07-B3A4D4743955}.Release|Mixed Platforms.Build.0 = Release|Any CPU
		{38430A3A-3538-4051-BC07-B3A4D4743955}.Release|x86.ActiveCfg = Release|Any CPU
		{52891FB3-CA20-403B-AC25-7D9CA5738B6B}.Debug|Any CPU.ActiveCfg = Debug|Any CPU
		{52891FB3-CA20-403B-AC25-7D9CA5738B6B}.Debug|Any CPU.Build.0 = Debug|Any CPU
		{52891FB3-CA20-403B-AC25-7D9CA5738B6B}.Debug|Mixed Platforms.ActiveCfg = Debug|Any CPU
		{52891FB3-CA20-403B-AC25-7D9CA5738B6B}.Debug|Mixed Platforms.Build.0 = Debug|Any CPU
		{52891FB3-CA20-403B-AC25-7D9CA5738B6B}.Debug|x86.ActiveCfg = Debug|Any CPU
		{52891FB3-CA20-403B-AC25-7D9CA5738B6B}.Release|Any CPU.ActiveCfg = Release|Any CPU
		{52891FB3-CA20-403B-AC25-7D9CA5738B6B}.Release|Any CPU.Build.0 = Release|Any CPU
		{52891FB3-CA20-403B-AC25-7D9CA5738B6B}.Release|Mixed Platforms.ActiveCfg = Release|Any CPU
		{52891FB3-CA20-403B-AC25-7D9CA5738B6B}.Release|Mixed Platforms.Build.0 = Release|Any CPU
		{52891FB3-CA20-403B-AC25-7D9CA5738B6B}.Release|x86.ActiveCfg = Release|Any CPU
		{81995BC1-9F25-4F46-8258-8ED1F965CABB}.Debug|Any CPU.ActiveCfg = Debug|Any CPU
		{81995BC1-9F25-4F46-8258-8ED1F965CABB}.Debug|Any CPU.Build.0 = Debug|Any CPU
		{81995BC1-9F25-4F46-8258-8ED1F965CABB}.Debug|Mixed Platforms.ActiveCfg = Debug|Any CPU
		{81995BC1-9F25-4F46-8258-8ED1F965CABB}.Debug|Mixed Platforms.Build.0 = Debug|Any CPU
		{81995BC1-9F25-4F46-8258-8ED1F965CABB}.Debug|x86.ActiveCfg = Debug|Any CPU
		{81995BC1-9F25-4F46-8258-8ED1F965CABB}.Release|Any CPU.ActiveCfg = Release|Any CPU
		{81995BC1-9F25-4F46-8258-8ED1F965CABB}.Release|Any CPU.Build.0 = Release|Any CPU
		{81995BC1-9F25-4F46-8258-8ED1F965CABB}.Release|Mixed Platforms.ActiveCfg = Release|Any CPU
		{81995BC1-9F25-4F46-8258-8ED1F965CABB}.Release|Mixed Platforms.Build.0 = Release|Any CPU
		{81995BC1-9F25-4F46-8258-8ED1F965CABB}.Release|x86.ActiveCfg = Release|Any CPU
		{0A4C075E-E474-4AD5-8377-5F7C7E3488D8}.Debug|Any CPU.ActiveCfg = Debug|Any CPU
		{0A4C075E-E474-4AD5-8377-5F7C7E3488D8}.Debug|Any CPU.Build.0 = Debug|Any CPU
		{0A4C075E-E474-4AD5-8377-5F7C7E3488D8}.Debug|Mixed Platforms.ActiveCfg = Debug|Any CPU
		{0A4C075E-E474-4AD5-8377-5F7C7E3488D8}.Debug|Mixed Platforms.Build.0 = Debug|Any CPU
		{0A4C075E-E474-4AD5-8377-5F7C7E3488D8}.Debug|x86.ActiveCfg = Debug|Any CPU
		{0A4C075E-E474-4AD5-8377-5F7C7E3488D8}.Release|Any CPU.ActiveCfg = Release|Any CPU
		{0A4C075E-E474-4AD5-8377-5F7C7E3488D8}.Release|Any CPU.Build.0 = Release|Any CPU
		{0A4C075E-E474-4AD5-8377-5F7C7E3488D8}.Release|Mixed Platforms.ActiveCfg = Release|Any CPU
		{0A4C075E-E474-4AD5-8377-5F7C7E3488D8}.Release|Mixed Platforms.Build.0 = Release|Any CPU
		{0A4C075E-E474-4AD5-8377-5F7C7E3488D8}.Release|x86.ActiveCfg = Release|Any CPU
		{60804BE3-2622-481A-8784-3C173C080936}.Debug|Any CPU.ActiveCfg = Debug|Any CPU
		{60804BE3-2622-481A-8784-3C173C080936}.Debug|Any CPU.Build.0 = Debug|Any CPU
		{60804BE3-2622-481A-8784-3C173C080936}.Debug|Mixed Platforms.ActiveCfg = Debug|Any CPU
		{60804BE3-2622-481A-8784-3C173C080936}.Debug|Mixed Platforms.Build.0 = Debug|Any CPU
		{60804BE3-2622-481A-8784-3C173C080936}.Debug|Mixed Platforms.Deploy.0 = Debug|Any CPU
		{60804BE3-2622-481A-8784-3C173C080936}.Debug|x86.ActiveCfg = Debug|Any CPU
		{60804BE3-2622-481A-8784-3C173C080936}.Release|Any CPU.ActiveCfg = Release|Any CPU
		{60804BE3-2622-481A-8784-3C173C080936}.Release|Any CPU.Build.0 = Release|Any CPU
		{60804BE3-2622-481A-8784-3C173C080936}.Release|Mixed Platforms.ActiveCfg = Release|Any CPU
		{60804BE3-2622-481A-8784-3C173C080936}.Release|Mixed Platforms.Build.0 = Release|Any CPU
		{60804BE3-2622-481A-8784-3C173C080936}.Release|Mixed Platforms.Deploy.0 = Release|Any CPU
		{60804BE3-2622-481A-8784-3C173C080936}.Release|x86.ActiveCfg = Release|Any CPU
		{703235E0-86C0-44F3-95BB-3D9F39886966}.Debug|Any CPU.ActiveCfg = Debug|Any CPU
		{703235E0-86C0-44F3-95BB-3D9F39886966}.Debug|Any CPU.Build.0 = Debug|Any CPU
		{703235E0-86C0-44F3-95BB-3D9F39886966}.Debug|Mixed Platforms.ActiveCfg = Debug|Any CPU
		{703235E0-86C0-44F3-95BB-3D9F39886966}.Debug|Mixed Platforms.Build.0 = Debug|Any CPU
		{703235E0-86C0-44F3-95BB-3D9F39886966}.Debug|x86.ActiveCfg = Debug|Any CPU
		{703235E0-86C0-44F3-95BB-3D9F39886966}.Release|Any CPU.ActiveCfg = Release|Any CPU
		{703235E0-86C0-44F3-95BB-3D9F39886966}.Release|Any CPU.Build.0 = Release|Any CPU
		{703235E0-86C0-44F3-95BB-3D9F39886966}.Release|Mixed Platforms.ActiveCfg = Release|Any CPU
		{703235E0-86C0-44F3-95BB-3D9F39886966}.Release|Mixed Platforms.Build.0 = Release|Any CPU
		{703235E0-86C0-44F3-95BB-3D9F39886966}.Release|x86.ActiveCfg = Release|Any CPU
		{9ACC94B9-B8FD-47C1-ABF8-0658C7673905}.Debug|Any CPU.ActiveCfg = Debug|Any CPU
		{9ACC94B9-B8FD-47C1-ABF8-0658C7673905}.Debug|Any CPU.Build.0 = Debug|Any CPU
		{9ACC94B9-B8FD-47C1-ABF8-0658C7673905}.Debug|Mixed Platforms.ActiveCfg = Debug|Any CPU
		{9ACC94B9-B8FD-47C1-ABF8-0658C7673905}.Debug|Mixed Platforms.Build.0 = Debug|Any CPU
		{9ACC94B9-B8FD-47C1-ABF8-0658C7673905}.Debug|x86.ActiveCfg = Debug|Any CPU
		{9ACC94B9-B8FD-47C1-ABF8-0658C7673905}.Release|Any CPU.ActiveCfg = Release|Any CPU
		{9ACC94B9-B8FD-47C1-ABF8-0658C7673905}.Release|Any CPU.Build.0 = Release|Any CPU
		{9ACC94B9-B8FD-47C1-ABF8-0658C7673905}.Release|Mixed Platforms.ActiveCfg = Release|Any CPU
		{9ACC94B9-B8FD-47C1-ABF8-0658C7673905}.Release|Mixed Platforms.Build.0 = Release|Any CPU
		{9ACC94B9-B8FD-47C1-ABF8-0658C7673905}.Release|x86.ActiveCfg = Release|Any CPU
		{9F79CB68-4B61-48E2-A9E5-B545A65BAC89}.Debug|Any CPU.ActiveCfg = Debug|Any CPU
		{9F79CB68-4B61-48E2-A9E5-B545A65BAC89}.Debug|Any CPU.Build.0 = Debug|Any CPU
		{9F79CB68-4B61-48E2-A9E5-B545A65BAC89}.Debug|Mixed Platforms.ActiveCfg = Debug|Any CPU
		{9F79CB68-4B61-48E2-A9E5-B545A65BAC89}.Debug|Mixed Platforms.Build.0 = Debug|Any CPU
		{9F79CB68-4B61-48E2-A9E5-B545A65BAC89}.Debug|x86.ActiveCfg = Debug|Any CPU
		{9F79CB68-4B61-48E2-A9E5-B545A65BAC89}.Release|Any CPU.ActiveCfg = Release|Any CPU
		{9F79CB68-4B61-48E2-A9E5-B545A65BAC89}.Release|Mixed Platforms.ActiveCfg = Release|Any CPU
		{9F79CB68-4B61-48E2-A9E5-B545A65BAC89}.Release|Mixed Platforms.Build.0 = Release|Any CPU
		{9F79CB68-4B61-48E2-A9E5-B545A65BAC89}.Release|x86.ActiveCfg = Release|Any CPU
		{51ED0131-D9F9-4AF4-A8E6-ADB52D43B360}.Debug|Any CPU.ActiveCfg = Debug|Any CPU
		{51ED0131-D9F9-4AF4-A8E6-ADB52D43B360}.Debug|Any CPU.Build.0 = Debug|Any CPU
		{51ED0131-D9F9-4AF4-A8E6-ADB52D43B360}.Debug|Mixed Platforms.ActiveCfg = Debug|Any CPU
		{51ED0131-D9F9-4AF4-A8E6-ADB52D43B360}.Debug|Mixed Platforms.Build.0 = Debug|Any CPU
		{51ED0131-D9F9-4AF4-A8E6-ADB52D43B360}.Debug|x86.ActiveCfg = Debug|Any CPU
		{51ED0131-D9F9-4AF4-A8E6-ADB52D43B360}.Release|Any CPU.ActiveCfg = Release|Any CPU
		{51ED0131-D9F9-4AF4-A8E6-ADB52D43B360}.Release|Mixed Platforms.ActiveCfg = Release|Any CPU
		{51ED0131-D9F9-4AF4-A8E6-ADB52D43B360}.Release|Mixed Platforms.Build.0 = Release|Any CPU
		{51ED0131-D9F9-4AF4-A8E6-ADB52D43B360}.Release|x86.ActiveCfg = Release|Any CPU
		{7478BEA8-791F-47E9-ADD9-18F2D34619EA}.Debug|Any CPU.ActiveCfg = Debug|Any CPU
		{7478BEA8-791F-47E9-ADD9-18F2D34619EA}.Debug|Any CPU.Build.0 = Debug|Any CPU
		{7478BEA8-791F-47E9-ADD9-18F2D34619EA}.Debug|Mixed Platforms.ActiveCfg = Debug|Any CPU
		{7478BEA8-791F-47E9-ADD9-18F2D34619EA}.Debug|Mixed Platforms.Build.0 = Debug|Any CPU
		{7478BEA8-791F-47E9-ADD9-18F2D34619EA}.Debug|x86.ActiveCfg = Debug|Any CPU
		{7478BEA8-791F-47E9-ADD9-18F2D34619EA}.Release|Any CPU.ActiveCfg = Release|Any CPU
		{7478BEA8-791F-47E9-ADD9-18F2D34619EA}.Release|Any CPU.Build.0 = Release|Any CPU
		{7478BEA8-791F-47E9-ADD9-18F2D34619EA}.Release|Mixed Platforms.ActiveCfg = Release|Any CPU
		{7478BEA8-791F-47E9-ADD9-18F2D34619EA}.Release|Mixed Platforms.Build.0 = Release|Any CPU
		{7478BEA8-791F-47E9-ADD9-18F2D34619EA}.Release|x86.ActiveCfg = Release|Any CPU
		{F71BDA61-8039-4E17-B4B8-0B8B553B89DC}.Debug|Any CPU.ActiveCfg = Debug|Any CPU
		{F71BDA61-8039-4E17-B4B8-0B8B553B89DC}.Debug|Any CPU.Build.0 = Debug|Any CPU
		{F71BDA61-8039-4E17-B4B8-0B8B553B89DC}.Debug|Mixed Platforms.ActiveCfg = Debug|Any CPU
		{F71BDA61-8039-4E17-B4B8-0B8B553B89DC}.Debug|Mixed Platforms.Build.0 = Debug|Any CPU
		{F71BDA61-8039-4E17-B4B8-0B8B553B89DC}.Debug|x86.ActiveCfg = Debug|Any CPU
		{F71BDA61-8039-4E17-B4B8-0B8B553B89DC}.Release|Any CPU.ActiveCfg = Release|Any CPU
		{F71BDA61-8039-4E17-B4B8-0B8B553B89DC}.Release|Mixed Platforms.ActiveCfg = Release|Any CPU
		{F71BDA61-8039-4E17-B4B8-0B8B553B89DC}.Release|Mixed Platforms.Build.0 = Release|Any CPU
		{F71BDA61-8039-4E17-B4B8-0B8B553B89DC}.Release|x86.ActiveCfg = Release|Any CPU
		{5A35A57F-7D3D-4858-BC69-B91025CDE667}.Debug|Any CPU.ActiveCfg = Debug|Any CPU
		{5A35A57F-7D3D-4858-BC69-B91025CDE667}.Debug|Any CPU.Build.0 = Debug|Any CPU
		{5A35A57F-7D3D-4858-BC69-B91025CDE667}.Debug|Mixed Platforms.ActiveCfg = Debug|Any CPU
		{5A35A57F-7D3D-4858-BC69-B91025CDE667}.Debug|Mixed Platforms.Build.0 = Debug|Any CPU
		{5A35A57F-7D3D-4858-BC69-B91025CDE667}.Debug|x86.ActiveCfg = Debug|Any CPU
		{5A35A57F-7D3D-4858-BC69-B91025CDE667}.Release|Any CPU.ActiveCfg = Release|Any CPU
		{5A35A57F-7D3D-4858-BC69-B91025CDE667}.Release|Mixed Platforms.ActiveCfg = Release|Any CPU
		{5A35A57F-7D3D-4858-BC69-B91025CDE667}.Release|Mixed Platforms.Build.0 = Release|Any CPU
		{5A35A57F-7D3D-4858-BC69-B91025CDE667}.Release|x86.ActiveCfg = Release|Any CPU
		{28BB8E7F-089E-494E-9F11-6088C36DD4D0}.Debug|Any CPU.ActiveCfg = Debug|Any CPU
		{28BB8E7F-089E-494E-9F11-6088C36DD4D0}.Debug|Any CPU.Build.0 = Debug|Any CPU
		{28BB8E7F-089E-494E-9F11-6088C36DD4D0}.Debug|Mixed Platforms.ActiveCfg = Debug|Any CPU
		{28BB8E7F-089E-494E-9F11-6088C36DD4D0}.Debug|Mixed Platforms.Build.0 = Debug|Any CPU
		{28BB8E7F-089E-494E-9F11-6088C36DD4D0}.Debug|x86.ActiveCfg = Debug|Any CPU
		{28BB8E7F-089E-494E-9F11-6088C36DD4D0}.Release|Any CPU.ActiveCfg = Release|Any CPU
		{28BB8E7F-089E-494E-9F11-6088C36DD4D0}.Release|Mixed Platforms.ActiveCfg = Release|Any CPU
		{28BB8E7F-089E-494E-9F11-6088C36DD4D0}.Release|Mixed Platforms.Build.0 = Release|Any CPU
		{28BB8E7F-089E-494E-9F11-6088C36DD4D0}.Release|x86.ActiveCfg = Release|Any CPU
		{B234340F-59D8-4BAC-9929-7BE7A7FA70C9}.Debug|Any CPU.ActiveCfg = Debug|Any CPU
		{B234340F-59D8-4BAC-9929-7BE7A7FA70C9}.Debug|Any CPU.Build.0 = Debug|Any CPU
		{B234340F-59D8-4BAC-9929-7BE7A7FA70C9}.Debug|Mixed Platforms.ActiveCfg = Debug|Any CPU
		{B234340F-59D8-4BAC-9929-7BE7A7FA70C9}.Debug|Mixed Platforms.Build.0 = Debug|Any CPU
		{B234340F-59D8-4BAC-9929-7BE7A7FA70C9}.Debug|x86.ActiveCfg = Debug|Any CPU
		{B234340F-59D8-4BAC-9929-7BE7A7FA70C9}.Release|Any CPU.ActiveCfg = Release|Any CPU
		{B234340F-59D8-4BAC-9929-7BE7A7FA70C9}.Release|Mixed Platforms.ActiveCfg = Release|Any CPU
		{B234340F-59D8-4BAC-9929-7BE7A7FA70C9}.Release|Mixed Platforms.Build.0 = Release|Any CPU
		{B234340F-59D8-4BAC-9929-7BE7A7FA70C9}.Release|x86.ActiveCfg = Release|Any CPU
		{23DD2985-0805-4A85-AE9F-DCF95416CF20}.Debug|Any CPU.ActiveCfg = Debug|Any CPU
		{23DD2985-0805-4A85-AE9F-DCF95416CF20}.Debug|Any CPU.Build.0 = Debug|Any CPU
		{23DD2985-0805-4A85-AE9F-DCF95416CF20}.Debug|Mixed Platforms.ActiveCfg = Debug|Any CPU
		{23DD2985-0805-4A85-AE9F-DCF95416CF20}.Debug|Mixed Platforms.Build.0 = Debug|Any CPU
		{23DD2985-0805-4A85-AE9F-DCF95416CF20}.Debug|x86.ActiveCfg = Debug|Any CPU
		{23DD2985-0805-4A85-AE9F-DCF95416CF20}.Release|Any CPU.ActiveCfg = Release|Any CPU
		{23DD2985-0805-4A85-AE9F-DCF95416CF20}.Release|Any CPU.Build.0 = Release|Any CPU
		{23DD2985-0805-4A85-AE9F-DCF95416CF20}.Release|Mixed Platforms.ActiveCfg = Release|Any CPU
		{23DD2985-0805-4A85-AE9F-DCF95416CF20}.Release|Mixed Platforms.Build.0 = Release|Any CPU
		{23DD2985-0805-4A85-AE9F-DCF95416CF20}.Release|x86.ActiveCfg = Release|Any CPU
		{8205CE30-EB5C-42FD-927D-723500F1028B}.Debug|Any CPU.ActiveCfg = Debug|Any CPU
		{8205CE30-EB5C-42FD-927D-723500F1028B}.Debug|Any CPU.Build.0 = Debug|Any CPU
		{8205CE30-EB5C-42FD-927D-723500F1028B}.Debug|Mixed Platforms.ActiveCfg = Debug|Any CPU
		{8205CE30-EB5C-42FD-927D-723500F1028B}.Debug|Mixed Platforms.Build.0 = Debug|Any CPU
		{8205CE30-EB5C-42FD-927D-723500F1028B}.Debug|x86.ActiveCfg = Debug|Any CPU
		{8205CE30-EB5C-42FD-927D-723500F1028B}.Release|Any CPU.ActiveCfg = Release|Any CPU
		{8205CE30-EB5C-42FD-927D-723500F1028B}.Release|Mixed Platforms.ActiveCfg = Release|Any CPU
		{8205CE30-EB5C-42FD-927D-723500F1028B}.Release|Mixed Platforms.Build.0 = Release|Any CPU
		{8205CE30-EB5C-42FD-927D-723500F1028B}.Release|x86.ActiveCfg = Release|Any CPU
	EndGlobalSection
	GlobalSection(SolutionProperties) = preSolution
		HideSolutionNode = FALSE
	EndGlobalSection
EndGlobal
